// !$*UTF8*$!
{
	archiveVersion = 1;
	classes = {
	};
	objectVersion = 46;
	objects = {

/* Begin PBXBuildFile section */
		AED4801A1E258CE0004CC28C /* AppDelegate.swift in Sources */ = {isa = PBXBuildFile; fileRef = AED480191E258CE0004CC28C /* AppDelegate.swift */; };
		AED4801C1E258CE0004CC28C /* ViewController.swift in Sources */ = {isa = PBXBuildFile; fileRef = AED4801B1E258CE0004CC28C /* ViewController.swift */; };
		AED4801F1E258CE0004CC28C /* Main.storyboard in Resources */ = {isa = PBXBuildFile; fileRef = AED4801D1E258CE0004CC28C /* Main.storyboard */; };
		AED480211E258CE0004CC28C /* Assets.xcassets in Resources */ = {isa = PBXBuildFile; fileRef = AED480201E258CE0004CC28C /* Assets.xcassets */; };
		AED480241E258CE0004CC28C /* LaunchScreen.storyboard in Resources */ = {isa = PBXBuildFile; fileRef = AED480221E258CE0004CC28C /* LaunchScreen.storyboard */; };
		AED4802F1E258CE0004CC28C /* stackstada_stackTests.swift in Sources */ = {isa = PBXBuildFile; fileRef = AED4802E1E258CE0004CC28C /* stackstada_stackTests.swift */; };
		AED4803A1E258CE0004CC28C /* stackstada_stackUITests.swift in Sources */ = {isa = PBXBuildFile; fileRef = AED480391E258CE0004CC28C /* stackstada_stackUITests.swift */; };
/* End PBXBuildFile section */

/* Begin PBXContainerItemProxy section */
		AED4802B1E258CE0004CC28C /* PBXContainerItemProxy */ = {
			isa = PBXContainerItemProxy;
			containerPortal = AED4800E1E258CE0004CC28C /* Project object */;
			proxyType = 1;
			remoteGlobalIDString = AED480151E258CE0004CC28C;
			remoteInfo = "stackstada-stack";
		};
		AED480361E258CE0004CC28C /* PBXContainerItemProxy */ = {
			isa = PBXContainerItemProxy;
			containerPortal = AED4800E1E258CE0004CC28C /* Project object */;
			proxyType = 1;
			remoteGlobalIDString = AED480151E258CE0004CC28C;
			remoteInfo = "stackstada-stack";
		};
/* End PBXContainerItemProxy section */

/* Begin PBXFileReference section */
		AED480161E258CE0004CC28C /* stackstada-stack.app */ = {isa = PBXFileReference; explicitFileType = wrapper.application; includeInIndex = 0; path = "stackstada-stack.app"; sourceTree = BUILT_PRODUCTS_DIR; };
		AED480191E258CE0004CC28C /* AppDelegate.swift */ = {isa = PBXFileReference; lastKnownFileType = sourcecode.swift; path = AppDelegate.swift; sourceTree = "<group>"; };
		AED4801B1E258CE0004CC28C /* ViewController.swift */ = {isa = PBXFileReference; lastKnownFileType = sourcecode.swift; path = ViewController.swift; sourceTree = "<group>"; };
		AED4801E1E258CE0004CC28C /* Base */ = {isa = PBXFileReference; lastKnownFileType = file.storyboard; name = Base; path = Base.lproj/Main.storyboard; sourceTree = "<group>"; };
		AED480201E258CE0004CC28C /* Assets.xcassets */ = {isa = PBXFileReference; lastKnownFileType = folder.assetcatalog; path = Assets.xcassets; sourceTree = "<group>"; };
		AED480231E258CE0004CC28C /* Base */ = {isa = PBXFileReference; lastKnownFileType = file.storyboard; name = Base; path = Base.lproj/LaunchScreen.storyboard; sourceTree = "<group>"; };
		AED480251E258CE0004CC28C /* Info.plist */ = {isa = PBXFileReference; lastKnownFileType = text.plist.xml; path = Info.plist; sourceTree = "<group>"; };
		AED4802A1E258CE0004CC28C /* stackstada-stackTests.xctest */ = {isa = PBXFileReference; explicitFileType = wrapper.cfbundle; includeInIndex = 0; path = "stackstada-stackTests.xctest"; sourceTree = BUILT_PRODUCTS_DIR; };
		AED4802E1E258CE0004CC28C /* stackstada_stackTests.swift */ = {isa = PBXFileReference; lastKnownFileType = sourcecode.swift; path = stackstada_stackTests.swift; sourceTree = "<group>"; };
		AED480301E258CE0004CC28C /* Info.plist */ = {isa = PBXFileReference; lastKnownFileType = text.plist.xml; path = Info.plist; sourceTree = "<group>"; };
		AED480351E258CE0004CC28C /* stackstada-stackUITests.xctest */ = {isa = PBXFileReference; explicitFileType = wrapper.cfbundle; includeInIndex = 0; path = "stackstada-stackUITests.xctest"; sourceTree = BUILT_PRODUCTS_DIR; };
		AED480391E258CE0004CC28C /* stackstada_stackUITests.swift */ = {isa = PBXFileReference; lastKnownFileType = sourcecode.swift; path = stackstada_stackUITests.swift; sourceTree = "<group>"; };
		AED4803B1E258CE0004CC28C /* Info.plist */ = {isa = PBXFileReference; lastKnownFileType = text.plist.xml; path = Info.plist; sourceTree = "<group>"; };
/* End PBXFileReference section */

/* Begin PBXFrameworksBuildPhase section */
		AED480131E258CE0004CC28C /* Frameworks */ = {
			isa = PBXFrameworksBuildPhase;
			buildActionMask = 2147483647;
			files = (
			);
			runOnlyForDeploymentPostprocessing = 0;
		};
		AED480271E258CE0004CC28C /* Frameworks */ = {
			isa = PBXFrameworksBuildPhase;
			buildActionMask = 2147483647;
			files = (
			);
			runOnlyForDeploymentPostprocessing = 0;
		};
		AED480321E258CE0004CC28C /* Frameworks */ = {
			isa = PBXFrameworksBuildPhase;
			buildActionMask = 2147483647;
			files = (
			);
			runOnlyForDeploymentPostprocessing = 0;
		};
/* End PBXFrameworksBuildPhase section */

/* Begin PBXGroup section */
		AED4800D1E258CE0004CC28C = {
			isa = PBXGroup;
			children = (
				AED480181E258CE0004CC28C /* stackstada-stack */,
				AED4802D1E258CE0004CC28C /* stackstada-stackTests */,
				AED480381E258CE0004CC28C /* stackstada-stackUITests */,
				AED480171E258CE0004CC28C /* Products */,
			);
			sourceTree = "<group>";
		};
		AED480171E258CE0004CC28C /* Products */ = {
			isa = PBXGroup;
			children = (
				AED480161E258CE0004CC28C /* stackstada-stack.app */,
				AED4802A1E258CE0004CC28C /* stackstada-stackTests.xctest */,
				AED480351E258CE0004CC28C /* stackstada-stackUITests.xctest */,
			);
			name = Products;
			sourceTree = "<group>";
		};
		AED480181E258CE0004CC28C /* stackstada-stack */ = {
			isa = PBXGroup;
			children = (
				AED480191E258CE0004CC28C /* AppDelegate.swift */,
				AED4801B1E258CE0004CC28C /* ViewController.swift */,
				AED4801D1E258CE0004CC28C /* Main.storyboard */,
				AED480201E258CE0004CC28C /* Assets.xcassets */,
				AED480221E258CE0004CC28C /* LaunchScreen.storyboard */,
				AED480251E258CE0004CC28C /* Info.plist */,
			);
			path = "stackstada-stack";
			sourceTree = "<group>";
		};
		AED4802D1E258CE0004CC28C /* stackstada-stackTests */ = {
			isa = PBXGroup;
			children = (
				AED4802E1E258CE0004CC28C /* stackstada_stackTests.swift */,
				AED480301E258CE0004CC28C /* Info.plist */,
			);
			path = "stackstada-stackTests";
			sourceTree = "<group>";
		};
		AED480381E258CE0004CC28C /* stackstada-stackUITests */ = {
			isa = PBXGroup;
			children = (
				AED480391E258CE0004CC28C /* stackstada_stackUITests.swift */,
				AED4803B1E258CE0004CC28C /* Info.plist */,
			);
			path = "stackstada-stackUITests";
			sourceTree = "<group>";
		};
/* End PBXGroup section */

/* Begin PBXNativeTarget section */
		AED480151E258CE0004CC28C /* stackstada-stack */ = {
			isa = PBXNativeTarget;
			buildConfigurationList = AED4803E1E258CE0004CC28C /* Build configuration list for PBXNativeTarget "stackstada-stack" */;
			buildPhases = (
				AED480121E258CE0004CC28C /* Sources */,
				AED480131E258CE0004CC28C /* Frameworks */,
				AED480141E258CE0004CC28C /* Resources */,
			);
			buildRules = (
			);
			dependencies = (
			);
			name = "stackstada-stack";
			productName = "stackstada-stack";
			productReference = AED480161E258CE0004CC28C /* stackstada-stack.app */;
			productType = "com.apple.product-type.application";
		};
		AED480291E258CE0004CC28C /* stackstada-stackTests */ = {
			isa = PBXNativeTarget;
			buildConfigurationList = AED480411E258CE0004CC28C /* Build configuration list for PBXNativeTarget "stackstada-stackTests" */;
			buildPhases = (
				AED480261E258CE0004CC28C /* Sources */,
				AED480271E258CE0004CC28C /* Frameworks */,
				AED480281E258CE0004CC28C /* Resources */,
			);
			buildRules = (
			);
			dependencies = (
				AED4802C1E258CE0004CC28C /* PBXTargetDependency */,
			);
			name = "stackstada-stackTests";
			productName = "stackstada-stackTests";
			productReference = AED4802A1E258CE0004CC28C /* stackstada-stackTests.xctest */;
			productType = "com.apple.product-type.bundle.unit-test";
		};
		AED480341E258CE0004CC28C /* stackstada-stackUITests */ = {
			isa = PBXNativeTarget;
			buildConfigurationList = AED480441E258CE0004CC28C /* Build configuration list for PBXNativeTarget "stackstada-stackUITests" */;
			buildPhases = (
				AED480311E258CE0004CC28C /* Sources */,
				AED480321E258CE0004CC28C /* Frameworks */,
				AED480331E258CE0004CC28C /* Resources */,
			);
			buildRules = (
			);
			dependencies = (
				AED480371E258CE0004CC28C /* PBXTargetDependency */,
			);
			name = "stackstada-stackUITests";
			productName = "stackstada-stackUITests";
			productReference = AED480351E258CE0004CC28C /* stackstada-stackUITests.xctest */;
			productType = "com.apple.product-type.bundle.ui-testing";
		};
/* End PBXNativeTarget section */

/* Begin PBXProject section */
		AED4800E1E258CE0004CC28C /* Project object */ = {
			isa = PBXProject;
			attributes = {
				LastSwiftUpdateCheck = 0820;
				LastUpgradeCheck = 0820;
				ORGANIZATIONNAME = "Jacob Landman";
				TargetAttributes = {
					AED480151E258CE0004CC28C = {
						CreatedOnToolsVersion = 8.2.1;
						DevelopmentTeam = MBLBPAM74V;
						ProvisioningStyle = Automatic;
					};
					AED480291E258CE0004CC28C = {
						CreatedOnToolsVersion = 8.2.1;
						DevelopmentTeam = MBLBPAM74V;
						ProvisioningStyle = Automatic;
						TestTargetID = AED480151E258CE0004CC28C;
					};
					AED480341E258CE0004CC28C = {
						CreatedOnToolsVersion = 8.2.1;
						DevelopmentTeam = MBLBPAM74V;
						ProvisioningStyle = Automatic;
						TestTargetID = AED480151E258CE0004CC28C;
					};
				};
			};
			buildConfigurationList = AED480111E258CE0004CC28C /* Build configuration list for PBXProject "stackstada-stack" */;
			compatibilityVersion = "Xcode 3.2";
			developmentRegion = English;
			hasScannedForEncodings = 0;
			knownRegions = (
				en,
				Base,
			);
			mainGroup = AED4800D1E258CE0004CC28C;
			productRefGroup = AED480171E258CE0004CC28C /* Products */;
			projectDirPath = "";
			projectRoot = "";
			targets = (
				AED480151E258CE0004CC28C /* stackstada-stack */,
				AED480291E258CE0004CC28C /* stackstada-stackTests */,
				AED480341E258CE0004CC28C /* stackstada-stackUITests */,
			);
		};
/* End PBXProject section */

/* Begin PBXResourcesBuildPhase section */
		AED480141E258CE0004CC28C /* Resources */ = {
			isa = PBXResourcesBuildPhase;
			buildActionMask = 2147483647;
			files = (
				AED480241E258CE0004CC28C /* LaunchScreen.storyboard in Resources */,
				AED480211E258CE0004CC28C /* Assets.xcassets in Resources */,
				AED4801F1E258CE0004CC28C /* Main.storyboard in Resources */,
			);
			runOnlyForDeploymentPostprocessing = 0;
		};
		AED480281E258CE0004CC28C /* Resources */ = {
			isa = PBXResourcesBuildPhase;
			buildActionMask = 2147483647;
			files = (
			);
			runOnlyForDeploymentPostprocessing = 0;
		};
		AED480331E258CE0004CC28C /* Resources */ = {
			isa = PBXResourcesBuildPhase;
			buildActionMask = 2147483647;
			files = (
			);
			runOnlyForDeploymentPostprocessing = 0;
		};
/* End PBXResourcesBuildPhase section */

/* Begin PBXSourcesBuildPhase section */
		AED480121E258CE0004CC28C /* Sources */ = {
			isa = PBXSourcesBuildPhase;
			buildActionMask = 2147483647;
			files = (
				AED4801C1E258CE0004CC28C /* ViewController.swift in Sources */,
				AED4801A1E258CE0004CC28C /* AppDelegate.swift in Sources */,
			);
			runOnlyForDeploymentPostprocessing = 0;
		};
		AED480261E258CE0004CC28C /* Sources */ = {
			isa = PBXSourcesBuildPhase;
			buildActionMask = 2147483647;
			files = (
				AED4802F1E258CE0004CC28C /* stackstada_stackTests.swift in Sources */,
			);
			runOnlyForDeploymentPostprocessing = 0;
		};
		AED480311E258CE0004CC28C /* Sources */ = {
			isa = PBXSourcesBuildPhase;
			buildActionMask = 2147483647;
			files = (
				AED4803A1E258CE0004CC28C /* stackstada_stackUITests.swift in Sources */,
			);
			runOnlyForDeploymentPostprocessing = 0;
		};
/* End PBXSourcesBuildPhase section */

/* Begin PBXTargetDependency section */
		AED4802C1E258CE0004CC28C /* PBXTargetDependency */ = {
			isa = PBXTargetDependency;
			target = AED480151E258CE0004CC28C /* stackstada-stack */;
			targetProxy = AED4802B1E258CE0004CC28C /* PBXContainerItemProxy */;
		};
		AED480371E258CE0004CC28C /* PBXTargetDependency */ = {
			isa = PBXTargetDependency;
			target = AED480151E258CE0004CC28C /* stackstada-stack */;
			targetProxy = AED480361E258CE0004CC28C /* PBXContainerItemProxy */;
		};
/* End PBXTargetDependency section */

/* Begin PBXVariantGroup section */
		AED4801D1E258CE0004CC28C /* Main.storyboard */ = {
			isa = PBXVariantGroup;
			children = (
				AED4801E1E258CE0004CC28C /* Base */,
			);
			name = Main.storyboard;
			sourceTree = "<group>";
		};
		AED480221E258CE0004CC28C /* LaunchScreen.storyboard */ = {
			isa = PBXVariantGroup;
			children = (
				AED480231E258CE0004CC28C /* Base */,
			);
			name = LaunchScreen.storyboard;
			sourceTree = "<group>";
		};
/* End PBXVariantGroup section */

/* Begin XCBuildConfiguration section */
		AED4803C1E258CE0004CC28C /* Debug */ = {
			isa = XCBuildConfiguration;
			buildSettings = {
				ALWAYS_SEARCH_USER_PATHS = NO;
				CLANG_ANALYZER_NONNULL = YES;
				CLANG_CXX_LANGUAGE_STANDARD = "gnu++0x";
				CLANG_CXX_LIBRARY = "libc++";
				CLANG_ENABLE_MODULES = YES;
				CLANG_ENABLE_OBJC_ARC = YES;
				CLANG_WARN_BOOL_CONVERSION = YES;
				CLANG_WARN_CONSTANT_CONVERSION = YES;
				CLANG_WARN_DIRECT_OBJC_ISA_USAGE = YES_ERROR;
				CLANG_WARN_DOCUMENTATION_COMMENTS = YES;
				CLANG_WARN_EMPTY_BODY = YES;
				CLANG_WARN_ENUM_CONVERSION = YES;
				CLANG_WARN_INFINITE_RECURSION = YES;
				CLANG_WARN_INT_CONVERSION = YES;
				CLANG_WARN_OBJC_ROOT_CLASS = YES_ERROR;
				CLANG_WARN_SUSPICIOUS_MOVE = YES;
				CLANG_WARN_UNREACHABLE_CODE = YES;
				CLANG_WARN__DUPLICATE_METHOD_MATCH = YES;
				"CODE_SIGN_IDENTITY[sdk=iphoneos*]" = "iPhone Developer";
				COPY_PHASE_STRIP = NO;
				DEBUG_INFORMATION_FORMAT = dwarf;
				ENABLE_STRICT_OBJC_MSGSEND = YES;
				ENABLE_TESTABILITY = YES;
				GCC_C_LANGUAGE_STANDARD = gnu99;
				GCC_DYNAMIC_NO_PIC = NO;
				GCC_NO_COMMON_BLOCKS = YES;
				GCC_OPTIMIZATION_LEVEL = 0;
				GCC_PREPROCESSOR_DEFINITIONS = (
					"DEBUG=1",
					"$(inherited)",
				);
				GCC_WARN_64_TO_32_BIT_CONVERSION = YES;
				GCC_WARN_ABOUT_RETURN_TYPE = YES_ERROR;
				GCC_WARN_UNDECLARED_SELECTOR = YES;
				GCC_WARN_UNINITIALIZED_AUTOS = YES_AGGRESSIVE;
				GCC_WARN_UNUSED_FUNCTION = YES;
				GCC_WARN_UNUSED_VARIABLE = YES;
				IPHONEOS_DEPLOYMENT_TARGET = 10.2;
				MTL_ENABLE_DEBUG_INFO = YES;
				ONLY_ACTIVE_ARCH = YES;
				SDKROOT = iphoneos;
				SWIFT_ACTIVE_COMPILATION_CONDITIONS = DEBUG;
				SWIFT_OPTIMIZATION_LEVEL = "-Onone";
				TARGETED_DEVICE_FAMILY = "1,2";
			};
			name = Debug;
		};
		AED4803D1E258CE0004CC28C /* Release */ = {
			isa = XCBuildConfiguration;
			buildSettings = {
				ALWAYS_SEARCH_USER_PATHS = NO;
				CLANG_ANALYZER_NONNULL = YES;
				CLANG_CXX_LANGUAGE_STANDARD = "gnu++0x";
				CLANG_CXX_LIBRARY = "libc++";
				CLANG_ENABLE_MODULES = YES;
				CLANG_ENABLE_OBJC_ARC = YES;
				CLANG_WARN_BOOL_CONVERSION = YES;
				CLANG_WARN_CONSTANT_CONVERSION = YES;
				CLANG_WARN_DIRECT_OBJC_ISA_USAGE = YES_ERROR;
				CLANG_WARN_DOCUMENTATION_COMMENTS = YES;
				CLANG_WARN_EMPTY_BODY = YES;
				CLANG_WARN_ENUM_CONVERSION = YES;
				CLANG_WARN_INFINITE_RECURSION = YES;
				CLANG_WARN_INT_CONVERSION = YES;
				CLANG_WARN_OBJC_ROOT_CLASS = YES_ERROR;
				CLANG_WARN_SUSPICIOUS_MOVE = YES;
				CLANG_WARN_UNREACHABLE_CODE = YES;
				CLANG_WARN__DUPLICATE_METHOD_MATCH = YES;
				"CODE_SIGN_IDENTITY[sdk=iphoneos*]" = "iPhone Developer";
				COPY_PHASE_STRIP = NO;
				DEBUG_INFORMATION_FORMAT = "dwarf-with-dsym";
				ENABLE_NS_ASSERTIONS = NO;
				ENABLE_STRICT_OBJC_MSGSEND = YES;
				GCC_C_LANGUAGE_STANDARD = gnu99;
				GCC_NO_COMMON_BLOCKS = YES;
				GCC_WARN_64_TO_32_BIT_CONVERSION = YES;
				GCC_WARN_ABOUT_RETURN_TYPE = YES_ERROR;
				GCC_WARN_UNDECLARED_SELECTOR = YES;
				GCC_WARN_UNINITIALIZED_AUTOS = YES_AGGRESSIVE;
				GCC_WARN_UNUSED_FUNCTION = YES;
				GCC_WARN_UNUSED_VARIABLE = YES;
				IPHONEOS_DEPLOYMENT_TARGET = 10.2;
				MTL_ENABLE_DEBUG_INFO = NO;
				SDKROOT = iphoneos;
				SWIFT_OPTIMIZATION_LEVEL = "-Owholemodule";
				TARGETED_DEVICE_FAMILY = "1,2";
				VALIDATE_PRODUCT = YES;
			};
			name = Release;
		};
		AED4803F1E258CE0004CC28C /* Debug */ = {
			isa = XCBuildConfiguration;
			buildSettings = {
				ASSETCATALOG_COMPILER_APPICON_NAME = AppIcon;
				DEVELOPMENT_TEAM = MBLBPAM74V;
				INFOPLIST_FILE = "stackstada-stack/Info.plist";
				LD_RUNPATH_SEARCH_PATHS = "$(inherited) @executable_path/Frameworks";
				PRODUCT_BUNDLE_IDENTIFIER = "com.SSB.stackstada-stack";
				PRODUCT_NAME = "$(TARGET_NAME)";
				SWIFT_VERSION = 3.0;
			};
			name = Debug;
		};
		AED480401E258CE0004CC28C /* Release */ = {
			isa = XCBuildConfiguration;
			buildSettings = {
				ASSETCATALOG_COMPILER_APPICON_NAME = AppIcon;
				DEVELOPMENT_TEAM = MBLBPAM74V;
				INFOPLIST_FILE = "stackstada-stack/Info.plist";
				LD_RUNPATH_SEARCH_PATHS = "$(inherited) @executable_path/Frameworks";
				PRODUCT_BUNDLE_IDENTIFIER = "com.SSB.stackstada-stack";
				PRODUCT_NAME = "$(TARGET_NAME)";
				SWIFT_VERSION = 3.0;
			};
			name = Release;
		};
		AED480421E258CE0004CC28C /* Debug */ = {
			isa = XCBuildConfiguration;
			buildSettings = {
				ALWAYS_EMBED_SWIFT_STANDARD_LIBRARIES = YES;
				BUNDLE_LOADER = "$(TEST_HOST)";
				DEVELOPMENT_TEAM = MBLBPAM74V;
				INFOPLIST_FILE = "stackstada-stackTests/Info.plist";
				LD_RUNPATH_SEARCH_PATHS = "$(inherited) @executable_path/Frameworks @loader_path/Frameworks";
				PRODUCT_BUNDLE_IDENTIFIER = "com.SSB.stackstada-stackTests";
				PRODUCT_NAME = "$(TARGET_NAME)";
				SWIFT_VERSION = 3.0;
				TEST_HOST = "$(BUILT_PRODUCTS_DIR)/stackstada-stack.app/stackstada-stack";
			};
			name = Debug;
		};
		AED480431E258CE0004CC28C /* Release */ = {
			isa = XCBuildConfiguration;
			buildSettings = {
				ALWAYS_EMBED_SWIFT_STANDARD_LIBRARIES = YES;
				BUNDLE_LOADER = "$(TEST_HOST)";
				DEVELOPMENT_TEAM = MBLBPAM74V;
				INFOPLIST_FILE = "stackstada-stackTests/Info.plist";
				LD_RUNPATH_SEARCH_PATHS = "$(inherited) @executable_path/Frameworks @loader_path/Frameworks";
				PRODUCT_BUNDLE_IDENTIFIER = "com.SSB.stackstada-stackTests";
				PRODUCT_NAME = "$(TARGET_NAME)";
				SWIFT_VERSION = 3.0;
				TEST_HOST = "$(BUILT_PRODUCTS_DIR)/stackstada-stack.app/stackstada-stack";
			};
			name = Release;
		};
		AED480451E258CE0004CC28C /* Debug */ = {
			isa = XCBuildConfiguration;
			buildSettings = {
				ALWAYS_EMBED_SWIFT_STANDARD_LIBRARIES = YES;
				DEVELOPMENT_TEAM = MBLBPAM74V;
				INFOPLIST_FILE = "stackstada-stackUITests/Info.plist";
				LD_RUNPATH_SEARCH_PATHS = "$(inherited) @executable_path/Frameworks @loader_path/Frameworks";
				PRODUCT_BUNDLE_IDENTIFIER = "com.SSB.stackstada-stackUITests";
				PRODUCT_NAME = "$(TARGET_NAME)";
				SWIFT_VERSION = 3.0;
				TEST_TARGET_NAME = "stackstada-stack";
			};
			name = Debug;
		};
		AED480461E258CE0004CC28C /* Release */ = {
			isa = XCBuildConfiguration;
			buildSettings = {
				ALWAYS_EMBED_SWIFT_STANDARD_LIBRARIES = YES;
				DEVELOPMENT_TEAM = MBLBPAM74V;
				INFOPLIST_FILE = "stackstada-stackUITests/Info.plist";
				LD_RUNPATH_SEARCH_PATHS = "$(inherited) @executable_path/Frameworks @loader_path/Frameworks";
				PRODUCT_BUNDLE_IDENTIFIER = "com.SSB.stackstada-stackUITests";
				PRODUCT_NAME = "$(TARGET_NAME)";
				SWIFT_VERSION = 3.0;
				TEST_TARGET_NAME = "stackstada-stack";
			};
			name = Release;
		};
/* End XCBuildConfiguration section */

/* Begin XCConfigurationList section */
		AED480111E258CE0004CC28C /* Build configuration list for PBXProject "stackstada-stack" */ = {
			isa = XCConfigurationList;
			buildConfigurations = (
				AED4803C1E258CE0004CC28C /* Debug */,
				AED4803D1E258CE0004CC28C /* Release */,
			);
			defaultConfigurationIsVisible = 0;
			defaultConfigurationName = Release;
		};
		AED4803E1E258CE0004CC28C /* Build configuration list for PBXNativeTarget "stackstada-stack" */ = {
			isa = XCConfigurationList;
			buildConfigurations = (
				AED4803F1E258CE0004CC28C /* Debug */,
				AED480401E258CE0004CC28C /* Release */,
			);
			defaultConfigurationIsVisible = 0;
		};
		AED480411E258CE0004CC28C /* Build configuration list for PBXNativeTarget "stackstada-stackTests" */ = {
			isa = XCConfigurationList;
			buildConfigurations = (
				AED480421E258CE0004CC28C /* Debug */,
				AED480431E258CE0004CC28C /* Release */,
			);
			defaultConfigurationIsVisible = 0;
		};
		AED480441E258CE0004CC28C /* Build configuration list for PBXNativeTarget "stackstada-stackUITests" */ = {
			isa = XCConfigurationList;
			buildConfigurations = (
				AED480451E258CE0004CC28C /* Debug */,
				AED480461E258CE0004CC28C /* Release */,
			);
			defaultConfigurationIsVisible = 0;
		};
/* End XCConfigurationList section */
	};
	rootObject = AED4800E1E258CE0004CC28C /* Project object */;
}
