// !$*UTF8*$!
{
	archiveVersion = 1;
	classes = {
	};
	objectVersion = 46;
	objects = {

/* Begin PBXBuildFile section */
		AEB9CA061E3FE74600C41F1A /* main.m in Sources */ = {isa = PBXBuildFile; fileRef = AEB9CA051E3FE74600C41F1A /* main.m */; };
		AEB9CA091E3FE74600C41F1A /* AppDelegate.m in Sources */ = {isa = PBXBuildFile; fileRef = AEB9CA081E3FE74600C41F1A /* AppDelegate.m */; };
		AEB9CA0C1E3FE74600C41F1A /* ViewController.m in Sources */ = {isa = PBXBuildFile; fileRef = AEB9CA0B1E3FE74600C41F1A /* ViewController.m */; };
		AEB9CA0F1E3FE74600C41F1A /* Main.storyboard in Resources */ = {isa = PBXBuildFile; fileRef = AEB9CA0D1E3FE74600C41F1A /* Main.storyboard */; };
		AEB9CA111E3FE74600C41F1A /* Assets.xcassets in Resources */ = {isa = PBXBuildFile; fileRef = AEB9CA101E3FE74600C41F1A /* Assets.xcassets */; };
		AEB9CA141E3FE74600C41F1A /* LaunchScreen.storyboard in Resources */ = {isa = PBXBuildFile; fileRef = AEB9CA121E3FE74600C41F1A /* LaunchScreen.storyboard */; };
/* End PBXBuildFile section */

/* Begin PBXFileReference section */
		AEB9CA011E3FE74600C41F1A /* NullMeBaby.app */ = {isa = PBXFileReference; explicitFileType = wrapper.application; includeInIndex = 0; path = NullMeBaby.app; sourceTree = BUILT_PRODUCTS_DIR; };
		AEB9CA051E3FE74600C41F1A /* main.m */ = {isa = PBXFileReference; lastKnownFileType = sourcecode.c.objc; path = main.m; sourceTree = "<group>"; };
		AEB9CA071E3FE74600C41F1A /* AppDelegate.h */ = {isa = PBXFileReference; lastKnownFileType = sourcecode.c.h; path = AppDelegate.h; sourceTree = "<group>"; };
		AEB9CA081E3FE74600C41F1A /* AppDelegate.m */ = {isa = PBXFileReference; lastKnownFileType = sourcecode.c.objc; path = AppDelegate.m; sourceTree = "<group>"; };
		AEB9CA0A1E3FE74600C41F1A /* ViewController.h */ = {isa = PBXFileReference; lastKnownFileType = sourcecode.c.h; path = ViewController.h; sourceTree = "<group>"; };
		AEB9CA0B1E3FE74600C41F1A /* ViewController.m */ = {isa = PBXFileReference; lastKnownFileType = sourcecode.c.objc; path = ViewController.m; sourceTree = "<group>"; };
		AEB9CA0E1E3FE74600C41F1A /* Base */ = {isa = PBXFileReference; lastKnownFileType = file.storyboard; name = Base; path = Base.lproj/Main.storyboard; sourceTree = "<group>"; };
		AEB9CA101E3FE74600C41F1A /* Assets.xcassets */ = {isa = PBXFileReference; lastKnownFileType = folder.assetcatalog; path = Assets.xcassets; sourceTree = "<group>"; };
		AEB9CA131E3FE74600C41F1A /* Base */ = {isa = PBXFileReference; lastKnownFileType = file.storyboard; name = Base; path = Base.lproj/LaunchScreen.storyboard; sourceTree = "<group>"; };
		AEB9CA151E3FE74600C41F1A /* Info.plist */ = {isa = PBXFileReference; lastKnownFileType = text.plist.xml; path = Info.plist; sourceTree = "<group>"; };
/* End PBXFileReference section */

/* Begin PBXFrameworksBuildPhase section */
		AEB9C9FE1E3FE74600C41F1A /* Frameworks */ = {
			isa = PBXFrameworksBuildPhase;
			buildActionMask = 2147483647;
			files = (
			);
			runOnlyForDeploymentPostprocessing = 0;
		};
/* End PBXFrameworksBuildPhase section */

/* Begin PBXGroup section */
		AEB9C9F81E3FE74600C41F1A = {
			isa = PBXGroup;
			children = (
				AEB9CA031E3FE74600C41F1A /* NullMeBaby */,
				AEB9CA021E3FE74600C41F1A /* Products */,
			);
			sourceTree = "<group>";
		};
		AEB9CA021E3FE74600C41F1A /* Products */ = {
			isa = PBXGroup;
			children = (
				AEB9CA011E3FE74600C41F1A /* NullMeBaby.app */,
			);
			name = Products;
			sourceTree = "<group>";
		};
		AEB9CA031E3FE74600C41F1A /* NullMeBaby */ = {
			isa = PBXGroup;
			children = (
				AEB9CA071E3FE74600C41F1A /* AppDelegate.h */,
				AEB9CA081E3FE74600C41F1A /* AppDelegate.m */,
				AEB9CA0A1E3FE74600C41F1A /* ViewController.h */,
				AEB9CA0B1E3FE74600C41F1A /* ViewController.m */,
				AEB9CA0D1E3FE74600C41F1A /* Main.storyboard */,
				AEB9CA101E3FE74600C41F1A /* Assets.xcassets */,
				AEB9CA121E3FE74600C41F1A /* LaunchScreen.storyboard */,
				AEB9CA151E3FE74600C41F1A /* Info.plist */,
				AEB9CA041E3FE74600C41F1A /* Supporting Files */,
			);
			path = NullMeBaby;
			sourceTree = "<group>";
		};
		AEB9CA041E3FE74600C41F1A /* Supporting Files */ = {
			isa = PBXGroup;
			children = (
				AEB9CA051E3FE74600C41F1A /* main.m */,
			);
			name = "Supporting Files";
			sourceTree = "<group>";
		};
/* End PBXGroup section */

/* Begin PBXNativeTarget section */
		AEB9CA001E3FE74600C41F1A /* NullMeBaby */ = {
			isa = PBXNativeTarget;
			buildConfigurationList = AEB9CA181E3FE74600C41F1A /* Build configuration list for PBXNativeTarget "NullMeBaby" */;
			buildPhases = (
				AEB9C9FD1E3FE74600C41F1A /* Sources */,
				AEB9C9FE1E3FE74600C41F1A /* Frameworks */,
				AEB9C9FF1E3FE74600C41F1A /* Resources */,
			);
			buildRules = (
			);
			dependencies = (
			);
			name = NullMeBaby;
			productName = NullMeBaby;
			productReference = AEB9CA011E3FE74600C41F1A /* NullMeBaby.app */;
			productType = "com.apple.product-type.application";
		};
/* End PBXNativeTarget section */

/* Begin PBXProject section */
		AEB9C9F91E3FE74600C41F1A /* Project object */ = {
			isa = PBXProject;
			attributes = {
				LastUpgradeCheck = 0820;
				ORGANIZATIONNAME = "Jacob Landman";
				TargetAttributes = {
					AEB9CA001E3FE74600C41F1A = {
						CreatedOnToolsVersion = 8.2.1;
						DevelopmentTeam = E294R2UKFW;
						ProvisioningStyle = Automatic;
					};
				};
			};
			buildConfigurationList = AEB9C9FC1E3FE74600C41F1A /* Build configuration list for PBXProject "NullMeBaby" */;
			compatibilityVersion = "Xcode 3.2";
			developmentRegion = English;
			hasScannedForEncodings = 0;
			knownRegions = (
				en,
				Base,
			);
			mainGroup = AEB9C9F81E3FE74600C41F1A;
			productRefGroup = AEB9CA021E3FE74600C41F1A /* Products */;
			projectDirPath = "";
			projectRoot = "";
			targets = (
				AEB9CA001E3FE74600C41F1A /* NullMeBaby */,
			);
		};
/* End PBXProject section */

/* Begin PBXResourcesBuildPhase section */
		AEB9C9FF1E3FE74600C41F1A /* Resources */ = {
			isa = PBXResourcesBuildPhase;
			buildActionMask = 2147483647;
			files = (
				AEB9CA141E3FE74600C41F1A /* LaunchScreen.storyboard in Resources */,
				AEB9CA111E3FE74600C41F1A /* Assets.xcassets in Resources */,
				AEB9CA0F1E3FE74600C41F1A /* Main.storyboard in Resources */,
			);
			runOnlyForDeploymentPostprocessing = 0;
		};
/* End PBXResourcesBuildPhase section */

/* Begin PBXSourcesBuildPhase section */
		AEB9C9FD1E3FE74600C41F1A /* Sources */ = {
			isa = PBXSourcesBuildPhase;
			buildActionMask = 2147483647;
			files = (
				AEB9CA0C1E3FE74600C41F1A /* ViewController.m in Sources */,
				AEB9CA091E3FE74600C41F1A /* AppDelegate.m in Sources */,
				AEB9CA061E3FE74600C41F1A /* main.m in Sources */,
			);
			runOnlyForDeploymentPostprocessing = 0;
		};
/* End PBXSourcesBuildPhase section */

/* Begin PBXVariantGroup section */
		AEB9CA0D1E3FE74600C41F1A /* Main.storyboard */ = {
			isa = PBXVariantGroup;
			children = (
				AEB9CA0E1E3FE74600C41F1A /* Base */,
			);
			name = Main.storyboard;
			sourceTree = "<group>";
		};
		AEB9CA121E3FE74600C41F1A /* LaunchScreen.storyboard */ = {
			isa = PBXVariantGroup;
			children = (
				AEB9CA131E3FE74600C41F1A /* Base */,
			);
			name = LaunchScreen.storyboard;
			sourceTree = "<group>";
		};
/* End PBXVariantGroup section */

/* Begin XCBuildConfiguration section */
		AEB9CA161E3FE74600C41F1A /* Debug */ = {
			isa = XCBuildConfiguration;
			buildSettings = {
				ALWAYS_SEARCH_USER_PATHS = NO;
				CLANG_ANALYZER_NONNULL = YES;
				CLANG_CXX_LANGUAGE_STANDARD = "gnu++0x";
				CLANG_CXX_LIBRARY = "libc++";
				CLANG_ENABLE_MODULES = YES;
				CLANG_ENABLE_OBJC_ARC = YES;
				CLANG_WARN_BOOL_CONVERSION = YES;
				CLANG_WARN_CONSTANT_CONVERSION = YES;
				CLANG_WARN_DIRECT_OBJC_ISA_USAGE = YES_ERROR;
				CLANG_WARN_DOCUMENTATION_COMMENTS = YES;
				CLANG_WARN_EMPTY_BODY = YES;
				CLANG_WARN_ENUM_CONVERSION = YES;
				CLANG_WARN_INFINITE_RECURSION = YES;
				CLANG_WARN_INT_CONVERSION = YES;
				CLANG_WARN_OBJC_ROOT_CLASS = YES_ERROR;
				CLANG_WARN_SUSPICIOUS_MOVE = YES;
				CLANG_WARN_UNREACHABLE_CODE = YES;
				CLANG_WARN__DUPLICATE_METHOD_MATCH = YES;
				"CODE_SIGN_IDENTITY[sdk=iphoneos*]" = "iPhone Developer";
				COPY_PHASE_STRIP = NO;
				DEBUG_INFORMATION_FORMAT = dwarf;
				ENABLE_STRICT_OBJC_MSGSEND = YES;
				ENABLE_TESTABILITY = YES;
				GCC_C_LANGUAGE_STANDARD = gnu99;
				GCC_DYNAMIC_NO_PIC = NO;
				GCC_NO_COMMON_BLOCKS = YES;
				GCC_OPTIMIZATION_LEVEL = 0;
				GCC_PREPROCESSOR_DEFINITIONS = (
					"DEBUG=1",
					"$(inherited)",
				);
				GCC_WARN_64_TO_32_BIT_CONVERSION = YES;
				GCC_WARN_ABOUT_RETURN_TYPE = YES_ERROR;
				GCC_WARN_UNDECLARED_SELECTOR = YES;
				GCC_WARN_UNINITIALIZED_AUTOS = YES_AGGRESSIVE;
				GCC_WARN_UNUSED_FUNCTION = YES;
				GCC_WARN_UNUSED_VARIABLE = YES;
				IPHONEOS_DEPLOYMENT_TARGET = 10.2;
				MTL_ENABLE_DEBUG_INFO = YES;
				ONLY_ACTIVE_ARCH = YES;
				SDKROOT = iphoneos;
				TARGETED_DEVICE_FAMILY = "1,2";
			};
			name = Debug;
		};
		AEB9CA171E3FE74600C41F1A /* Release */ = {
			isa = XCBuildConfiguration;
			buildSettings = {
				ALWAYS_SEARCH_USER_PATHS = NO;
				CLANG_ANALYZER_NONNULL = YES;
				CLANG_CXX_LANGUAGE_STANDARD = "gnu++0x";
				CLANG_CXX_LIBRARY = "libc++";
				CLANG_ENABLE_MODULES = YES;
				CLANG_ENABLE_OBJC_ARC = YES;
				CLANG_WARN_BOOL_CONVERSION = YES;
				CLANG_WARN_CONSTANT_CONVERSION = YES;
				CLANG_WARN_DIRECT_OBJC_ISA_USAGE = YES_ERROR;
				CLANG_WARN_DOCUMENTATION_COMMENTS = YES;
				CLANG_WARN_EMPTY_BODY = YES;
				CLANG_WARN_ENUM_CONVERSION = YES;
				CLANG_WARN_INFINITE_RECURSION = YES;
				CLANG_WARN_INT_CONVERSION = YES;
				CLANG_WARN_OBJC_ROOT_CLASS = YES_ERROR;
				CLANG_WARN_SUSPICIOUS_MOVE = YES;
				CLANG_WARN_UNREACHABLE_CODE = YES;
				CLANG_WARN__DUPLICATE_METHOD_MATCH = YES;
				"CODE_SIGN_IDENTITY[sdk=iphoneos*]" = "iPhone Developer";
				COPY_PHASE_STRIP = NO;
				DEBUG_INFORMATION_FORMAT = "dwarf-with-dsym";
				ENABLE_NS_ASSERTIONS = NO;
				ENABLE_STRICT_OBJC_MSGSEND = YES;
				GCC_C_LANGUAGE_STANDARD = gnu99;
				GCC_NO_COMMON_BLOCKS = YES;
				GCC_WARN_64_TO_32_BIT_CONVERSION = YES;
				GCC_WARN_ABOUT_RETURN_TYPE = YES_ERROR;
				GCC_WARN_UNDECLARED_SELECTOR = YES;
				GCC_WARN_UNINITIALIZED_AUTOS = YES_AGGRESSIVE;
				GCC_WARN_UNUSED_FUNCTION = YES;
				GCC_WARN_UNUSED_VARIABLE = YES;
				IPHONEOS_DEPLOYMENT_TARGET = 10.2;
				MTL_ENABLE_DEBUG_INFO = NO;
				SDKROOT = iphoneos;
				TARGETED_DEVICE_FAMILY = "1,2";
				VALIDATE_PRODUCT = YES;
			};
			name = Release;
		};
		AEB9CA191E3FE74600C41F1A /* Debug */ = {
			isa = XCBuildConfiguration;
			buildSettings = {
				ASSETCATALOG_COMPILER_APPICON_NAME = AppIcon;
				DEVELOPMENT_TEAM = E294R2UKFW;
				INFOPLIST_FILE = NullMeBaby/Info.plist;
				LD_RUNPATH_SEARCH_PATHS = "$(inherited) @executable_path/Frameworks";
				PRODUCT_BUNDLE_IDENTIFIER = com.SSB.NullMeBaby;
				PRODUCT_NAME = "$(TARGET_NAME)";
			};
			name = Debug;
		};
		AEB9CA1A1E3FE74600C41F1A /* Release */ = {
			isa = XCBuildConfiguration;
			buildSettings = {
				ASSETCATALOG_COMPILER_APPICON_NAME = AppIcon;
				DEVELOPMENT_TEAM = E294R2UKFW;
				INFOPLIST_FILE = NullMeBaby/Info.plist;
				LD_RUNPATH_SEARCH_PATHS = "$(inherited) @executable_path/Frameworks";
				PRODUCT_BUNDLE_IDENTIFIER = com.SSB.NullMeBaby;
				PRODUCT_NAME = "$(TARGET_NAME)";
			};
			name = Release;
		};
/* End XCBuildConfiguration section */

/* Begin XCConfigurationList section */
		AEB9C9FC1E3FE74600C41F1A /* Build configuration list for PBXProject "NullMeBaby" */ = {
			isa = XCConfigurationList;
			buildConfigurations = (
				AEB9CA161E3FE74600C41F1A /* Debug */,
				AEB9CA171E3FE74600C41F1A /* Release */,
			);
			defaultConfigurationIsVisible = 0;
			defaultConfigurationName = Release;
		};
		AEB9CA181E3FE74600C41F1A /* Build configuration list for PBXNativeTarget "NullMeBaby" */ = {
			isa = XCConfigurationList;
			buildConfigurations = (
				AEB9CA191E3FE74600C41F1A /* Debug */,
				AEB9CA1A1E3FE74600C41F1A /* Release */,
			);
			defaultConfigurationIsVisible = 0;
		};
/* End XCConfigurationList section */
	};
	rootObject = AEB9C9F91E3FE74600C41F1A /* Project object */;
}
