// !$*UTF8*$!
{
	archiveVersion = 1;
	classes = {
	};
	objectVersion = 46;
	objects = {

/* Begin PBXBuildFile section */
		AEB9CA521E3FFC6A00C41F1A /* main.m in Sources */ = {isa = PBXBuildFile; fileRef = AEB9CA511E3FFC6A00C41F1A /* main.m */; };
		AEB9CA551E3FFC6A00C41F1A /* AppDelegate.m in Sources */ = {isa = PBXBuildFile; fileRef = AEB9CA541E3FFC6A00C41F1A /* AppDelegate.m */; };
		AEB9CA581E3FFC6A00C41F1A /* ViewController.m in Sources */ = {isa = PBXBuildFile; fileRef = AEB9CA571E3FFC6A00C41F1A /* ViewController.m */; };
		AEB9CA5B1E3FFC6A00C41F1A /* Main.storyboard in Resources */ = {isa = PBXBuildFile; fileRef = AEB9CA591E3FFC6A00C41F1A /* Main.storyboard */; };
		AEB9CA5D1E3FFC6A00C41F1A /* Assets.xcassets in Resources */ = {isa = PBXBuildFile; fileRef = AEB9CA5C1E3FFC6A00C41F1A /* Assets.xcassets */; };
		AEB9CA601E3FFC6A00C41F1A /* LaunchScreen.storyboard in Resources */ = {isa = PBXBuildFile; fileRef = AEB9CA5E1E3FFC6A00C41F1A /* LaunchScreen.storyboard */; };
		AEB9CA691E3FFCF100C41F1A /* SecondVC.swift in Sources */ = {isa = PBXBuildFile; fileRef = AEB9CA681E3FFCF100C41F1A /* SecondVC.swift */; };
/* End PBXBuildFile section */

/* Begin PBXFileReference section */
		AEB9CA4D1E3FFC6A00C41F1A /* Interoperability.app */ = {isa = PBXFileReference; explicitFileType = wrapper.application; includeInIndex = 0; path = Interoperability.app; sourceTree = BUILT_PRODUCTS_DIR; };
		AEB9CA511E3FFC6A00C41F1A /* main.m */ = {isa = PBXFileReference; lastKnownFileType = sourcecode.c.objc; path = main.m; sourceTree = "<group>"; };
		AEB9CA531E3FFC6A00C41F1A /* AppDelegate.h */ = {isa = PBXFileReference; lastKnownFileType = sourcecode.c.h; path = AppDelegate.h; sourceTree = "<group>"; };
		AEB9CA541E3FFC6A00C41F1A /* AppDelegate.m */ = {isa = PBXFileReference; lastKnownFileType = sourcecode.c.objc; path = AppDelegate.m; sourceTree = "<group>"; };
		AEB9CA561E3FFC6A00C41F1A /* ViewController.h */ = {isa = PBXFileReference; lastKnownFileType = sourcecode.c.h; path = ViewController.h; sourceTree = "<group>"; };
		AEB9CA571E3FFC6A00C41F1A /* ViewController.m */ = {isa = PBXFileReference; lastKnownFileType = sourcecode.c.objc; path = ViewController.m; sourceTree = "<group>"; };
		AEB9CA5A1E3FFC6A00C41F1A /* Base */ = {isa = PBXFileReference; lastKnownFileType = file.storyboard; name = Base; path = Base.lproj/Main.storyboard; sourceTree = "<group>"; };
		AEB9CA5C1E3FFC6A00C41F1A /* Assets.xcassets */ = {isa = PBXFileReference; lastKnownFileType = folder.assetcatalog; path = Assets.xcassets; sourceTree = "<group>"; };
		AEB9CA5F1E3FFC6A00C41F1A /* Base */ = {isa = PBXFileReference; lastKnownFileType = file.storyboard; name = Base; path = Base.lproj/LaunchScreen.storyboard; sourceTree = "<group>"; };
		AEB9CA611E3FFC6A00C41F1A /* Info.plist */ = {isa = PBXFileReference; lastKnownFileType = text.plist.xml; path = Info.plist; sourceTree = "<group>"; };
		AEB9CA671E3FFCF100C41F1A /* Interoperability-Bridging-Header.h */ = {isa = PBXFileReference; lastKnownFileType = sourcecode.c.h; path = "Interoperability-Bridging-Header.h"; sourceTree = "<group>"; };
		AEB9CA681E3FFCF100C41F1A /* SecondVC.swift */ = {isa = PBXFileReference; fileEncoding = 4; lastKnownFileType = sourcecode.swift; path = SecondVC.swift; sourceTree = "<group>"; };
/* End PBXFileReference section */

/* Begin PBXFrameworksBuildPhase section */
		AEB9CA4A1E3FFC6A00C41F1A /* Frameworks */ = {
			isa = PBXFrameworksBuildPhase;
			buildActionMask = 2147483647;
			files = (
			);
			runOnlyForDeploymentPostprocessing = 0;
		};
/* End PBXFrameworksBuildPhase section */

/* Begin PBXGroup section */
		AEB9CA441E3FFC6A00C41F1A = {
			isa = PBXGroup;
			children = (
				AEB9CA4F1E3FFC6A00C41F1A /* Interoperability */,
				AEB9CA4E1E3FFC6A00C41F1A /* Products */,
			);
			sourceTree = "<group>";
		};
		AEB9CA4E1E3FFC6A00C41F1A /* Products */ = {
			isa = PBXGroup;
			children = (
				AEB9CA4D1E3FFC6A00C41F1A /* Interoperability.app */,
			);
			name = Products;
			sourceTree = "<group>";
		};
		AEB9CA4F1E3FFC6A00C41F1A /* Interoperability */ = {
			isa = PBXGroup;
			children = (
				AEB9CA531E3FFC6A00C41F1A /* AppDelegate.h */,
				AEB9CA541E3FFC6A00C41F1A /* AppDelegate.m */,
				AEB9CA561E3FFC6A00C41F1A /* ViewController.h */,
				AEB9CA571E3FFC6A00C41F1A /* ViewController.m */,
				AEB9CA591E3FFC6A00C41F1A /* Main.storyboard */,
				AEB9CA5C1E3FFC6A00C41F1A /* Assets.xcassets */,
				AEB9CA5E1E3FFC6A00C41F1A /* LaunchScreen.storyboard */,
				AEB9CA611E3FFC6A00C41F1A /* Info.plist */,
				AEB9CA501E3FFC6A00C41F1A /* Supporting Files */,
				AEB9CA681E3FFCF100C41F1A /* SecondVC.swift */,
				AEB9CA671E3FFCF100C41F1A /* Interoperability-Bridging-Header.h */,
			);
			path = Interoperability;
			sourceTree = "<group>";
		};
		AEB9CA501E3FFC6A00C41F1A /* Supporting Files */ = {
			isa = PBXGroup;
			children = (
				AEB9CA511E3FFC6A00C41F1A /* main.m */,
			);
			name = "Supporting Files";
			sourceTree = "<group>";
		};
/* End PBXGroup section */

/* Begin PBXNativeTarget section */
		AEB9CA4C1E3FFC6A00C41F1A /* Interoperability */ = {
			isa = PBXNativeTarget;
			buildConfigurationList = AEB9CA641E3FFC6A00C41F1A /* Build configuration list for PBXNativeTarget "Interoperability" */;
			buildPhases = (
				AEB9CA491E3FFC6A00C41F1A /* Sources */,
				AEB9CA4A1E3FFC6A00C41F1A /* Frameworks */,
				AEB9CA4B1E3FFC6A00C41F1A /* Resources */,
			);
			buildRules = (
			);
			dependencies = (
			);
			name = Interoperability;
			productName = Interoperability;
			productReference = AEB9CA4D1E3FFC6A00C41F1A /* Interoperability.app */;
			productType = "com.apple.product-type.application";
		};
/* End PBXNativeTarget section */

/* Begin PBXProject section */
		AEB9CA451E3FFC6A00C41F1A /* Project object */ = {
			isa = PBXProject;
			attributes = {
				LastUpgradeCheck = 0820;
				ORGANIZATIONNAME = "Jacob Landman";
				TargetAttributes = {
					AEB9CA4C1E3FFC6A00C41F1A = {
						CreatedOnToolsVersion = 8.2.1;
						DevelopmentTeam = E294R2UKFW;
						LastSwiftMigration = 0820;
						ProvisioningStyle = Automatic;
					};
				};
			};
			buildConfigurationList = AEB9CA481E3FFC6A00C41F1A /* Build configuration list for PBXProject "Interoperability" */;
			compatibilityVersion = "Xcode 3.2";
			developmentRegion = English;
			hasScannedForEncodings = 0;
			knownRegions = (
				en,
				Base,
			);
			mainGroup = AEB9CA441E3FFC6A00C41F1A;
			productRefGroup = AEB9CA4E1E3FFC6A00C41F1A /* Products */;
			projectDirPath = "";
			projectRoot = "";
			targets = (
				AEB9CA4C1E3FFC6A00C41F1A /* Interoperability */,
			);
		};
/* End PBXProject section */

/* Begin PBXResourcesBuildPhase section */
		AEB9CA4B1E3FFC6A00C41F1A /* Resources */ = {
			isa = PBXResourcesBuildPhase;
			buildActionMask = 2147483647;
			files = (
				AEB9CA601E3FFC6A00C41F1A /* LaunchScreen.storyboard in Resources */,
				AEB9CA5D1E3FFC6A00C41F1A /* Assets.xcassets in Resources */,
				AEB9CA5B1E3FFC6A00C41F1A /* Main.storyboard in Resources */,
			);
			runOnlyForDeploymentPostprocessing = 0;
		};
/* End PBXResourcesBuildPhase section */

/* Begin PBXSourcesBuildPhase section */
		AEB9CA491E3FFC6A00C41F1A /* Sources */ = {
			isa = PBXSourcesBuildPhase;
			buildActionMask = 2147483647;
			files = (
				AEB9CA581E3FFC6A00C41F1A /* ViewController.m in Sources */,
				AEB9CA551E3FFC6A00C41F1A /* AppDelegate.m in Sources */,
				AEB9CA691E3FFCF100C41F1A /* SecondVC.swift in Sources */,
				AEB9CA521E3FFC6A00C41F1A /* main.m in Sources */,
			);
			runOnlyForDeploymentPostprocessing = 0;
		};
/* End PBXSourcesBuildPhase section */

/* Begin PBXVariantGroup section */
		AEB9CA591E3FFC6A00C41F1A /* Main.storyboard */ = {
			isa = PBXVariantGroup;
			children = (
				AEB9CA5A1E3FFC6A00C41F1A /* Base */,
			);
			name = Main.storyboard;
			sourceTree = "<group>";
		};
		AEB9CA5E1E3FFC6A00C41F1A /* LaunchScreen.storyboard */ = {
			isa = PBXVariantGroup;
			children = (
				AEB9CA5F1E3FFC6A00C41F1A /* Base */,
			);
			name = LaunchScreen.storyboard;
			sourceTree = "<group>";
		};
/* End PBXVariantGroup section */

/* Begin XCBuildConfiguration section */
		AEB9CA621E3FFC6A00C41F1A /* Debug */ = {
			isa = XCBuildConfiguration;
			buildSettings = {
				ALWAYS_SEARCH_USER_PATHS = NO;
				CLANG_ANALYZER_NONNULL = YES;
				CLANG_CXX_LANGUAGE_STANDARD = "gnu++0x";
				CLANG_CXX_LIBRARY = "libc++";
				CLANG_ENABLE_MODULES = YES;
				CLANG_ENABLE_OBJC_ARC = YES;
				CLANG_WARN_BOOL_CONVERSION = YES;
				CLANG_WARN_CONSTANT_CONVERSION = YES;
				CLANG_WARN_DIRECT_OBJC_ISA_USAGE = YES_ERROR;
				CLANG_WARN_DOCUMENTATION_COMMENTS = YES;
				CLANG_WARN_EMPTY_BODY = YES;
				CLANG_WARN_ENUM_CONVERSION = YES;
				CLANG_WARN_INFINITE_RECURSION = YES;
				CLANG_WARN_INT_CONVERSION = YES;
				CLANG_WARN_OBJC_ROOT_CLASS = YES_ERROR;
				CLANG_WARN_SUSPICIOUS_MOVE = YES;
				CLANG_WARN_UNREACHABLE_CODE = YES;
				CLANG_WARN__DUPLICATE_METHOD_MATCH = YES;
				"CODE_SIGN_IDENTITY[sdk=iphoneos*]" = "iPhone Developer";
				COPY_PHASE_STRIP = NO;
				DEBUG_INFORMATION_FORMAT = dwarf;
				ENABLE_STRICT_OBJC_MSGSEND = YES;
				ENABLE_TESTABILITY = YES;
				GCC_C_LANGUAGE_STANDARD = gnu99;
				GCC_DYNAMIC_NO_PIC = NO;
				GCC_NO_COMMON_BLOCKS = YES;
				GCC_OPTIMIZATION_LEVEL = 0;
				GCC_PREPROCESSOR_DEFINITIONS = (
					"DEBUG=1",
					"$(inherited)",
				);
				GCC_WARN_64_TO_32_BIT_CONVERSION = YES;
				GCC_WARN_ABOUT_RETURN_TYPE = YES_ERROR;
				GCC_WARN_UNDECLARED_SELECTOR = YES;
				GCC_WARN_UNINITIALIZED_AUTOS = YES_AGGRESSIVE;
				GCC_WARN_UNUSED_FUNCTION = YES;
				GCC_WARN_UNUSED_VARIABLE = YES;
				IPHONEOS_DEPLOYMENT_TARGET = 10.2;
				MTL_ENABLE_DEBUG_INFO = YES;
				ONLY_ACTIVE_ARCH = YES;
				SDKROOT = iphoneos;
				TARGETED_DEVICE_FAMILY = "1,2";
			};
			name = Debug;
		};
		AEB9CA631E3FFC6A00C41F1A /* Release */ = {
			isa = XCBuildConfiguration;
			buildSettings = {
				ALWAYS_SEARCH_USER_PATHS = NO;
				CLANG_ANALYZER_NONNULL = YES;
				CLANG_CXX_LANGUAGE_STANDARD = "gnu++0x";
				CLANG_CXX_LIBRARY = "libc++";
				CLANG_ENABLE_MODULES = YES;
				CLANG_ENABLE_OBJC_ARC = YES;
				CLANG_WARN_BOOL_CONVERSION = YES;
				CLANG_WARN_CONSTANT_CONVERSION = YES;
				CLANG_WARN_DIRECT_OBJC_ISA_USAGE = YES_ERROR;
				CLANG_WARN_DOCUMENTATION_COMMENTS = YES;
				CLANG_WARN_EMPTY_BODY = YES;
				CLANG_WARN_ENUM_CONVERSION = YES;
				CLANG_WARN_INFINITE_RECURSION = YES;
				CLANG_WARN_INT_CONVERSION = YES;
				CLANG_WARN_OBJC_ROOT_CLASS = YES_ERROR;
				CLANG_WARN_SUSPICIOUS_MOVE = YES;
				CLANG_WARN_UNREACHABLE_CODE = YES;
				CLANG_WARN__DUPLICATE_METHOD_MATCH = YES;
				"CODE_SIGN_IDENTITY[sdk=iphoneos*]" = "iPhone Developer";
				COPY_PHASE_STRIP = NO;
				DEBUG_INFORMATION_FORMAT = "dwarf-with-dsym";
				ENABLE_NS_ASSERTIONS = NO;
				ENABLE_STRICT_OBJC_MSGSEND = YES;
				GCC_C_LANGUAGE_STANDARD = gnu99;
				GCC_NO_COMMON_BLOCKS = YES;
				GCC_WARN_64_TO_32_BIT_CONVERSION = YES;
				GCC_WARN_ABOUT_RETURN_TYPE = YES_ERROR;
				GCC_WARN_UNDECLARED_SELECTOR = YES;
				GCC_WARN_UNINITIALIZED_AUTOS = YES_AGGRESSIVE;
				GCC_WARN_UNUSED_FUNCTION = YES;
				GCC_WARN_UNUSED_VARIABLE = YES;
				IPHONEOS_DEPLOYMENT_TARGET = 10.2;
				MTL_ENABLE_DEBUG_INFO = NO;
				SDKROOT = iphoneos;
				TARGETED_DEVICE_FAMILY = "1,2";
				VALIDATE_PRODUCT = YES;
			};
			name = Release;
		};
		AEB9CA651E3FFC6A00C41F1A /* Debug */ = {
			isa = XCBuildConfiguration;
			buildSettings = {
				ASSETCATALOG_COMPILER_APPICON_NAME = AppIcon;
				CLANG_ENABLE_MODULES = YES;
				DEVELOPMENT_TEAM = E294R2UKFW;
				INFOPLIST_FILE = Interoperability/Info.plist;
				LD_RUNPATH_SEARCH_PATHS = "$(inherited) @executable_path/Frameworks";
				PRODUCT_BUNDLE_IDENTIFIER = com.SSB.Interoperability;
				PRODUCT_NAME = "$(TARGET_NAME)";
				SWIFT_OBJC_BRIDGING_HEADER = "Interoperability/Interoperability-Bridging-Header.h";
				SWIFT_OPTIMIZATION_LEVEL = "-Onone";
				SWIFT_VERSION = 3.0;
			};
			name = Debug;
		};
		AEB9CA661E3FFC6A00C41F1A /* Release */ = {
			isa = XCBuildConfiguration;
			buildSettings = {
				ASSETCATALOG_COMPILER_APPICON_NAME = AppIcon;
				CLANG_ENABLE_MODULES = YES;
				DEVELOPMENT_TEAM = E294R2UKFW;
				INFOPLIST_FILE = Interoperability/Info.plist;
				LD_RUNPATH_SEARCH_PATHS = "$(inherited) @executable_path/Frameworks";
				PRODUCT_BUNDLE_IDENTIFIER = com.SSB.Interoperability;
				PRODUCT_NAME = "$(TARGET_NAME)";
				SWIFT_OBJC_BRIDGING_HEADER = "Interoperability/Interoperability-Bridging-Header.h";
				SWIFT_VERSION = 3.0;
			};
			name = Release;
		};
/* End XCBuildConfiguration section */

/* Begin XCConfigurationList section */
		AEB9CA481E3FFC6A00C41F1A /* Build configuration list for PBXProject "Interoperability" */ = {
			isa = XCConfigurationList;
			buildConfigurations = (
				AEB9CA621E3FFC6A00C41F1A /* Debug */,
				AEB9CA631E3FFC6A00C41F1A /* Release */,
			);
			defaultConfigurationIsVisible = 0;
			defaultConfigurationName = Release;
		};
		AEB9CA641E3FFC6A00C41F1A /* Build configuration list for PBXNativeTarget "Interoperability" */ = {
			isa = XCConfigurationList;
			buildConfigurations = (
				AEB9CA651E3FFC6A00C41F1A /* Debug */,
				AEB9CA661E3FFC6A00C41F1A /* Release */,
			);
			defaultConfigurationIsVisible = 0;
		};
/* End XCConfigurationList section */
	};
	rootObject = AEB9CA451E3FFC6A00C41F1A /* Project object */;
}
