// !$*UTF8*$!
{
	archiveVersion = 1;
	classes = {
	};
	objectVersion = 46;
	objects = {

/* Begin PBXBuildFile section */
		AED4810E1E26E2B5004CC28C /* AppDelegate.swift in Sources */ = {isa = PBXBuildFile; fileRef = AED4810D1E26E2B5004CC28C /* AppDelegate.swift */; };
		AED481101E26E2B5004CC28C /* ViewController.swift in Sources */ = {isa = PBXBuildFile; fileRef = AED4810F1E26E2B5004CC28C /* ViewController.swift */; };
		AED481131E26E2B5004CC28C /* Main.storyboard in Resources */ = {isa = PBXBuildFile; fileRef = AED481111E26E2B5004CC28C /* Main.storyboard */; };
		AED481151E26E2B5004CC28C /* Assets.xcassets in Resources */ = {isa = PBXBuildFile; fileRef = AED481141E26E2B5004CC28C /* Assets.xcassets */; };
		AED481181E26E2B5004CC28C /* LaunchScreen.storyboard in Resources */ = {isa = PBXBuildFile; fileRef = AED481161E26E2B5004CC28C /* LaunchScreen.storyboard */; };
		AED481231E26E2B5004CC28C /* AutoLayoutExerciseTests.swift in Sources */ = {isa = PBXBuildFile; fileRef = AED481221E26E2B5004CC28C /* AutoLayoutExerciseTests.swift */; };
		AED4812E1E26E2B5004CC28C /* AutoLayoutExerciseUITests.swift in Sources */ = {isa = PBXBuildFile; fileRef = AED4812D1E26E2B5004CC28C /* AutoLayoutExerciseUITests.swift */; };
/* End PBXBuildFile section */

/* Begin PBXContainerItemProxy section */
		AED4811F1E26E2B5004CC28C /* PBXContainerItemProxy */ = {
			isa = PBXContainerItemProxy;
			containerPortal = AED481021E26E2B5004CC28C /* Project object */;
			proxyType = 1;
			remoteGlobalIDString = AED481091E26E2B5004CC28C;
			remoteInfo = AutoLayoutExercise;
		};
		AED4812A1E26E2B5004CC28C /* PBXContainerItemProxy */ = {
			isa = PBXContainerItemProxy;
			containerPortal = AED481021E26E2B5004CC28C /* Project object */;
			proxyType = 1;
			remoteGlobalIDString = AED481091E26E2B5004CC28C;
			remoteInfo = AutoLayoutExercise;
		};
/* End PBXContainerItemProxy section */

/* Begin PBXFileReference section */
		AED4810A1E26E2B5004CC28C /* AutoLayoutExercise.app */ = {isa = PBXFileReference; explicitFileType = wrapper.application; includeInIndex = 0; path = AutoLayoutExercise.app; sourceTree = BUILT_PRODUCTS_DIR; };
		AED4810D1E26E2B5004CC28C /* AppDelegate.swift */ = {isa = PBXFileReference; lastKnownFileType = sourcecode.swift; path = AppDelegate.swift; sourceTree = "<group>"; };
		AED4810F1E26E2B5004CC28C /* ViewController.swift */ = {isa = PBXFileReference; lastKnownFileType = sourcecode.swift; path = ViewController.swift; sourceTree = "<group>"; };
		AED481121E26E2B5004CC28C /* Base */ = {isa = PBXFileReference; lastKnownFileType = file.storyboard; name = Base; path = Base.lproj/Main.storyboard; sourceTree = "<group>"; };
		AED481141E26E2B5004CC28C /* Assets.xcassets */ = {isa = PBXFileReference; lastKnownFileType = folder.assetcatalog; path = Assets.xcassets; sourceTree = "<group>"; };
		AED481171E26E2B5004CC28C /* Base */ = {isa = PBXFileReference; lastKnownFileType = file.storyboard; name = Base; path = Base.lproj/LaunchScreen.storyboard; sourceTree = "<group>"; };
		AED481191E26E2B5004CC28C /* Info.plist */ = {isa = PBXFileReference; lastKnownFileType = text.plist.xml; path = Info.plist; sourceTree = "<group>"; };
		AED4811E1E26E2B5004CC28C /* AutoLayoutExerciseTests.xctest */ = {isa = PBXFileReference; explicitFileType = wrapper.cfbundle; includeInIndex = 0; path = AutoLayoutExerciseTests.xctest; sourceTree = BUILT_PRODUCTS_DIR; };
		AED481221E26E2B5004CC28C /* AutoLayoutExerciseTests.swift */ = {isa = PBXFileReference; lastKnownFileType = sourcecode.swift; path = AutoLayoutExerciseTests.swift; sourceTree = "<group>"; };
		AED481241E26E2B5004CC28C /* Info.plist */ = {isa = PBXFileReference; lastKnownFileType = text.plist.xml; path = Info.plist; sourceTree = "<group>"; };
		AED481291E26E2B5004CC28C /* AutoLayoutExerciseUITests.xctest */ = {isa = PBXFileReference; explicitFileType = wrapper.cfbundle; includeInIndex = 0; path = AutoLayoutExerciseUITests.xctest; sourceTree = BUILT_PRODUCTS_DIR; };
		AED4812D1E26E2B5004CC28C /* AutoLayoutExerciseUITests.swift */ = {isa = PBXFileReference; lastKnownFileType = sourcecode.swift; path = AutoLayoutExerciseUITests.swift; sourceTree = "<group>"; };
		AED4812F1E26E2B5004CC28C /* Info.plist */ = {isa = PBXFileReference; lastKnownFileType = text.plist.xml; path = Info.plist; sourceTree = "<group>"; };
/* End PBXFileReference section */

/* Begin PBXFrameworksBuildPhase section */
		AED481071E26E2B5004CC28C /* Frameworks */ = {
			isa = PBXFrameworksBuildPhase;
			buildActionMask = 2147483647;
			files = (
			);
			runOnlyForDeploymentPostprocessing = 0;
		};
		AED4811B1E26E2B5004CC28C /* Frameworks */ = {
			isa = PBXFrameworksBuildPhase;
			buildActionMask = 2147483647;
			files = (
			);
			runOnlyForDeploymentPostprocessing = 0;
		};
		AED481261E26E2B5004CC28C /* Frameworks */ = {
			isa = PBXFrameworksBuildPhase;
			buildActionMask = 2147483647;
			files = (
			);
			runOnlyForDeploymentPostprocessing = 0;
		};
/* End PBXFrameworksBuildPhase section */

/* Begin PBXGroup section */
		AED481011E26E2B5004CC28C = {
			isa = PBXGroup;
			children = (
				AED4810C1E26E2B5004CC28C /* AutoLayoutExercise */,
				AED481211E26E2B5004CC28C /* AutoLayoutExerciseTests */,
				AED4812C1E26E2B5004CC28C /* AutoLayoutExerciseUITests */,
				AED4810B1E26E2B5004CC28C /* Products */,
			);
			sourceTree = "<group>";
		};
		AED4810B1E26E2B5004CC28C /* Products */ = {
			isa = PBXGroup;
			children = (
				AED4810A1E26E2B5004CC28C /* AutoLayoutExercise.app */,
				AED4811E1E26E2B5004CC28C /* AutoLayoutExerciseTests.xctest */,
				AED481291E26E2B5004CC28C /* AutoLayoutExerciseUITests.xctest */,
			);
			name = Products;
			sourceTree = "<group>";
		};
		AED4810C1E26E2B5004CC28C /* AutoLayoutExercise */ = {
			isa = PBXGroup;
			children = (
				AED4810D1E26E2B5004CC28C /* AppDelegate.swift */,
				AED4810F1E26E2B5004CC28C /* ViewController.swift */,
				AED481111E26E2B5004CC28C /* Main.storyboard */,
				AED481141E26E2B5004CC28C /* Assets.xcassets */,
				AED481161E26E2B5004CC28C /* LaunchScreen.storyboard */,
				AED481191E26E2B5004CC28C /* Info.plist */,
			);
			path = AutoLayoutExercise;
			sourceTree = "<group>";
		};
		AED481211E26E2B5004CC28C /* AutoLayoutExerciseTests */ = {
			isa = PBXGroup;
			children = (
				AED481221E26E2B5004CC28C /* AutoLayoutExerciseTests.swift */,
				AED481241E26E2B5004CC28C /* Info.plist */,
			);
			path = AutoLayoutExerciseTests;
			sourceTree = "<group>";
		};
		AED4812C1E26E2B5004CC28C /* AutoLayoutExerciseUITests */ = {
			isa = PBXGroup;
			children = (
				AED4812D1E26E2B5004CC28C /* AutoLayoutExerciseUITests.swift */,
				AED4812F1E26E2B5004CC28C /* Info.plist */,
			);
			path = AutoLayoutExerciseUITests;
			sourceTree = "<group>";
		};
/* End PBXGroup section */

/* Begin PBXNativeTarget section */
		AED481091E26E2B5004CC28C /* AutoLayoutExercise */ = {
			isa = PBXNativeTarget;
			buildConfigurationList = AED481321E26E2B5004CC28C /* Build configuration list for PBXNativeTarget "AutoLayoutExercise" */;
			buildPhases = (
				AED481061E26E2B5004CC28C /* Sources */,
				AED481071E26E2B5004CC28C /* Frameworks */,
				AED481081E26E2B5004CC28C /* Resources */,
			);
			buildRules = (
			);
			dependencies = (
			);
			name = AutoLayoutExercise;
			productName = AutoLayoutExercise;
			productReference = AED4810A1E26E2B5004CC28C /* AutoLayoutExercise.app */;
			productType = "com.apple.product-type.application";
		};
		AED4811D1E26E2B5004CC28C /* AutoLayoutExerciseTests */ = {
			isa = PBXNativeTarget;
			buildConfigurationList = AED481351E26E2B5004CC28C /* Build configuration list for PBXNativeTarget "AutoLayoutExerciseTests" */;
			buildPhases = (
				AED4811A1E26E2B5004CC28C /* Sources */,
				AED4811B1E26E2B5004CC28C /* Frameworks */,
				AED4811C1E26E2B5004CC28C /* Resources */,
			);
			buildRules = (
			);
			dependencies = (
				AED481201E26E2B5004CC28C /* PBXTargetDependency */,
			);
			name = AutoLayoutExerciseTests;
			productName = AutoLayoutExerciseTests;
			productReference = AED4811E1E26E2B5004CC28C /* AutoLayoutExerciseTests.xctest */;
			productType = "com.apple.product-type.bundle.unit-test";
		};
		AED481281E26E2B5004CC28C /* AutoLayoutExerciseUITests */ = {
			isa = PBXNativeTarget;
			buildConfigurationList = AED481381E26E2B5004CC28C /* Build configuration list for PBXNativeTarget "AutoLayoutExerciseUITests" */;
			buildPhases = (
				AED481251E26E2B5004CC28C /* Sources */,
				AED481261E26E2B5004CC28C /* Frameworks */,
				AED481271E26E2B5004CC28C /* Resources */,
			);
			buildRules = (
			);
			dependencies = (
				AED4812B1E26E2B5004CC28C /* PBXTargetDependency */,
			);
			name = AutoLayoutExerciseUITests;
			productName = AutoLayoutExerciseUITests;
			productReference = AED481291E26E2B5004CC28C /* AutoLayoutExerciseUITests.xctest */;
			productType = "com.apple.product-type.bundle.ui-testing";
		};
/* End PBXNativeTarget section */

/* Begin PBXProject section */
		AED481021E26E2B5004CC28C /* Project object */ = {
			isa = PBXProject;
			attributes = {
				LastSwiftUpdateCheck = 0820;
				LastUpgradeCheck = 0820;
				ORGANIZATIONNAME = "Jacob Landman";
				TargetAttributes = {
					AED481091E26E2B5004CC28C = {
						CreatedOnToolsVersion = 8.2.1;
						DevelopmentTeam = MBLBPAM74V;
						ProvisioningStyle = Automatic;
					};
					AED4811D1E26E2B5004CC28C = {
						CreatedOnToolsVersion = 8.2.1;
						DevelopmentTeam = MBLBPAM74V;
						ProvisioningStyle = Automatic;
						TestTargetID = AED481091E26E2B5004CC28C;
					};
					AED481281E26E2B5004CC28C = {
						CreatedOnToolsVersion = 8.2.1;
						DevelopmentTeam = MBLBPAM74V;
						ProvisioningStyle = Automatic;
						TestTargetID = AED481091E26E2B5004CC28C;
					};
				};
			};
			buildConfigurationList = AED481051E26E2B5004CC28C /* Build configuration list for PBXProject "AutoLayoutExercise" */;
			compatibilityVersion = "Xcode 3.2";
			developmentRegion = English;
			hasScannedForEncodings = 0;
			knownRegions = (
				en,
				Base,
			);
			mainGroup = AED481011E26E2B5004CC28C;
			productRefGroup = AED4810B1E26E2B5004CC28C /* Products */;
			projectDirPath = "";
			projectRoot = "";
			targets = (
				AED481091E26E2B5004CC28C /* AutoLayoutExercise */,
				AED4811D1E26E2B5004CC28C /* AutoLayoutExerciseTests */,
				AED481281E26E2B5004CC28C /* AutoLayoutExerciseUITests */,
			);
		};
/* End PBXProject section */

/* Begin PBXResourcesBuildPhase section */
		AED481081E26E2B5004CC28C /* Resources */ = {
			isa = PBXResourcesBuildPhase;
			buildActionMask = 2147483647;
			files = (
				AED481181E26E2B5004CC28C /* LaunchScreen.storyboard in Resources */,
				AED481151E26E2B5004CC28C /* Assets.xcassets in Resources */,
				AED481131E26E2B5004CC28C /* Main.storyboard in Resources */,
			);
			runOnlyForDeploymentPostprocessing = 0;
		};
		AED4811C1E26E2B5004CC28C /* Resources */ = {
			isa = PBXResourcesBuildPhase;
			buildActionMask = 2147483647;
			files = (
			);
			runOnlyForDeploymentPostprocessing = 0;
		};
		AED481271E26E2B5004CC28C /* Resources */ = {
			isa = PBXResourcesBuildPhase;
			buildActionMask = 2147483647;
			files = (
			);
			runOnlyForDeploymentPostprocessing = 0;
		};
/* End PBXResourcesBuildPhase section */

/* Begin PBXSourcesBuildPhase section */
		AED481061E26E2B5004CC28C /* Sources */ = {
			isa = PBXSourcesBuildPhase;
			buildActionMask = 2147483647;
			files = (
				AED481101E26E2B5004CC28C /* ViewController.swift in Sources */,
				AED4810E1E26E2B5004CC28C /* AppDelegate.swift in Sources */,
			);
			runOnlyForDeploymentPostprocessing = 0;
		};
		AED4811A1E26E2B5004CC28C /* Sources */ = {
			isa = PBXSourcesBuildPhase;
			buildActionMask = 2147483647;
			files = (
				AED481231E26E2B5004CC28C /* AutoLayoutExerciseTests.swift in Sources */,
			);
			runOnlyForDeploymentPostprocessing = 0;
		};
		AED481251E26E2B5004CC28C /* Sources */ = {
			isa = PBXSourcesBuildPhase;
			buildActionMask = 2147483647;
			files = (
				AED4812E1E26E2B5004CC28C /* AutoLayoutExerciseUITests.swift in Sources */,
			);
			runOnlyForDeploymentPostprocessing = 0;
		};
/* End PBXSourcesBuildPhase section */

/* Begin PBXTargetDependency section */
		AED481201E26E2B5004CC28C /* PBXTargetDependency */ = {
			isa = PBXTargetDependency;
			target = AED481091E26E2B5004CC28C /* AutoLayoutExercise */;
			targetProxy = AED4811F1E26E2B5004CC28C /* PBXContainerItemProxy */;
		};
		AED4812B1E26E2B5004CC28C /* PBXTargetDependency */ = {
			isa = PBXTargetDependency;
			target = AED481091E26E2B5004CC28C /* AutoLayoutExercise */;
			targetProxy = AED4812A1E26E2B5004CC28C /* PBXContainerItemProxy */;
		};
/* End PBXTargetDependency section */

/* Begin PBXVariantGroup section */
		AED481111E26E2B5004CC28C /* Main.storyboard */ = {
			isa = PBXVariantGroup;
			children = (
				AED481121E26E2B5004CC28C /* Base */,
			);
			name = Main.storyboard;
			sourceTree = "<group>";
		};
		AED481161E26E2B5004CC28C /* LaunchScreen.storyboard */ = {
			isa = PBXVariantGroup;
			children = (
				AED481171E26E2B5004CC28C /* Base */,
			);
			name = LaunchScreen.storyboard;
			sourceTree = "<group>";
		};
/* End PBXVariantGroup section */

/* Begin XCBuildConfiguration section */
		AED481301E26E2B5004CC28C /* Debug */ = {
			isa = XCBuildConfiguration;
			buildSettings = {
				ALWAYS_SEARCH_USER_PATHS = NO;
				CLANG_ANALYZER_NONNULL = YES;
				CLANG_CXX_LANGUAGE_STANDARD = "gnu++0x";
				CLANG_CXX_LIBRARY = "libc++";
				CLANG_ENABLE_MODULES = YES;
				CLANG_ENABLE_OBJC_ARC = YES;
				CLANG_WARN_BOOL_CONVERSION = YES;
				CLANG_WARN_CONSTANT_CONVERSION = YES;
				CLANG_WARN_DIRECT_OBJC_ISA_USAGE = YES_ERROR;
				CLANG_WARN_DOCUMENTATION_COMMENTS = YES;
				CLANG_WARN_EMPTY_BODY = YES;
				CLANG_WARN_ENUM_CONVERSION = YES;
				CLANG_WARN_INFINITE_RECURSION = YES;
				CLANG_WARN_INT_CONVERSION = YES;
				CLANG_WARN_OBJC_ROOT_CLASS = YES_ERROR;
				CLANG_WARN_SUSPICIOUS_MOVE = YES;
				CLANG_WARN_UNREACHABLE_CODE = YES;
				CLANG_WARN__DUPLICATE_METHOD_MATCH = YES;
				"CODE_SIGN_IDENTITY[sdk=iphoneos*]" = "iPhone Developer";
				COPY_PHASE_STRIP = NO;
				DEBUG_INFORMATION_FORMAT = dwarf;
				ENABLE_STRICT_OBJC_MSGSEND = YES;
				ENABLE_TESTABILITY = YES;
				GCC_C_LANGUAGE_STANDARD = gnu99;
				GCC_DYNAMIC_NO_PIC = NO;
				GCC_NO_COMMON_BLOCKS = YES;
				GCC_OPTIMIZATION_LEVEL = 0;
				GCC_PREPROCESSOR_DEFINITIONS = (
					"DEBUG=1",
					"$(inherited)",
				);
				GCC_WARN_64_TO_32_BIT_CONVERSION = YES;
				GCC_WARN_ABOUT_RETURN_TYPE = YES_ERROR;
				GCC_WARN_UNDECLARED_SELECTOR = YES;
				GCC_WARN_UNINITIALIZED_AUTOS = YES_AGGRESSIVE;
				GCC_WARN_UNUSED_FUNCTION = YES;
				GCC_WARN_UNUSED_VARIABLE = YES;
				IPHONEOS_DEPLOYMENT_TARGET = 10.2;
				MTL_ENABLE_DEBUG_INFO = YES;
				ONLY_ACTIVE_ARCH = YES;
				SDKROOT = iphoneos;
				SWIFT_ACTIVE_COMPILATION_CONDITIONS = DEBUG;
				SWIFT_OPTIMIZATION_LEVEL = "-Onone";
				TARGETED_DEVICE_FAMILY = "1,2";
			};
			name = Debug;
		};
		AED481311E26E2B5004CC28C /* Release */ = {
			isa = XCBuildConfiguration;
			buildSettings = {
				ALWAYS_SEARCH_USER_PATHS = NO;
				CLANG_ANALYZER_NONNULL = YES;
				CLANG_CXX_LANGUAGE_STANDARD = "gnu++0x";
				CLANG_CXX_LIBRARY = "libc++";
				CLANG_ENABLE_MODULES = YES;
				CLANG_ENABLE_OBJC_ARC = YES;
				CLANG_WARN_BOOL_CONVERSION = YES;
				CLANG_WARN_CONSTANT_CONVERSION = YES;
				CLANG_WARN_DIRECT_OBJC_ISA_USAGE = YES_ERROR;
				CLANG_WARN_DOCUMENTATION_COMMENTS = YES;
				CLANG_WARN_EMPTY_BODY = YES;
				CLANG_WARN_ENUM_CONVERSION = YES;
				CLANG_WARN_INFINITE_RECURSION = YES;
				CLANG_WARN_INT_CONVERSION = YES;
				CLANG_WARN_OBJC_ROOT_CLASS = YES_ERROR;
				CLANG_WARN_SUSPICIOUS_MOVE = YES;
				CLANG_WARN_UNREACHABLE_CODE = YES;
				CLANG_WARN__DUPLICATE_METHOD_MATCH = YES;
				"CODE_SIGN_IDENTITY[sdk=iphoneos*]" = "iPhone Developer";
				COPY_PHASE_STRIP = NO;
				DEBUG_INFORMATION_FORMAT = "dwarf-with-dsym";
				ENABLE_NS_ASSERTIONS = NO;
				ENABLE_STRICT_OBJC_MSGSEND = YES;
				GCC_C_LANGUAGE_STANDARD = gnu99;
				GCC_NO_COMMON_BLOCKS = YES;
				GCC_WARN_64_TO_32_BIT_CONVERSION = YES;
				GCC_WARN_ABOUT_RETURN_TYPE = YES_ERROR;
				GCC_WARN_UNDECLARED_SELECTOR = YES;
				GCC_WARN_UNINITIALIZED_AUTOS = YES_AGGRESSIVE;
				GCC_WARN_UNUSED_FUNCTION = YES;
				GCC_WARN_UNUSED_VARIABLE = YES;
				IPHONEOS_DEPLOYMENT_TARGET = 10.2;
				MTL_ENABLE_DEBUG_INFO = NO;
				SDKROOT = iphoneos;
				SWIFT_OPTIMIZATION_LEVEL = "-Owholemodule";
				TARGETED_DEVICE_FAMILY = "1,2";
				VALIDATE_PRODUCT = YES;
			};
			name = Release;
		};
		AED481331E26E2B5004CC28C /* Debug */ = {
			isa = XCBuildConfiguration;
			buildSettings = {
				ASSETCATALOG_COMPILER_APPICON_NAME = AppIcon;
				DEVELOPMENT_TEAM = MBLBPAM74V;
				INFOPLIST_FILE = AutoLayoutExercise/Info.plist;
				LD_RUNPATH_SEARCH_PATHS = "$(inherited) @executable_path/Frameworks";
				PRODUCT_BUNDLE_IDENTIFIER = com.SSB.AutoLayoutExercise;
				PRODUCT_NAME = "$(TARGET_NAME)";
				SWIFT_VERSION = 3.0;
			};
			name = Debug;
		};
		AED481341E26E2B5004CC28C /* Release */ = {
			isa = XCBuildConfiguration;
			buildSettings = {
				ASSETCATALOG_COMPILER_APPICON_NAME = AppIcon;
				DEVELOPMENT_TEAM = MBLBPAM74V;
				INFOPLIST_FILE = AutoLayoutExercise/Info.plist;
				LD_RUNPATH_SEARCH_PATHS = "$(inherited) @executable_path/Frameworks";
				PRODUCT_BUNDLE_IDENTIFIER = com.SSB.AutoLayoutExercise;
				PRODUCT_NAME = "$(TARGET_NAME)";
				SWIFT_VERSION = 3.0;
			};
			name = Release;
		};
		AED481361E26E2B5004CC28C /* Debug */ = {
			isa = XCBuildConfiguration;
			buildSettings = {
				ALWAYS_EMBED_SWIFT_STANDARD_LIBRARIES = YES;
				BUNDLE_LOADER = "$(TEST_HOST)";
				DEVELOPMENT_TEAM = MBLBPAM74V;
				INFOPLIST_FILE = AutoLayoutExerciseTests/Info.plist;
				LD_RUNPATH_SEARCH_PATHS = "$(inherited) @executable_path/Frameworks @loader_path/Frameworks";
				PRODUCT_BUNDLE_IDENTIFIER = com.SSB.AutoLayoutExerciseTests;
				PRODUCT_NAME = "$(TARGET_NAME)";
				SWIFT_VERSION = 3.0;
				TEST_HOST = "$(BUILT_PRODUCTS_DIR)/AutoLayoutExercise.app/AutoLayoutExercise";
			};
			name = Debug;
		};
		AED481371E26E2B5004CC28C /* Release */ = {
			isa = XCBuildConfiguration;
			buildSettings = {
				ALWAYS_EMBED_SWIFT_STANDARD_LIBRARIES = YES;
				BUNDLE_LOADER = "$(TEST_HOST)";
				DEVELOPMENT_TEAM = MBLBPAM74V;
				INFOPLIST_FILE = AutoLayoutExerciseTests/Info.plist;
				LD_RUNPATH_SEARCH_PATHS = "$(inherited) @executable_path/Frameworks @loader_path/Frameworks";
				PRODUCT_BUNDLE_IDENTIFIER = com.SSB.AutoLayoutExerciseTests;
				PRODUCT_NAME = "$(TARGET_NAME)";
				SWIFT_VERSION = 3.0;
				TEST_HOST = "$(BUILT_PRODUCTS_DIR)/AutoLayoutExercise.app/AutoLayoutExercise";
			};
			name = Release;
		};
		AED481391E26E2B5004CC28C /* Debug */ = {
			isa = XCBuildConfiguration;
			buildSettings = {
				ALWAYS_EMBED_SWIFT_STANDARD_LIBRARIES = YES;
				DEVELOPMENT_TEAM = MBLBPAM74V;
				INFOPLIST_FILE = AutoLayoutExerciseUITests/Info.plist;
				LD_RUNPATH_SEARCH_PATHS = "$(inherited) @executable_path/Frameworks @loader_path/Frameworks";
				PRODUCT_BUNDLE_IDENTIFIER = com.SSB.AutoLayoutExerciseUITests;
				PRODUCT_NAME = "$(TARGET_NAME)";
				SWIFT_VERSION = 3.0;
				TEST_TARGET_NAME = AutoLayoutExercise;
			};
			name = Debug;
		};
		AED4813A1E26E2B5004CC28C /* Release */ = {
			isa = XCBuildConfiguration;
			buildSettings = {
				ALWAYS_EMBED_SWIFT_STANDARD_LIBRARIES = YES;
				DEVELOPMENT_TEAM = MBLBPAM74V;
				INFOPLIST_FILE = AutoLayoutExerciseUITests/Info.plist;
				LD_RUNPATH_SEARCH_PATHS = "$(inherited) @executable_path/Frameworks @loader_path/Frameworks";
				PRODUCT_BUNDLE_IDENTIFIER = com.SSB.AutoLayoutExerciseUITests;
				PRODUCT_NAME = "$(TARGET_NAME)";
				SWIFT_VERSION = 3.0;
				TEST_TARGET_NAME = AutoLayoutExercise;
			};
			name = Release;
		};
/* End XCBuildConfiguration section */

/* Begin XCConfigurationList section */
		AED481051E26E2B5004CC28C /* Build configuration list for PBXProject "AutoLayoutExercise" */ = {
			isa = XCConfigurationList;
			buildConfigurations = (
				AED481301E26E2B5004CC28C /* Debug */,
				AED481311E26E2B5004CC28C /* Release */,
			);
			defaultConfigurationIsVisible = 0;
			defaultConfigurationName = Release;
		};
		AED481321E26E2B5004CC28C /* Build configuration list for PBXNativeTarget "AutoLayoutExercise" */ = {
			isa = XCConfigurationList;
			buildConfigurations = (
				AED481331E26E2B5004CC28C /* Debug */,
				AED481341E26E2B5004CC28C /* Release */,
			);
			defaultConfigurationIsVisible = 0;
		};
		AED481351E26E2B5004CC28C /* Build configuration list for PBXNativeTarget "AutoLayoutExerciseTests" */ = {
			isa = XCConfigurationList;
			buildConfigurations = (
				AED481361E26E2B5004CC28C /* Debug */,
				AED481371E26E2B5004CC28C /* Release */,
			);
			defaultConfigurationIsVisible = 0;
		};
		AED481381E26E2B5004CC28C /* Build configuration list for PBXNativeTarget "AutoLayoutExerciseUITests" */ = {
			isa = XCConfigurationList;
			buildConfigurations = (
				AED481391E26E2B5004CC28C /* Debug */,
				AED4813A1E26E2B5004CC28C /* Release */,
			);
			defaultConfigurationIsVisible = 0;
		};
/* End XCConfigurationList section */
	};
	rootObject = AED481021E26E2B5004CC28C /* Project object */;
}
