// !$*UTF8*$!
{
	archiveVersion = 1;
	classes = {
	};
	objectVersion = 46;
	objects = {

/* Begin PBXBuildFile section */
		AE6218881E2D61F2006B3D10 /* AppDelegate.swift in Sources */ = {isa = PBXBuildFile; fileRef = AE62187F1E2D61F2006B3D10 /* AppDelegate.swift */; };
		AE6218891E2D61F2006B3D10 /* Assets.xcassets in Resources */ = {isa = PBXBuildFile; fileRef = AE6218801E2D61F2006B3D10 /* Assets.xcassets */; };
		AE62188A1E2D61F2006B3D10 /* LaunchScreen.storyboard in Resources */ = {isa = PBXBuildFile; fileRef = AE6218811E2D61F2006B3D10 /* LaunchScreen.storyboard */; };
		AE62188B1E2D61F2006B3D10 /* Main.storyboard in Resources */ = {isa = PBXBuildFile; fileRef = AE6218831E2D61F2006B3D10 /* Main.storyboard */; };
		AE62188C1E2D61F2006B3D10 /* Info.plist in Resources */ = {isa = PBXBuildFile; fileRef = AE6218851E2D61F2006B3D10 /* Info.plist */; };
		AE62188D1E2D61F2006B3D10 /* pokemon.csv in Resources */ = {isa = PBXBuildFile; fileRef = AE6218861E2D61F2006B3D10 /* pokemon.csv */; };
		AE62188E1E2D61F2006B3D10 /* ViewController.swift in Sources */ = {isa = PBXBuildFile; fileRef = AE6218871E2D61F2006B3D10 /* ViewController.swift */; };
		AE6218931E2D6226006B3D10 /* Pokemon.swift in Sources */ = {isa = PBXBuildFile; fileRef = AE6218921E2D6226006B3D10 /* Pokemon.swift */; };
		AE6218951E2D6657006B3D10 /* PokeCell.swift in Sources */ = {isa = PBXBuildFile; fileRef = AE6218941E2D6657006B3D10 /* PokeCell.swift */; };
		D41B1BE7EDAE7C2FA4A05EE0 /* Pods_pokedex.framework in Frameworks */ = {isa = PBXBuildFile; fileRef = 48C433C78B8F2F0373D11D9C /* Pods_pokedex.framework */; };
/* End PBXBuildFile section */

/* Begin PBXFileReference section */
		48C433C78B8F2F0373D11D9C /* Pods_pokedex.framework */ = {isa = PBXFileReference; explicitFileType = wrapper.framework; includeInIndex = 0; path = Pods_pokedex.framework; sourceTree = BUILT_PRODUCTS_DIR; };
		A5D97AC3594C39059C708A6F /* Pods-pokedex.release.xcconfig */ = {isa = PBXFileReference; includeInIndex = 1; lastKnownFileType = text.xcconfig; name = "Pods-pokedex.release.xcconfig"; path = "Pods/Target Support Files/Pods-pokedex/Pods-pokedex.release.xcconfig"; sourceTree = "<group>"; };
		AE6218661E2D5D3F006B3D10 /* pokedex.app */ = {isa = PBXFileReference; explicitFileType = wrapper.application; includeInIndex = 0; path = pokedex.app; sourceTree = BUILT_PRODUCTS_DIR; };
		AE62187F1E2D61F2006B3D10 /* AppDelegate.swift */ = {isa = PBXFileReference; fileEncoding = 4; lastKnownFileType = sourcecode.swift; path = AppDelegate.swift; sourceTree = "<group>"; };
		AE6218801E2D61F2006B3D10 /* Assets.xcassets */ = {isa = PBXFileReference; lastKnownFileType = folder.assetcatalog; path = Assets.xcassets; sourceTree = "<group>"; };
		AE6218821E2D61F2006B3D10 /* Base */ = {isa = PBXFileReference; lastKnownFileType = file.storyboard; name = Base; path = Base.lproj/LaunchScreen.storyboard; sourceTree = "<group>"; };
		AE6218841E2D61F2006B3D10 /* Base */ = {isa = PBXFileReference; lastKnownFileType = file.storyboard; name = Base; path = Base.lproj/Main.storyboard; sourceTree = "<group>"; };
		AE6218851E2D61F2006B3D10 /* Info.plist */ = {isa = PBXFileReference; fileEncoding = 4; lastKnownFileType = text.plist.xml; path = Info.plist; sourceTree = "<group>"; };
		AE6218861E2D61F2006B3D10 /* pokemon.csv */ = {isa = PBXFileReference; fileEncoding = 4; lastKnownFileType = text; path = pokemon.csv; sourceTree = "<group>"; };
		AE6218871E2D61F2006B3D10 /* ViewController.swift */ = {isa = PBXFileReference; fileEncoding = 4; lastKnownFileType = sourcecode.swift; path = ViewController.swift; sourceTree = "<group>"; };
		AE6218921E2D6226006B3D10 /* Pokemon.swift */ = {isa = PBXFileReference; fileEncoding = 4; lastKnownFileType = sourcecode.swift; path = Pokemon.swift; sourceTree = "<group>"; };
		AE6218941E2D6657006B3D10 /* PokeCell.swift */ = {isa = PBXFileReference; fileEncoding = 4; lastKnownFileType = sourcecode.swift; path = PokeCell.swift; sourceTree = "<group>"; };
		B415969D8C354E9D58B8814F /* Pods-pokedex.debug.xcconfig */ = {isa = PBXFileReference; includeInIndex = 1; lastKnownFileType = text.xcconfig; name = "Pods-pokedex.debug.xcconfig"; path = "Pods/Target Support Files/Pods-pokedex/Pods-pokedex.debug.xcconfig"; sourceTree = "<group>"; };
/* End PBXFileReference section */

/* Begin PBXFrameworksBuildPhase section */
		AE6218631E2D5D3F006B3D10 /* Frameworks */ = {
			isa = PBXFrameworksBuildPhase;
			buildActionMask = 2147483647;
			files = (
				D41B1BE7EDAE7C2FA4A05EE0 /* Pods_pokedex.framework in Frameworks */,
			);
			runOnlyForDeploymentPostprocessing = 0;
		};
/* End PBXFrameworksBuildPhase section */

/* Begin PBXGroup section */
		378F89B94977754407E680E5 /* Pods */ = {
			isa = PBXGroup;
			children = (
				B415969D8C354E9D58B8814F /* Pods-pokedex.debug.xcconfig */,
				A5D97AC3594C39059C708A6F /* Pods-pokedex.release.xcconfig */,
			);
			name = Pods;
			sourceTree = "<group>";
		};
		AE62185D1E2D5D3F006B3D10 = {
			isa = PBXGroup;
			children = (
				AE62187E1E2D61F2006B3D10 /* pokedex */,
				AE6218671E2D5D3F006B3D10 /* Products */,
				378F89B94977754407E680E5 /* Pods */,
				CAED0D251CA0C7C76257DCCF /* Frameworks */,
			);
			sourceTree = "<group>";
		};
		AE6218671E2D5D3F006B3D10 /* Products */ = {
			isa = PBXGroup;
			children = (
				AE6218661E2D5D3F006B3D10 /* pokedex.app */,
			);
			name = Products;
			sourceTree = "<group>";
		};
		AE62187E1E2D61F2006B3D10 /* pokedex */ = {
			isa = PBXGroup;
			children = (
				AE6218911E2D6203006B3D10 /* Model */,
				AE6218901E2D61FF006B3D10 /* View */,
				AE62188F1E2D61F8006B3D10 /* Controller */,
				AE62187F1E2D61F2006B3D10 /* AppDelegate.swift */,
				AE6218801E2D61F2006B3D10 /* Assets.xcassets */,
				AE6218861E2D61F2006B3D10 /* pokemon.csv */,
				AE6218811E2D61F2006B3D10 /* LaunchScreen.storyboard */,
				AE6218831E2D61F2006B3D10 /* Main.storyboard */,
				AE6218851E2D61F2006B3D10 /* Info.plist */,
			);
			path = pokedex;
			sourceTree = "<group>";
		};
		AE62188F1E2D61F8006B3D10 /* Controller */ = {
			isa = PBXGroup;
			children = (
				AE6218871E2D61F2006B3D10 /* ViewController.swift */,
			);
			name = Controller;
			sourceTree = "<group>";
		};
		AE6218901E2D61FF006B3D10 /* View */ = {
			isa = PBXGroup;
			children = (
				AE6218941E2D6657006B3D10 /* PokeCell.swift */,
			);
			name = View;
			sourceTree = "<group>";
		};
		AE6218911E2D6203006B3D10 /* Model */ = {
			isa = PBXGroup;
			children = (
				AE6218921E2D6226006B3D10 /* Pokemon.swift */,
			);
			name = Model;
			sourceTree = "<group>";
		};
		CAED0D251CA0C7C76257DCCF /* Frameworks */ = {
			isa = PBXGroup;
			children = (
				48C433C78B8F2F0373D11D9C /* Pods_pokedex.framework */,
			);
			name = Frameworks;
			sourceTree = "<group>";
		};
/* End PBXGroup section */

/* Begin PBXNativeTarget section */
		AE6218651E2D5D3F006B3D10 /* pokedex */ = {
			isa = PBXNativeTarget;
			buildConfigurationList = AE6218781E2D5D3F006B3D10 /* Build configuration list for PBXNativeTarget "pokedex" */;
			buildPhases = (
				A1B35ABFB473C17A44B5C90D /* [CP] Check Pods Manifest.lock */,
				AE6218621E2D5D3F006B3D10 /* Sources */,
				AE6218631E2D5D3F006B3D10 /* Frameworks */,
				AE6218641E2D5D3F006B3D10 /* Resources */,
				7F0C7FE56766DFE823730506 /* [CP] Embed Pods Frameworks */,
				755AF0F6BD41A51EE557D89C /* [CP] Copy Pods Resources */,
			);
			buildRules = (
			);
			dependencies = (
			);
			name = pokedex;
			productName = pokedex;
			productReference = AE6218661E2D5D3F006B3D10 /* pokedex.app */;
			productType = "com.apple.product-type.application";
		};
/* End PBXNativeTarget section */

/* Begin PBXProject section */
		AE62185E1E2D5D3F006B3D10 /* Project object */ = {
			isa = PBXProject;
			attributes = {
				LastSwiftUpdateCheck = 0820;
				LastUpgradeCheck = 0820;
				ORGANIZATIONNAME = "Jacob Landman";
				TargetAttributes = {
					AE6218651E2D5D3F006B3D10 = {
						CreatedOnToolsVersion = 8.2.1;
						DevelopmentTeam = E294R2UKFW;
						ProvisioningStyle = Automatic;
					};
				};
			};
			buildConfigurationList = AE6218611E2D5D3F006B3D10 /* Build configuration list for PBXProject "pokedex" */;
			compatibilityVersion = "Xcode 3.2";
			developmentRegion = English;
			hasScannedForEncodings = 0;
			knownRegions = (
				en,
				Base,
			);
			mainGroup = AE62185D1E2D5D3F006B3D10;
			productRefGroup = AE6218671E2D5D3F006B3D10 /* Products */;
			projectDirPath = "";
			projectRoot = "";
			targets = (
				AE6218651E2D5D3F006B3D10 /* pokedex */,
			);
		};
/* End PBXProject section */

/* Begin PBXResourcesBuildPhase section */
		AE6218641E2D5D3F006B3D10 /* Resources */ = {
			isa = PBXResourcesBuildPhase;
			buildActionMask = 2147483647;
			files = (
				AE62188C1E2D61F2006B3D10 /* Info.plist in Resources */,
				AE62188B1E2D61F2006B3D10 /* Main.storyboard in Resources */,
				AE6218891E2D61F2006B3D10 /* Assets.xcassets in Resources */,
				AE62188A1E2D61F2006B3D10 /* LaunchScreen.storyboard in Resources */,
				AE62188D1E2D61F2006B3D10 /* pokemon.csv in Resources */,
			);
			runOnlyForDeploymentPostprocessing = 0;
		};
/* End PBXResourcesBuildPhase section */

/* Begin PBXShellScriptBuildPhase section */
		755AF0F6BD41A51EE557D89C /* [CP] Copy Pods Resources */ = {
			isa = PBXShellScriptBuildPhase;
			buildActionMask = 2147483647;
			files = (
			);
			inputPaths = (
			);
			name = "[CP] Copy Pods Resources";
			outputPaths = (
			);
			runOnlyForDeploymentPostprocessing = 0;
			shellPath = /bin/sh;
			shellScript = "\"${SRCROOT}/Pods/Target Support Files/Pods-pokedex/Pods-pokedex-resources.sh\"\n";
			showEnvVarsInLog = 0;
		};
		7F0C7FE56766DFE823730506 /* [CP] Embed Pods Frameworks */ = {
			isa = PBXShellScriptBuildPhase;
			buildActionMask = 2147483647;
			files = (
			);
			inputPaths = (
			);
			name = "[CP] Embed Pods Frameworks";
			outputPaths = (
			);
			runOnlyForDeploymentPostprocessing = 0;
			shellPath = /bin/sh;
			shellScript = "\"${SRCROOT}/Pods/Target Support Files/Pods-pokedex/Pods-pokedex-frameworks.sh\"\n";
			showEnvVarsInLog = 0;
		};
		A1B35ABFB473C17A44B5C90D /* [CP] Check Pods Manifest.lock */ = {
			isa = PBXShellScriptBuildPhase;
			buildActionMask = 2147483647;
			files = (
			);
			inputPaths = (
			);
			name = "[CP] Check Pods Manifest.lock";
			outputPaths = (
			);
			runOnlyForDeploymentPostprocessing = 0;
			shellPath = /bin/sh;
			shellScript = "diff \"${PODS_ROOT}/../Podfile.lock\" \"${PODS_ROOT}/Manifest.lock\" > /dev/null\nif [ $? != 0 ] ; then\n    # print error to STDERR\n    echo \"error: The sandbox is not in sync with the Podfile.lock. Run 'pod install' or update your CocoaPods installation.\" >&2\n    exit 1\nfi\n";
			showEnvVarsInLog = 0;
		};
/* End PBXShellScriptBuildPhase section */

/* Begin PBXSourcesBuildPhase section */
		AE6218621E2D5D3F006B3D10 /* Sources */ = {
			isa = PBXSourcesBuildPhase;
			buildActionMask = 2147483647;
			files = (
				AE6218951E2D6657006B3D10 /* PokeCell.swift in Sources */,
				AE62188E1E2D61F2006B3D10 /* ViewController.swift in Sources */,
				AE6218881E2D61F2006B3D10 /* AppDelegate.swift in Sources */,
				AE6218931E2D6226006B3D10 /* Pokemon.swift in Sources */,
			);
			runOnlyForDeploymentPostprocessing = 0;
		};
/* End PBXSourcesBuildPhase section */

/* Begin PBXVariantGroup section */
		AE6218811E2D61F2006B3D10 /* LaunchScreen.storyboard */ = {
			isa = PBXVariantGroup;
			children = (
				AE6218821E2D61F2006B3D10 /* Base */,
			);
			name = LaunchScreen.storyboard;
			sourceTree = "<group>";
		};
		AE6218831E2D61F2006B3D10 /* Main.storyboard */ = {
			isa = PBXVariantGroup;
			children = (
				AE6218841E2D61F2006B3D10 /* Base */,
			);
			name = Main.storyboard;
			sourceTree = "<group>";
		};
/* End PBXVariantGroup section */

/* Begin XCBuildConfiguration section */
		AE6218761E2D5D3F006B3D10 /* Debug */ = {
			isa = XCBuildConfiguration;
			buildSettings = {
				ALWAYS_SEARCH_USER_PATHS = NO;
				CLANG_ANALYZER_NONNULL = YES;
				CLANG_CXX_LANGUAGE_STANDARD = "gnu++0x";
				CLANG_CXX_LIBRARY = "libc++";
				CLANG_ENABLE_MODULES = YES;
				CLANG_ENABLE_OBJC_ARC = YES;
				CLANG_WARN_BOOL_CONVERSION = YES;
				CLANG_WARN_CONSTANT_CONVERSION = YES;
				CLANG_WARN_DIRECT_OBJC_ISA_USAGE = YES_ERROR;
				CLANG_WARN_DOCUMENTATION_COMMENTS = YES;
				CLANG_WARN_EMPTY_BODY = YES;
				CLANG_WARN_ENUM_CONVERSION = YES;
				CLANG_WARN_INFINITE_RECURSION = YES;
				CLANG_WARN_INT_CONVERSION = YES;
				CLANG_WARN_OBJC_ROOT_CLASS = YES_ERROR;
				CLANG_WARN_SUSPICIOUS_MOVE = YES;
				CLANG_WARN_UNREACHABLE_CODE = YES;
				CLANG_WARN__DUPLICATE_METHOD_MATCH = YES;
				"CODE_SIGN_IDENTITY[sdk=iphoneos*]" = "iPhone Developer";
				COPY_PHASE_STRIP = NO;
				DEBUG_INFORMATION_FORMAT = dwarf;
				ENABLE_STRICT_OBJC_MSGSEND = YES;
				ENABLE_TESTABILITY = YES;
				GCC_C_LANGUAGE_STANDARD = gnu99;
				GCC_DYNAMIC_NO_PIC = NO;
				GCC_NO_COMMON_BLOCKS = YES;
				GCC_OPTIMIZATION_LEVEL = 0;
				GCC_PREPROCESSOR_DEFINITIONS = (
					"DEBUG=1",
					"$(inherited)",
				);
				GCC_WARN_64_TO_32_BIT_CONVERSION = YES;
				GCC_WARN_ABOUT_RETURN_TYPE = YES_ERROR;
				GCC_WARN_UNDECLARED_SELECTOR = YES;
				GCC_WARN_UNINITIALIZED_AUTOS = YES_AGGRESSIVE;
				GCC_WARN_UNUSED_FUNCTION = YES;
				GCC_WARN_UNUSED_VARIABLE = YES;
				IPHONEOS_DEPLOYMENT_TARGET = 10.2;
				MTL_ENABLE_DEBUG_INFO = YES;
				ONLY_ACTIVE_ARCH = YES;
				SDKROOT = iphoneos;
				SWIFT_ACTIVE_COMPILATION_CONDITIONS = DEBUG;
				SWIFT_OPTIMIZATION_LEVEL = "-Onone";
				TARGETED_DEVICE_FAMILY = "1,2";
			};
			name = Debug;
		};
		AE6218771E2D5D3F006B3D10 /* Release */ = {
			isa = XCBuildConfiguration;
			buildSettings = {
				ALWAYS_SEARCH_USER_PATHS = NO;
				CLANG_ANALYZER_NONNULL = YES;
				CLANG_CXX_LANGUAGE_STANDARD = "gnu++0x";
				CLANG_CXX_LIBRARY = "libc++";
				CLANG_ENABLE_MODULES = YES;
				CLANG_ENABLE_OBJC_ARC = YES;
				CLANG_WARN_BOOL_CONVERSION = YES;
				CLANG_WARN_CONSTANT_CONVERSION = YES;
				CLANG_WARN_DIRECT_OBJC_ISA_USAGE = YES_ERROR;
				CLANG_WARN_DOCUMENTATION_COMMENTS = YES;
				CLANG_WARN_EMPTY_BODY = YES;
				CLANG_WARN_ENUM_CONVERSION = YES;
				CLANG_WARN_INFINITE_RECURSION = YES;
				CLANG_WARN_INT_CONVERSION = YES;
				CLANG_WARN_OBJC_ROOT_CLASS = YES_ERROR;
				CLANG_WARN_SUSPICIOUS_MOVE = YES;
				CLANG_WARN_UNREACHABLE_CODE = YES;
				CLANG_WARN__DUPLICATE_METHOD_MATCH = YES;
				"CODE_SIGN_IDENTITY[sdk=iphoneos*]" = "iPhone Developer";
				COPY_PHASE_STRIP = NO;
				DEBUG_INFORMATION_FORMAT = "dwarf-with-dsym";
				ENABLE_NS_ASSERTIONS = NO;
				ENABLE_STRICT_OBJC_MSGSEND = YES;
				GCC_C_LANGUAGE_STANDARD = gnu99;
				GCC_NO_COMMON_BLOCKS = YES;
				GCC_WARN_64_TO_32_BIT_CONVERSION = YES;
				GCC_WARN_ABOUT_RETURN_TYPE = YES_ERROR;
				GCC_WARN_UNDECLARED_SELECTOR = YES;
				GCC_WARN_UNINITIALIZED_AUTOS = YES_AGGRESSIVE;
				GCC_WARN_UNUSED_FUNCTION = YES;
				GCC_WARN_UNUSED_VARIABLE = YES;
				IPHONEOS_DEPLOYMENT_TARGET = 10.2;
				MTL_ENABLE_DEBUG_INFO = NO;
				SDKROOT = iphoneos;
				SWIFT_OPTIMIZATION_LEVEL = "-Owholemodule";
				TARGETED_DEVICE_FAMILY = "1,2";
				VALIDATE_PRODUCT = YES;
			};
			name = Release;
		};
		AE6218791E2D5D3F006B3D10 /* Debug */ = {
			isa = XCBuildConfiguration;
			baseConfigurationReference = B415969D8C354E9D58B8814F /* Pods-pokedex.debug.xcconfig */;
			buildSettings = {
				ASSETCATALOG_COMPILER_APPICON_NAME = AppIcon;
				DEVELOPMENT_TEAM = E294R2UKFW;
				INFOPLIST_FILE = pokedex/Info.plist;
				LD_RUNPATH_SEARCH_PATHS = "$(inherited) @executable_path/Frameworks";
				PRODUCT_BUNDLE_IDENTIFIER = com.SSB.pokedex;
				PRODUCT_NAME = "$(TARGET_NAME)";
				SWIFT_VERSION = 3.0;
			};
			name = Debug;
		};
		AE62187A1E2D5D3F006B3D10 /* Release */ = {
			isa = XCBuildConfiguration;
			baseConfigurationReference = A5D97AC3594C39059C708A6F /* Pods-pokedex.release.xcconfig */;
			buildSettings = {
				ASSETCATALOG_COMPILER_APPICON_NAME = AppIcon;
				DEVELOPMENT_TEAM = E294R2UKFW;
				INFOPLIST_FILE = pokedex/Info.plist;
				LD_RUNPATH_SEARCH_PATHS = "$(inherited) @executable_path/Frameworks";
				PRODUCT_BUNDLE_IDENTIFIER = com.SSB.pokedex;
				PRODUCT_NAME = "$(TARGET_NAME)";
				SWIFT_VERSION = 3.0;
			};
			name = Release;
		};
/* End XCBuildConfiguration section */

/* Begin XCConfigurationList section */
		AE6218611E2D5D3F006B3D10 /* Build configuration list for PBXProject "pokedex" */ = {
			isa = XCConfigurationList;
			buildConfigurations = (
				AE6218761E2D5D3F006B3D10 /* Debug */,
				AE6218771E2D5D3F006B3D10 /* Release */,
			);
			defaultConfigurationIsVisible = 0;
			defaultConfigurationName = Release;
		};
		AE6218781E2D5D3F006B3D10 /* Build configuration list for PBXNativeTarget "pokedex" */ = {
			isa = XCConfigurationList;
			buildConfigurations = (
				AE6218791E2D5D3F006B3D10 /* Debug */,
				AE62187A1E2D5D3F006B3D10 /* Release */,
			);
			defaultConfigurationIsVisible = 0;
			defaultConfigurationName = Release;
		};
/* End XCConfigurationList section */
	};
	rootObject = AE62185E1E2D5D3F006B3D10 /* Project object */;
}
