// !$*UTF8*$!
{
	archiveVersion = 1;
	classes = {
	};
	objectVersion = 46;
	objects = {

/* Begin PBXBuildFile section */
		AE7EC8E41E28275E00075682 /* AppDelegate.swift in Sources */ = {isa = PBXBuildFile; fileRef = AE7EC8E31E28275E00075682 /* AppDelegate.swift */; };
		AE7EC8E91E28275E00075682 /* Main.storyboard in Resources */ = {isa = PBXBuildFile; fileRef = AE7EC8E71E28275E00075682 /* Main.storyboard */; };
		AE7EC8EC1E28275E00075682 /* DreamLister.xcdatamodeld in Sources */ = {isa = PBXBuildFile; fileRef = AE7EC8EA1E28275E00075682 /* DreamLister.xcdatamodeld */; };
		AE7EC8EE1E28275E00075682 /* Assets.xcassets in Resources */ = {isa = PBXBuildFile; fileRef = AE7EC8ED1E28275E00075682 /* Assets.xcassets */; };
		AE7EC8F11E28275E00075682 /* LaunchScreen.storyboard in Resources */ = {isa = PBXBuildFile; fileRef = AE7EC8EF1E28275E00075682 /* LaunchScreen.storyboard */; };
		AE7EC9001E282B9000075682 /* Item+CoreDataClass.swift in Sources */ = {isa = PBXBuildFile; fileRef = AE7EC8F81E282B9000075682 /* Item+CoreDataClass.swift */; };
		AE7EC9011E282B9000075682 /* Item+CoreDataProperties.swift in Sources */ = {isa = PBXBuildFile; fileRef = AE7EC8F91E282B9000075682 /* Item+CoreDataProperties.swift */; };
		AE7EC9021E282B9000075682 /* ItemType+CoreDataClass.swift in Sources */ = {isa = PBXBuildFile; fileRef = AE7EC8FA1E282B9000075682 /* ItemType+CoreDataClass.swift */; };
		AE7EC9031E282B9000075682 /* ItemType+CoreDataProperties.swift in Sources */ = {isa = PBXBuildFile; fileRef = AE7EC8FB1E282B9000075682 /* ItemType+CoreDataProperties.swift */; };
		AE7EC9041E282B9000075682 /* Image+CoreDataClass.swift in Sources */ = {isa = PBXBuildFile; fileRef = AE7EC8FC1E282B9000075682 /* Image+CoreDataClass.swift */; };
		AE7EC9051E282B9000075682 /* Image+CoreDataProperties.swift in Sources */ = {isa = PBXBuildFile; fileRef = AE7EC8FD1E282B9000075682 /* Image+CoreDataProperties.swift */; };
		AE7EC9061E282B9000075682 /* Store+CoreDataClass.swift in Sources */ = {isa = PBXBuildFile; fileRef = AE7EC8FE1E282B9000075682 /* Store+CoreDataClass.swift */; };
		AE7EC9071E282B9000075682 /* Store+CoreDataProperties.swift in Sources */ = {isa = PBXBuildFile; fileRef = AE7EC8FF1E282B9000075682 /* Store+CoreDataProperties.swift */; };
		AE7EC90D1E2832D700075682 /* MaterialView.swift in Sources */ = {isa = PBXBuildFile; fileRef = AE7EC90C1E2832D700075682 /* MaterialView.swift */; };
		AE7EC90F1E2834B000075682 /* ItemCell.swift in Sources */ = {isa = PBXBuildFile; fileRef = AE7EC90E1E2834B000075682 /* ItemCell.swift */; };
		AE7EC9131E28419F00075682 /* CustomTextField.swift in Sources */ = {isa = PBXBuildFile; fileRef = AE7EC9121E28419F00075682 /* CustomTextField.swift */; };
		AEE468931E39AB3200AD49BE /* ItemDetailsVC.swift in Sources */ = {isa = PBXBuildFile; fileRef = AEE468921E39AB3200AD49BE /* ItemDetailsVC.swift */; };
		AEE468951E39AB3700AD49BE /* MainVC.swift in Sources */ = {isa = PBXBuildFile; fileRef = AEE468941E39AB3700AD49BE /* MainVC.swift */; };
/* End PBXBuildFile section */

/* Begin PBXFileReference section */
		AE7EC8E01E28275E00075682 /* DreamLister.app */ = {isa = PBXFileReference; explicitFileType = wrapper.application; includeInIndex = 0; path = DreamLister.app; sourceTree = BUILT_PRODUCTS_DIR; };
		AE7EC8E31E28275E00075682 /* AppDelegate.swift */ = {isa = PBXFileReference; lastKnownFileType = sourcecode.swift; path = AppDelegate.swift; sourceTree = "<group>"; };
		AE7EC8E81E28275E00075682 /* Base */ = {isa = PBXFileReference; lastKnownFileType = file.storyboard; name = Base; path = Base.lproj/Main.storyboard; sourceTree = "<group>"; };
		AE7EC8EB1E28275E00075682 /* DreamLister.xcdatamodel */ = {isa = PBXFileReference; lastKnownFileType = wrapper.xcdatamodel; path = DreamLister.xcdatamodel; sourceTree = "<group>"; };
		AE7EC8ED1E28275E00075682 /* Assets.xcassets */ = {isa = PBXFileReference; lastKnownFileType = folder.assetcatalog; path = Assets.xcassets; sourceTree = "<group>"; };
		AE7EC8F01E28275E00075682 /* Base */ = {isa = PBXFileReference; lastKnownFileType = file.storyboard; name = Base; path = Base.lproj/LaunchScreen.storyboard; sourceTree = "<group>"; };
		AE7EC8F21E28275E00075682 /* Info.plist */ = {isa = PBXFileReference; lastKnownFileType = text.plist.xml; path = Info.plist; sourceTree = "<group>"; };
		AE7EC8F81E282B9000075682 /* Item+CoreDataClass.swift */ = {isa = PBXFileReference; fileEncoding = 4; lastKnownFileType = sourcecode.swift; path = "Item+CoreDataClass.swift"; sourceTree = "<group>"; };
		AE7EC8F91E282B9000075682 /* Item+CoreDataProperties.swift */ = {isa = PBXFileReference; fileEncoding = 4; lastKnownFileType = sourcecode.swift; path = "Item+CoreDataProperties.swift"; sourceTree = "<group>"; };
		AE7EC8FA1E282B9000075682 /* ItemType+CoreDataClass.swift */ = {isa = PBXFileReference; fileEncoding = 4; lastKnownFileType = sourcecode.swift; path = "ItemType+CoreDataClass.swift"; sourceTree = "<group>"; };
		AE7EC8FB1E282B9000075682 /* ItemType+CoreDataProperties.swift */ = {isa = PBXFileReference; fileEncoding = 4; lastKnownFileType = sourcecode.swift; path = "ItemType+CoreDataProperties.swift"; sourceTree = "<group>"; };
		AE7EC8FC1E282B9000075682 /* Image+CoreDataClass.swift */ = {isa = PBXFileReference; fileEncoding = 4; lastKnownFileType = sourcecode.swift; path = "Image+CoreDataClass.swift"; sourceTree = "<group>"; };
		AE7EC8FD1E282B9000075682 /* Image+CoreDataProperties.swift */ = {isa = PBXFileReference; fileEncoding = 4; lastKnownFileType = sourcecode.swift; path = "Image+CoreDataProperties.swift"; sourceTree = "<group>"; };
		AE7EC8FE1E282B9000075682 /* Store+CoreDataClass.swift */ = {isa = PBXFileReference; fileEncoding = 4; lastKnownFileType = sourcecode.swift; path = "Store+CoreDataClass.swift"; sourceTree = "<group>"; };
		AE7EC8FF1E282B9000075682 /* Store+CoreDataProperties.swift */ = {isa = PBXFileReference; fileEncoding = 4; lastKnownFileType = sourcecode.swift; path = "Store+CoreDataProperties.swift"; sourceTree = "<group>"; };
		AE7EC90C1E2832D700075682 /* MaterialView.swift */ = {isa = PBXFileReference; fileEncoding = 4; lastKnownFileType = sourcecode.swift; path = MaterialView.swift; sourceTree = "<group>"; };
		AE7EC90E1E2834B000075682 /* ItemCell.swift */ = {isa = PBXFileReference; fileEncoding = 4; lastKnownFileType = sourcecode.swift; path = ItemCell.swift; sourceTree = "<group>"; };
		AE7EC9121E28419F00075682 /* CustomTextField.swift */ = {isa = PBXFileReference; fileEncoding = 4; lastKnownFileType = sourcecode.swift; path = CustomTextField.swift; sourceTree = "<group>"; };
		AEE468921E39AB3200AD49BE /* ItemDetailsVC.swift */ = {isa = PBXFileReference; fileEncoding = 4; lastKnownFileType = sourcecode.swift; path = ItemDetailsVC.swift; sourceTree = "<group>"; };
		AEE468941E39AB3700AD49BE /* MainVC.swift */ = {isa = PBXFileReference; fileEncoding = 4; lastKnownFileType = sourcecode.swift; path = MainVC.swift; sourceTree = "<group>"; };
/* End PBXFileReference section */

/* Begin PBXFrameworksBuildPhase section */
		AE7EC8DD1E28275E00075682 /* Frameworks */ = {
			isa = PBXFrameworksBuildPhase;
			buildActionMask = 2147483647;
			files = (
			);
			runOnlyForDeploymentPostprocessing = 0;
		};
/* End PBXFrameworksBuildPhase section */

/* Begin PBXGroup section */
		AE7EC8D71E28275E00075682 = {
			isa = PBXGroup;
			children = (
				AE7EC8E21E28275E00075682 /* DreamLister */,
				AE7EC8E11E28275E00075682 /* Products */,
			);
			sourceTree = "<group>";
		};
		AE7EC8E11E28275E00075682 /* Products */ = {
			isa = PBXGroup;
			children = (
				AE7EC8E01E28275E00075682 /* DreamLister.app */,
			);
			name = Products;
			sourceTree = "<group>";
		};
		AE7EC8E21E28275E00075682 /* DreamLister */ = {
			isa = PBXGroup;
			children = (
				AE7EC90B1E282BCA00075682 /* Controller */,
				AE7EC90A1E282BC500075682 /* View */,
				AE7EC9081E282B9800075682 /* Model */,
				AE7EC8E31E28275E00075682 /* AppDelegate.swift */,
				AE7EC8E71E28275E00075682 /* Main.storyboard */,
				AE7EC8EF1E28275E00075682 /* LaunchScreen.storyboard */,
				AE7EC8ED1E28275E00075682 /* Assets.xcassets */,
				AE7EC8F21E28275E00075682 /* Info.plist */,
				AE7EC8EA1E28275E00075682 /* DreamLister.xcdatamodeld */,
			);
			path = DreamLister;
			sourceTree = "<group>";
		};
		AE7EC9081E282B9800075682 /* Model */ = {
			isa = PBXGroup;
			children = (
				AE7EC8F81E282B9000075682 /* Item+CoreDataClass.swift */,
				AE7EC8FA1E282B9000075682 /* ItemType+CoreDataClass.swift */,
				AE7EC8FC1E282B9000075682 /* Image+CoreDataClass.swift */,
				AE7EC8FE1E282B9000075682 /* Store+CoreDataClass.swift */,
				AE7EC9091E282B9E00075682 /* Generated */,
			);
			name = Model;
			sourceTree = "<group>";
		};
		AE7EC9091E282B9E00075682 /* Generated */ = {
			isa = PBXGroup;
			children = (
				AE7EC8F91E282B9000075682 /* Item+CoreDataProperties.swift */,
				AE7EC8FB1E282B9000075682 /* ItemType+CoreDataProperties.swift */,
				AE7EC8FD1E282B9000075682 /* Image+CoreDataProperties.swift */,
				AE7EC8FF1E282B9000075682 /* Store+CoreDataProperties.swift */,
			);
			name = Generated;
			sourceTree = "<group>";
		};
		AE7EC90A1E282BC500075682 /* View */ = {
			isa = PBXGroup;
			children = (
				AE7EC90C1E2832D700075682 /* MaterialView.swift */,
				AE7EC90E1E2834B000075682 /* ItemCell.swift */,
			);
			name = View;
			sourceTree = "<group>";
		};
		AE7EC90B1E282BCA00075682 /* Controller */ = {
			isa = PBXGroup;
			children = (
				AEE468941E39AB3700AD49BE /* MainVC.swift */,
				AE7EC9121E28419F00075682 /* CustomTextField.swift */,
				AEE468921E39AB3200AD49BE /* ItemDetailsVC.swift */,
			);
			name = Controller;
			sourceTree = "<group>";
		};
/* End PBXGroup section */

/* Begin PBXNativeTarget section */
		AE7EC8DF1E28275E00075682 /* DreamLister */ = {
			isa = PBXNativeTarget;
			buildConfigurationList = AE7EC8F51E28275E00075682 /* Build configuration list for PBXNativeTarget "DreamLister" */;
			buildPhases = (
				AE7EC8DC1E28275E00075682 /* Sources */,
				AE7EC8DD1E28275E00075682 /* Frameworks */,
				AE7EC8DE1E28275E00075682 /* Resources */,
			);
			buildRules = (
			);
			dependencies = (
			);
			name = DreamLister;
			productName = DreamLister;
			productReference = AE7EC8E01E28275E00075682 /* DreamLister.app */;
			productType = "com.apple.product-type.application";
		};
/* End PBXNativeTarget section */

/* Begin PBXProject section */
		AE7EC8D81E28275E00075682 /* Project object */ = {
			isa = PBXProject;
			attributes = {
				LastSwiftUpdateCheck = 0820;
				LastUpgradeCheck = 0820;
				ORGANIZATIONNAME = "Jacob Landman";
				TargetAttributes = {
					AE7EC8DF1E28275E00075682 = {
						CreatedOnToolsVersion = 8.2.1;
						DevelopmentTeam = MBLBPAM74V;
						ProvisioningStyle = Automatic;
					};
				};
			};
			buildConfigurationList = AE7EC8DB1E28275E00075682 /* Build configuration list for PBXProject "DreamLister" */;
			compatibilityVersion = "Xcode 3.2";
			developmentRegion = English;
			hasScannedForEncodings = 0;
			knownRegions = (
				en,
				Base,
			);
			mainGroup = AE7EC8D71E28275E00075682;
			productRefGroup = AE7EC8E11E28275E00075682 /* Products */;
			projectDirPath = "";
			projectRoot = "";
			targets = (
				AE7EC8DF1E28275E00075682 /* DreamLister */,
			);
		};
/* End PBXProject section */

/* Begin PBXResourcesBuildPhase section */
		AE7EC8DE1E28275E00075682 /* Resources */ = {
			isa = PBXResourcesBuildPhase;
			buildActionMask = 2147483647;
			files = (
				AE7EC8F11E28275E00075682 /* LaunchScreen.storyboard in Resources */,
				AE7EC8EE1E28275E00075682 /* Assets.xcassets in Resources */,
				AE7EC8E91E28275E00075682 /* Main.storyboard in Resources */,
			);
			runOnlyForDeploymentPostprocessing = 0;
		};
/* End PBXResourcesBuildPhase section */

/* Begin PBXSourcesBuildPhase section */
		AE7EC8DC1E28275E00075682 /* Sources */ = {
			isa = PBXSourcesBuildPhase;
			buildActionMask = 2147483647;
			files = (
				AE7EC9051E282B9000075682 /* Image+CoreDataProperties.swift in Sources */,
				AEE468951E39AB3700AD49BE /* MainVC.swift in Sources */,
				AE7EC90F1E2834B000075682 /* ItemCell.swift in Sources */,
				AE7EC9021E282B9000075682 /* ItemType+CoreDataClass.swift in Sources */,
				AE7EC90D1E2832D700075682 /* MaterialView.swift in Sources */,
				AE7EC8E41E28275E00075682 /* AppDelegate.swift in Sources */,
				AE7EC9071E282B9000075682 /* Store+CoreDataProperties.swift in Sources */,
				AE7EC9041E282B9000075682 /* Image+CoreDataClass.swift in Sources */,
				AE7EC9001E282B9000075682 /* Item+CoreDataClass.swift in Sources */,
				AEE468931E39AB3200AD49BE /* ItemDetailsVC.swift in Sources */,
				AE7EC8EC1E28275E00075682 /* DreamLister.xcdatamodeld in Sources */,
				AE7EC9061E282B9000075682 /* Store+CoreDataClass.swift in Sources */,
				AE7EC9031E282B9000075682 /* ItemType+CoreDataProperties.swift in Sources */,
				AE7EC9011E282B9000075682 /* Item+CoreDataProperties.swift in Sources */,
				AE7EC9131E28419F00075682 /* CustomTextField.swift in Sources */,
			);
			runOnlyForDeploymentPostprocessing = 0;
		};
/* End PBXSourcesBuildPhase section */

/* Begin PBXVariantGroup section */
		AE7EC8E71E28275E00075682 /* Main.storyboard */ = {
			isa = PBXVariantGroup;
			children = (
				AE7EC8E81E28275E00075682 /* Base */,
			);
			name = Main.storyboard;
			sourceTree = "<group>";
		};
		AE7EC8EF1E28275E00075682 /* LaunchScreen.storyboard */ = {
			isa = PBXVariantGroup;
			children = (
				AE7EC8F01E28275E00075682 /* Base */,
			);
			name = LaunchScreen.storyboard;
			sourceTree = "<group>";
		};
/* End PBXVariantGroup section */

/* Begin XCBuildConfiguration section */
		AE7EC8F31E28275E00075682 /* Debug */ = {
			isa = XCBuildConfiguration;
			buildSettings = {
				ALWAYS_SEARCH_USER_PATHS = NO;
				CLANG_ANALYZER_NONNULL = YES;
				CLANG_CXX_LANGUAGE_STANDARD = "gnu++0x";
				CLANG_CXX_LIBRARY = "libc++";
				CLANG_ENABLE_MODULES = YES;
				CLANG_ENABLE_OBJC_ARC = YES;
				CLANG_WARN_BOOL_CONVERSION = YES;
				CLANG_WARN_CONSTANT_CONVERSION = YES;
				CLANG_WARN_DIRECT_OBJC_ISA_USAGE = YES_ERROR;
				CLANG_WARN_DOCUMENTATION_COMMENTS = YES;
				CLANG_WARN_EMPTY_BODY = YES;
				CLANG_WARN_ENUM_CONVERSION = YES;
				CLANG_WARN_INFINITE_RECURSION = YES;
				CLANG_WARN_INT_CONVERSION = YES;
				CLANG_WARN_OBJC_ROOT_CLASS = YES_ERROR;
				CLANG_WARN_SUSPICIOUS_MOVE = YES;
				CLANG_WARN_UNREACHABLE_CODE = YES;
				CLANG_WARN__DUPLICATE_METHOD_MATCH = YES;
				"CODE_SIGN_IDENTITY[sdk=iphoneos*]" = "iPhone Developer";
				COPY_PHASE_STRIP = NO;
				DEBUG_INFORMATION_FORMAT = dwarf;
				ENABLE_STRICT_OBJC_MSGSEND = YES;
				ENABLE_TESTABILITY = YES;
				GCC_C_LANGUAGE_STANDARD = gnu99;
				GCC_DYNAMIC_NO_PIC = NO;
				GCC_NO_COMMON_BLOCKS = YES;
				GCC_OPTIMIZATION_LEVEL = 0;
				GCC_PREPROCESSOR_DEFINITIONS = (
					"DEBUG=1",
					"$(inherited)",
				);
				GCC_WARN_64_TO_32_BIT_CONVERSION = YES;
				GCC_WARN_ABOUT_RETURN_TYPE = YES_ERROR;
				GCC_WARN_UNDECLARED_SELECTOR = YES;
				GCC_WARN_UNINITIALIZED_AUTOS = YES_AGGRESSIVE;
				GCC_WARN_UNUSED_FUNCTION = YES;
				GCC_WARN_UNUSED_VARIABLE = YES;
				IPHONEOS_DEPLOYMENT_TARGET = 10.2;
				MTL_ENABLE_DEBUG_INFO = YES;
				ONLY_ACTIVE_ARCH = YES;
				SDKROOT = iphoneos;
				SWIFT_ACTIVE_COMPILATION_CONDITIONS = DEBUG;
				SWIFT_OPTIMIZATION_LEVEL = "-Onone";
				TARGETED_DEVICE_FAMILY = "1,2";
			};
			name = Debug;
		};
		AE7EC8F41E28275E00075682 /* Release */ = {
			isa = XCBuildConfiguration;
			buildSettings = {
				ALWAYS_SEARCH_USER_PATHS = NO;
				CLANG_ANALYZER_NONNULL = YES;
				CLANG_CXX_LANGUAGE_STANDARD = "gnu++0x";
				CLANG_CXX_LIBRARY = "libc++";
				CLANG_ENABLE_MODULES = YES;
				CLANG_ENABLE_OBJC_ARC = YES;
				CLANG_WARN_BOOL_CONVERSION = YES;
				CLANG_WARN_CONSTANT_CONVERSION = YES;
				CLANG_WARN_DIRECT_OBJC_ISA_USAGE = YES_ERROR;
				CLANG_WARN_DOCUMENTATION_COMMENTS = YES;
				CLANG_WARN_EMPTY_BODY = YES;
				CLANG_WARN_ENUM_CONVERSION = YES;
				CLANG_WARN_INFINITE_RECURSION = YES;
				CLANG_WARN_INT_CONVERSION = YES;
				CLANG_WARN_OBJC_ROOT_CLASS = YES_ERROR;
				CLANG_WARN_SUSPICIOUS_MOVE = YES;
				CLANG_WARN_UNREACHABLE_CODE = YES;
				CLANG_WARN__DUPLICATE_METHOD_MATCH = YES;
				"CODE_SIGN_IDENTITY[sdk=iphoneos*]" = "iPhone Developer";
				COPY_PHASE_STRIP = NO;
				DEBUG_INFORMATION_FORMAT = "dwarf-with-dsym";
				ENABLE_NS_ASSERTIONS = NO;
				ENABLE_STRICT_OBJC_MSGSEND = YES;
				GCC_C_LANGUAGE_STANDARD = gnu99;
				GCC_NO_COMMON_BLOCKS = YES;
				GCC_WARN_64_TO_32_BIT_CONVERSION = YES;
				GCC_WARN_ABOUT_RETURN_TYPE = YES_ERROR;
				GCC_WARN_UNDECLARED_SELECTOR = YES;
				GCC_WARN_UNINITIALIZED_AUTOS = YES_AGGRESSIVE;
				GCC_WARN_UNUSED_FUNCTION = YES;
				GCC_WARN_UNUSED_VARIABLE = YES;
				IPHONEOS_DEPLOYMENT_TARGET = 10.2;
				MTL_ENABLE_DEBUG_INFO = NO;
				SDKROOT = iphoneos;
				SWIFT_OPTIMIZATION_LEVEL = "-Owholemodule";
				TARGETED_DEVICE_FAMILY = "1,2";
				VALIDATE_PRODUCT = YES;
			};
			name = Release;
		};
		AE7EC8F61E28275E00075682 /* Debug */ = {
			isa = XCBuildConfiguration;
			buildSettings = {
				ASSETCATALOG_COMPILER_APPICON_NAME = AppIcon;
				DEVELOPMENT_TEAM = MBLBPAM74V;
				INFOPLIST_FILE = DreamLister/Info.plist;
				LD_RUNPATH_SEARCH_PATHS = "$(inherited) @executable_path/Frameworks";
				PRODUCT_BUNDLE_IDENTIFIER = com.SSB.DreamLister;
				PRODUCT_NAME = "$(TARGET_NAME)";
				SWIFT_VERSION = 3.0;
			};
			name = Debug;
		};
		AE7EC8F71E28275E00075682 /* Release */ = {
			isa = XCBuildConfiguration;
			buildSettings = {
				ASSETCATALOG_COMPILER_APPICON_NAME = AppIcon;
				DEVELOPMENT_TEAM = MBLBPAM74V;
				INFOPLIST_FILE = DreamLister/Info.plist;
				LD_RUNPATH_SEARCH_PATHS = "$(inherited) @executable_path/Frameworks";
				PRODUCT_BUNDLE_IDENTIFIER = com.SSB.DreamLister;
				PRODUCT_NAME = "$(TARGET_NAME)";
				SWIFT_VERSION = 3.0;
			};
			name = Release;
		};
/* End XCBuildConfiguration section */

/* Begin XCConfigurationList section */
		AE7EC8DB1E28275E00075682 /* Build configuration list for PBXProject "DreamLister" */ = {
			isa = XCConfigurationList;
			buildConfigurations = (
				AE7EC8F31E28275E00075682 /* Debug */,
				AE7EC8F41E28275E00075682 /* Release */,
			);
			defaultConfigurationIsVisible = 0;
			defaultConfigurationName = Release;
		};
		AE7EC8F51E28275E00075682 /* Build configuration list for PBXNativeTarget "DreamLister" */ = {
			isa = XCConfigurationList;
			buildConfigurations = (
				AE7EC8F61E28275E00075682 /* Debug */,
				AE7EC8F71E28275E00075682 /* Release */,
			);
			defaultConfigurationIsVisible = 0;
			defaultConfigurationName = Release;
		};
/* End XCConfigurationList section */

/* Begin XCVersionGroup section */
		AE7EC8EA1E28275E00075682 /* DreamLister.xcdatamodeld */ = {
			isa = XCVersionGroup;
			children = (
				AE7EC8EB1E28275E00075682 /* DreamLister.xcdatamodel */,
			);
			currentVersion = AE7EC8EB1E28275E00075682 /* DreamLister.xcdatamodel */;
			path = DreamLister.xcdatamodeld;
			sourceTree = "<group>";
			versionGroupType = wrapper.xcdatamodel;
		};
/* End XCVersionGroup section */
	};
	rootObject = AE7EC8D81E28275E00075682 /* Project object */;
}
