// !$*UTF8*$!
{
	archiveVersion = 1;
	classes = {
	};
	objectVersion = 46;
	objects = {

/* Begin PBXBuildFile section */
		AED480541E2599F2004CC28C /* AppDelegate.swift in Sources */ = {isa = PBXBuildFile; fileRef = AED480531E2599F2004CC28C /* AppDelegate.swift */; };
		AED480561E2599F2004CC28C /* LoginVC.swift in Sources */ = {isa = PBXBuildFile; fileRef = AED480551E2599F2004CC28C /* LoginVC.swift */; };
		AED4805B1E2599F2004CC28C /* Assets.xcassets in Resources */ = {isa = PBXBuildFile; fileRef = AED4805A1E2599F2004CC28C /* Assets.xcassets */; };
		AED4805E1E2599F2004CC28C /* LaunchScreen.storyboard in Resources */ = {isa = PBXBuildFile; fileRef = AED4805C1E2599F2004CC28C /* LaunchScreen.storyboard */; };
		AED480691E2599F2004CC28C /* SwappingScreensTests.swift in Sources */ = {isa = PBXBuildFile; fileRef = AED480681E2599F2004CC28C /* SwappingScreensTests.swift */; };
		AED480741E2599F2004CC28C /* SwappingScreensUITests.swift in Sources */ = {isa = PBXBuildFile; fileRef = AED480731E2599F2004CC28C /* SwappingScreensUITests.swift */; };
		AED480821E259AED004CC28C /* MusicListVC.swift in Sources */ = {isa = PBXBuildFile; fileRef = AED480811E259AED004CC28C /* MusicListVC.swift */; };
		AED480841E259C7C004CC28C /* Main.storyboard in Resources */ = {isa = PBXBuildFile; fileRef = AED480831E259C7C004CC28C /* Main.storyboard */; };
		AED480861E259D7B004CC28C /* PlaySongVC.swift in Sources */ = {isa = PBXBuildFile; fileRef = AED480851E259D7B004CC28C /* PlaySongVC.swift */; };
/* End PBXBuildFile section */

/* Begin PBXContainerItemProxy section */
		AED480651E2599F2004CC28C /* PBXContainerItemProxy */ = {
			isa = PBXContainerItemProxy;
			containerPortal = AED480481E2599F2004CC28C /* Project object */;
			proxyType = 1;
			remoteGlobalIDString = AED4804F1E2599F2004CC28C;
			remoteInfo = SwappingScreens;
		};
		AED480701E2599F2004CC28C /* PBXContainerItemProxy */ = {
			isa = PBXContainerItemProxy;
			containerPortal = AED480481E2599F2004CC28C /* Project object */;
			proxyType = 1;
			remoteGlobalIDString = AED4804F1E2599F2004CC28C;
			remoteInfo = SwappingScreens;
		};
/* End PBXContainerItemProxy section */

/* Begin PBXFileReference section */
		AED480501E2599F2004CC28C /* SwappingScreens.app */ = {isa = PBXFileReference; explicitFileType = wrapper.application; includeInIndex = 0; path = SwappingScreens.app; sourceTree = BUILT_PRODUCTS_DIR; };
		AED480531E2599F2004CC28C /* AppDelegate.swift */ = {isa = PBXFileReference; lastKnownFileType = sourcecode.swift; path = AppDelegate.swift; sourceTree = "<group>"; };
		AED480551E2599F2004CC28C /* LoginVC.swift */ = {isa = PBXFileReference; lastKnownFileType = sourcecode.swift; path = LoginVC.swift; sourceTree = "<group>"; };
		AED4805A1E2599F2004CC28C /* Assets.xcassets */ = {isa = PBXFileReference; lastKnownFileType = folder.assetcatalog; path = Assets.xcassets; sourceTree = "<group>"; };
		AED4805D1E2599F2004CC28C /* Base */ = {isa = PBXFileReference; lastKnownFileType = file.storyboard; name = Base; path = Base.lproj/LaunchScreen.storyboard; sourceTree = "<group>"; };
		AED4805F1E2599F2004CC28C /* Info.plist */ = {isa = PBXFileReference; lastKnownFileType = text.plist.xml; path = Info.plist; sourceTree = "<group>"; };
		AED480641E2599F2004CC28C /* SwappingScreensTests.xctest */ = {isa = PBXFileReference; explicitFileType = wrapper.cfbundle; includeInIndex = 0; path = SwappingScreensTests.xctest; sourceTree = BUILT_PRODUCTS_DIR; };
		AED480681E2599F2004CC28C /* SwappingScreensTests.swift */ = {isa = PBXFileReference; lastKnownFileType = sourcecode.swift; path = SwappingScreensTests.swift; sourceTree = "<group>"; };
		AED4806A1E2599F2004CC28C /* Info.plist */ = {isa = PBXFileReference; lastKnownFileType = text.plist.xml; path = Info.plist; sourceTree = "<group>"; };
		AED4806F1E2599F2004CC28C /* SwappingScreensUITests.xctest */ = {isa = PBXFileReference; explicitFileType = wrapper.cfbundle; includeInIndex = 0; path = SwappingScreensUITests.xctest; sourceTree = BUILT_PRODUCTS_DIR; };
		AED480731E2599F2004CC28C /* SwappingScreensUITests.swift */ = {isa = PBXFileReference; lastKnownFileType = sourcecode.swift; path = SwappingScreensUITests.swift; sourceTree = "<group>"; };
		AED480751E2599F2004CC28C /* Info.plist */ = {isa = PBXFileReference; lastKnownFileType = text.plist.xml; path = Info.plist; sourceTree = "<group>"; };
		AED480811E259AED004CC28C /* MusicListVC.swift */ = {isa = PBXFileReference; fileEncoding = 4; lastKnownFileType = sourcecode.swift; path = MusicListVC.swift; sourceTree = "<group>"; };
		AED480831E259C7C004CC28C /* Main.storyboard */ = {isa = PBXFileReference; fileEncoding = 4; lastKnownFileType = file.storyboard; path = Main.storyboard; sourceTree = "<group>"; };
		AED480851E259D7B004CC28C /* PlaySongVC.swift */ = {isa = PBXFileReference; fileEncoding = 4; lastKnownFileType = sourcecode.swift; path = PlaySongVC.swift; sourceTree = "<group>"; };
/* End PBXFileReference section */

/* Begin PBXFrameworksBuildPhase section */
		AED4804D1E2599F2004CC28C /* Frameworks */ = {
			isa = PBXFrameworksBuildPhase;
			buildActionMask = 2147483647;
			files = (
			);
			runOnlyForDeploymentPostprocessing = 0;
		};
		AED480611E2599F2004CC28C /* Frameworks */ = {
			isa = PBXFrameworksBuildPhase;
			buildActionMask = 2147483647;
			files = (
			);
			runOnlyForDeploymentPostprocessing = 0;
		};
		AED4806C1E2599F2004CC28C /* Frameworks */ = {
			isa = PBXFrameworksBuildPhase;
			buildActionMask = 2147483647;
			files = (
			);
			runOnlyForDeploymentPostprocessing = 0;
		};
/* End PBXFrameworksBuildPhase section */

/* Begin PBXGroup section */
		AED480471E2599F2004CC28C = {
			isa = PBXGroup;
			children = (
				AED480521E2599F2004CC28C /* SwappingScreens */,
				AED480671E2599F2004CC28C /* SwappingScreensTests */,
				AED480721E2599F2004CC28C /* SwappingScreensUITests */,
				AED480511E2599F2004CC28C /* Products */,
			);
			sourceTree = "<group>";
		};
		AED480511E2599F2004CC28C /* Products */ = {
			isa = PBXGroup;
			children = (
				AED480501E2599F2004CC28C /* SwappingScreens.app */,
				AED480641E2599F2004CC28C /* SwappingScreensTests.xctest */,
				AED4806F1E2599F2004CC28C /* SwappingScreensUITests.xctest */,
			);
			name = Products;
			sourceTree = "<group>";
		};
		AED480521E2599F2004CC28C /* SwappingScreens */ = {
			isa = PBXGroup;
			children = (
				AED480531E2599F2004CC28C /* AppDelegate.swift */,
				AED480551E2599F2004CC28C /* LoginVC.swift */,
				AED4805A1E2599F2004CC28C /* Assets.xcassets */,
				AED4805C1E2599F2004CC28C /* LaunchScreen.storyboard */,
				AED480831E259C7C004CC28C /* Main.storyboard */,
				AED4805F1E2599F2004CC28C /* Info.plist */,
				AED480811E259AED004CC28C /* MusicListVC.swift */,
				AED480851E259D7B004CC28C /* PlaySongVC.swift */,
			);
			path = SwappingScreens;
			sourceTree = "<group>";
		};
		AED480671E2599F2004CC28C /* SwappingScreensTests */ = {
			isa = PBXGroup;
			children = (
				AED480681E2599F2004CC28C /* SwappingScreensTests.swift */,
				AED4806A1E2599F2004CC28C /* Info.plist */,
			);
			path = SwappingScreensTests;
			sourceTree = "<group>";
		};
		AED480721E2599F2004CC28C /* SwappingScreensUITests */ = {
			isa = PBXGroup;
			children = (
				AED480731E2599F2004CC28C /* SwappingScreensUITests.swift */,
				AED480751E2599F2004CC28C /* Info.plist */,
			);
			path = SwappingScreensUITests;
			sourceTree = "<group>";
		};
/* End PBXGroup section */

/* Begin PBXNativeTarget section */
		AED4804F1E2599F2004CC28C /* SwappingScreens */ = {
			isa = PBXNativeTarget;
			buildConfigurationList = AED480781E2599F2004CC28C /* Build configuration list for PBXNativeTarget "SwappingScreens" */;
			buildPhases = (
				AED4804C1E2599F2004CC28C /* Sources */,
				AED4804D1E2599F2004CC28C /* Frameworks */,
				AED4804E1E2599F2004CC28C /* Resources */,
			);
			buildRules = (
			);
			dependencies = (
			);
			name = SwappingScreens;
			productName = SwappingScreens;
			productReference = AED480501E2599F2004CC28C /* SwappingScreens.app */;
			productType = "com.apple.product-type.application";
		};
		AED480631E2599F2004CC28C /* SwappingScreensTests */ = {
			isa = PBXNativeTarget;
			buildConfigurationList = AED4807B1E2599F2004CC28C /* Build configuration list for PBXNativeTarget "SwappingScreensTests" */;
			buildPhases = (
				AED480601E2599F2004CC28C /* Sources */,
				AED480611E2599F2004CC28C /* Frameworks */,
				AED480621E2599F2004CC28C /* Resources */,
			);
			buildRules = (
			);
			dependencies = (
				AED480661E2599F2004CC28C /* PBXTargetDependency */,
			);
			name = SwappingScreensTests;
			productName = SwappingScreensTests;
			productReference = AED480641E2599F2004CC28C /* SwappingScreensTests.xctest */;
			productType = "com.apple.product-type.bundle.unit-test";
		};
		AED4806E1E2599F2004CC28C /* SwappingScreensUITests */ = {
			isa = PBXNativeTarget;
			buildConfigurationList = AED4807E1E2599F2004CC28C /* Build configuration list for PBXNativeTarget "SwappingScreensUITests" */;
			buildPhases = (
				AED4806B1E2599F2004CC28C /* Sources */,
				AED4806C1E2599F2004CC28C /* Frameworks */,
				AED4806D1E2599F2004CC28C /* Resources */,
			);
			buildRules = (
			);
			dependencies = (
				AED480711E2599F2004CC28C /* PBXTargetDependency */,
			);
			name = SwappingScreensUITests;
			productName = SwappingScreensUITests;
			productReference = AED4806F1E2599F2004CC28C /* SwappingScreensUITests.xctest */;
			productType = "com.apple.product-type.bundle.ui-testing";
		};
/* End PBXNativeTarget section */

/* Begin PBXProject section */
		AED480481E2599F2004CC28C /* Project object */ = {
			isa = PBXProject;
			attributes = {
				LastSwiftUpdateCheck = 0820;
				LastUpgradeCheck = 0820;
				ORGANIZATIONNAME = "Jacob Landman";
				TargetAttributes = {
					AED4804F1E2599F2004CC28C = {
						CreatedOnToolsVersion = 8.2.1;
						DevelopmentTeam = MBLBPAM74V;
						ProvisioningStyle = Automatic;
					};
					AED480631E2599F2004CC28C = {
						CreatedOnToolsVersion = 8.2.1;
						DevelopmentTeam = MBLBPAM74V;
						ProvisioningStyle = Automatic;
						TestTargetID = AED4804F1E2599F2004CC28C;
					};
					AED4806E1E2599F2004CC28C = {
						CreatedOnToolsVersion = 8.2.1;
						DevelopmentTeam = MBLBPAM74V;
						ProvisioningStyle = Automatic;
						TestTargetID = AED4804F1E2599F2004CC28C;
					};
				};
			};
			buildConfigurationList = AED4804B1E2599F2004CC28C /* Build configuration list for PBXProject "SwappingScreens" */;
			compatibilityVersion = "Xcode 3.2";
			developmentRegion = English;
			hasScannedForEncodings = 0;
			knownRegions = (
				en,
				Base,
			);
			mainGroup = AED480471E2599F2004CC28C;
			productRefGroup = AED480511E2599F2004CC28C /* Products */;
			projectDirPath = "";
			projectRoot = "";
			targets = (
				AED4804F1E2599F2004CC28C /* SwappingScreens */,
				AED480631E2599F2004CC28C /* SwappingScreensTests */,
				AED4806E1E2599F2004CC28C /* SwappingScreensUITests */,
			);
		};
/* End PBXProject section */

/* Begin PBXResourcesBuildPhase section */
		AED4804E1E2599F2004CC28C /* Resources */ = {
			isa = PBXResourcesBuildPhase;
			buildActionMask = 2147483647;
			files = (
				AED480841E259C7C004CC28C /* Main.storyboard in Resources */,
				AED4805E1E2599F2004CC28C /* LaunchScreen.storyboard in Resources */,
				AED4805B1E2599F2004CC28C /* Assets.xcassets in Resources */,
			);
			runOnlyForDeploymentPostprocessing = 0;
		};
		AED480621E2599F2004CC28C /* Resources */ = {
			isa = PBXResourcesBuildPhase;
			buildActionMask = 2147483647;
			files = (
			);
			runOnlyForDeploymentPostprocessing = 0;
		};
		AED4806D1E2599F2004CC28C /* Resources */ = {
			isa = PBXResourcesBuildPhase;
			buildActionMask = 2147483647;
			files = (
			);
			runOnlyForDeploymentPostprocessing = 0;
		};
/* End PBXResourcesBuildPhase section */

/* Begin PBXSourcesBuildPhase section */
		AED4804C1E2599F2004CC28C /* Sources */ = {
			isa = PBXSourcesBuildPhase;
			buildActionMask = 2147483647;
			files = (
				AED480821E259AED004CC28C /* MusicListVC.swift in Sources */,
				AED480861E259D7B004CC28C /* PlaySongVC.swift in Sources */,
				AED480561E2599F2004CC28C /* LoginVC.swift in Sources */,
				AED480541E2599F2004CC28C /* AppDelegate.swift in Sources */,
			);
			runOnlyForDeploymentPostprocessing = 0;
		};
		AED480601E2599F2004CC28C /* Sources */ = {
			isa = PBXSourcesBuildPhase;
			buildActionMask = 2147483647;
			files = (
				AED480691E2599F2004CC28C /* SwappingScreensTests.swift in Sources */,
			);
			runOnlyForDeploymentPostprocessing = 0;
		};
		AED4806B1E2599F2004CC28C /* Sources */ = {
			isa = PBXSourcesBuildPhase;
			buildActionMask = 2147483647;
			files = (
				AED480741E2599F2004CC28C /* SwappingScreensUITests.swift in Sources */,
			);
			runOnlyForDeploymentPostprocessing = 0;
		};
/* End PBXSourcesBuildPhase section */

/* Begin PBXTargetDependency section */
		AED480661E2599F2004CC28C /* PBXTargetDependency */ = {
			isa = PBXTargetDependency;
			target = AED4804F1E2599F2004CC28C /* SwappingScreens */;
			targetProxy = AED480651E2599F2004CC28C /* PBXContainerItemProxy */;
		};
		AED480711E2599F2004CC28C /* PBXTargetDependency */ = {
			isa = PBXTargetDependency;
			target = AED4804F1E2599F2004CC28C /* SwappingScreens */;
			targetProxy = AED480701E2599F2004CC28C /* PBXContainerItemProxy */;
		};
/* End PBXTargetDependency section */

/* Begin PBXVariantGroup section */
		AED4805C1E2599F2004CC28C /* LaunchScreen.storyboard */ = {
			isa = PBXVariantGroup;
			children = (
				AED4805D1E2599F2004CC28C /* Base */,
			);
			name = LaunchScreen.storyboard;
			sourceTree = "<group>";
		};
/* End PBXVariantGroup section */

/* Begin XCBuildConfiguration section */
		AED480761E2599F2004CC28C /* Debug */ = {
			isa = XCBuildConfiguration;
			buildSettings = {
				ALWAYS_SEARCH_USER_PATHS = NO;
				CLANG_ANALYZER_NONNULL = YES;
				CLANG_CXX_LANGUAGE_STANDARD = "gnu++0x";
				CLANG_CXX_LIBRARY = "libc++";
				CLANG_ENABLE_MODULES = YES;
				CLANG_ENABLE_OBJC_ARC = YES;
				CLANG_WARN_BOOL_CONVERSION = YES;
				CLANG_WARN_CONSTANT_CONVERSION = YES;
				CLANG_WARN_DIRECT_OBJC_ISA_USAGE = YES_ERROR;
				CLANG_WARN_DOCUMENTATION_COMMENTS = YES;
				CLANG_WARN_EMPTY_BODY = YES;
				CLANG_WARN_ENUM_CONVERSION = YES;
				CLANG_WARN_INFINITE_RECURSION = YES;
				CLANG_WARN_INT_CONVERSION = YES;
				CLANG_WARN_OBJC_ROOT_CLASS = YES_ERROR;
				CLANG_WARN_SUSPICIOUS_MOVE = YES;
				CLANG_WARN_UNREACHABLE_CODE = YES;
				CLANG_WARN__DUPLICATE_METHOD_MATCH = YES;
				"CODE_SIGN_IDENTITY[sdk=iphoneos*]" = "iPhone Developer";
				COPY_PHASE_STRIP = NO;
				DEBUG_INFORMATION_FORMAT = dwarf;
				ENABLE_STRICT_OBJC_MSGSEND = YES;
				ENABLE_TESTABILITY = YES;
				GCC_C_LANGUAGE_STANDARD = gnu99;
				GCC_DYNAMIC_NO_PIC = NO;
				GCC_NO_COMMON_BLOCKS = YES;
				GCC_OPTIMIZATION_LEVEL = 0;
				GCC_PREPROCESSOR_DEFINITIONS = (
					"DEBUG=1",
					"$(inherited)",
				);
				GCC_WARN_64_TO_32_BIT_CONVERSION = YES;
				GCC_WARN_ABOUT_RETURN_TYPE = YES_ERROR;
				GCC_WARN_UNDECLARED_SELECTOR = YES;
				GCC_WARN_UNINITIALIZED_AUTOS = YES_AGGRESSIVE;
				GCC_WARN_UNUSED_FUNCTION = YES;
				GCC_WARN_UNUSED_VARIABLE = YES;
				IPHONEOS_DEPLOYMENT_TARGET = 10.2;
				MTL_ENABLE_DEBUG_INFO = YES;
				ONLY_ACTIVE_ARCH = YES;
				SDKROOT = iphoneos;
				SWIFT_ACTIVE_COMPILATION_CONDITIONS = DEBUG;
				SWIFT_OPTIMIZATION_LEVEL = "-Onone";
				TARGETED_DEVICE_FAMILY = "1,2";
			};
			name = Debug;
		};
		AED480771E2599F2004CC28C /* Release */ = {
			isa = XCBuildConfiguration;
			buildSettings = {
				ALWAYS_SEARCH_USER_PATHS = NO;
				CLANG_ANALYZER_NONNULL = YES;
				CLANG_CXX_LANGUAGE_STANDARD = "gnu++0x";
				CLANG_CXX_LIBRARY = "libc++";
				CLANG_ENABLE_MODULES = YES;
				CLANG_ENABLE_OBJC_ARC = YES;
				CLANG_WARN_BOOL_CONVERSION = YES;
				CLANG_WARN_CONSTANT_CONVERSION = YES;
				CLANG_WARN_DIRECT_OBJC_ISA_USAGE = YES_ERROR;
				CLANG_WARN_DOCUMENTATION_COMMENTS = YES;
				CLANG_WARN_EMPTY_BODY = YES;
				CLANG_WARN_ENUM_CONVERSION = YES;
				CLANG_WARN_INFINITE_RECURSION = YES;
				CLANG_WARN_INT_CONVERSION = YES;
				CLANG_WARN_OBJC_ROOT_CLASS = YES_ERROR;
				CLANG_WARN_SUSPICIOUS_MOVE = YES;
				CLANG_WARN_UNREACHABLE_CODE = YES;
				CLANG_WARN__DUPLICATE_METHOD_MATCH = YES;
				"CODE_SIGN_IDENTITY[sdk=iphoneos*]" = "iPhone Developer";
				COPY_PHASE_STRIP = NO;
				DEBUG_INFORMATION_FORMAT = "dwarf-with-dsym";
				ENABLE_NS_ASSERTIONS = NO;
				ENABLE_STRICT_OBJC_MSGSEND = YES;
				GCC_C_LANGUAGE_STANDARD = gnu99;
				GCC_NO_COMMON_BLOCKS = YES;
				GCC_WARN_64_TO_32_BIT_CONVERSION = YES;
				GCC_WARN_ABOUT_RETURN_TYPE = YES_ERROR;
				GCC_WARN_UNDECLARED_SELECTOR = YES;
				GCC_WARN_UNINITIALIZED_AUTOS = YES_AGGRESSIVE;
				GCC_WARN_UNUSED_FUNCTION = YES;
				GCC_WARN_UNUSED_VARIABLE = YES;
				IPHONEOS_DEPLOYMENT_TARGET = 10.2;
				MTL_ENABLE_DEBUG_INFO = NO;
				SDKROOT = iphoneos;
				SWIFT_OPTIMIZATION_LEVEL = "-Owholemodule";
				TARGETED_DEVICE_FAMILY = "1,2";
				VALIDATE_PRODUCT = YES;
			};
			name = Release;
		};
		AED480791E2599F2004CC28C /* Debug */ = {
			isa = XCBuildConfiguration;
			buildSettings = {
				ASSETCATALOG_COMPILER_APPICON_NAME = AppIcon;
				DEVELOPMENT_TEAM = MBLBPAM74V;
				INFOPLIST_FILE = SwappingScreens/Info.plist;
				LD_RUNPATH_SEARCH_PATHS = "$(inherited) @executable_path/Frameworks";
				PRODUCT_BUNDLE_IDENTIFIER = com.SSB.SwappingScreens;
				PRODUCT_NAME = "$(TARGET_NAME)";
				SWIFT_VERSION = 3.0;
			};
			name = Debug;
		};
		AED4807A1E2599F2004CC28C /* Release */ = {
			isa = XCBuildConfiguration;
			buildSettings = {
				ASSETCATALOG_COMPILER_APPICON_NAME = AppIcon;
				DEVELOPMENT_TEAM = MBLBPAM74V;
				INFOPLIST_FILE = SwappingScreens/Info.plist;
				LD_RUNPATH_SEARCH_PATHS = "$(inherited) @executable_path/Frameworks";
				PRODUCT_BUNDLE_IDENTIFIER = com.SSB.SwappingScreens;
				PRODUCT_NAME = "$(TARGET_NAME)";
				SWIFT_VERSION = 3.0;
			};
			name = Release;
		};
		AED4807C1E2599F2004CC28C /* Debug */ = {
			isa = XCBuildConfiguration;
			buildSettings = {
				ALWAYS_EMBED_SWIFT_STANDARD_LIBRARIES = YES;
				BUNDLE_LOADER = "$(TEST_HOST)";
				DEVELOPMENT_TEAM = MBLBPAM74V;
				INFOPLIST_FILE = SwappingScreensTests/Info.plist;
				LD_RUNPATH_SEARCH_PATHS = "$(inherited) @executable_path/Frameworks @loader_path/Frameworks";
				PRODUCT_BUNDLE_IDENTIFIER = com.SSB.SwappingScreensTests;
				PRODUCT_NAME = "$(TARGET_NAME)";
				SWIFT_VERSION = 3.0;
				TEST_HOST = "$(BUILT_PRODUCTS_DIR)/SwappingScreens.app/SwappingScreens";
			};
			name = Debug;
		};
		AED4807D1E2599F2004CC28C /* Release */ = {
			isa = XCBuildConfiguration;
			buildSettings = {
				ALWAYS_EMBED_SWIFT_STANDARD_LIBRARIES = YES;
				BUNDLE_LOADER = "$(TEST_HOST)";
				DEVELOPMENT_TEAM = MBLBPAM74V;
				INFOPLIST_FILE = SwappingScreensTests/Info.plist;
				LD_RUNPATH_SEARCH_PATHS = "$(inherited) @executable_path/Frameworks @loader_path/Frameworks";
				PRODUCT_BUNDLE_IDENTIFIER = com.SSB.SwappingScreensTests;
				PRODUCT_NAME = "$(TARGET_NAME)";
				SWIFT_VERSION = 3.0;
				TEST_HOST = "$(BUILT_PRODUCTS_DIR)/SwappingScreens.app/SwappingScreens";
			};
			name = Release;
		};
		AED4807F1E2599F2004CC28C /* Debug */ = {
			isa = XCBuildConfiguration;
			buildSettings = {
				ALWAYS_EMBED_SWIFT_STANDARD_LIBRARIES = YES;
				DEVELOPMENT_TEAM = MBLBPAM74V;
				INFOPLIST_FILE = SwappingScreensUITests/Info.plist;
				LD_RUNPATH_SEARCH_PATHS = "$(inherited) @executable_path/Frameworks @loader_path/Frameworks";
				PRODUCT_BUNDLE_IDENTIFIER = com.SSB.SwappingScreensUITests;
				PRODUCT_NAME = "$(TARGET_NAME)";
				SWIFT_VERSION = 3.0;
				TEST_TARGET_NAME = SwappingScreens;
			};
			name = Debug;
		};
		AED480801E2599F2004CC28C /* Release */ = {
			isa = XCBuildConfiguration;
			buildSettings = {
				ALWAYS_EMBED_SWIFT_STANDARD_LIBRARIES = YES;
				DEVELOPMENT_TEAM = MBLBPAM74V;
				INFOPLIST_FILE = SwappingScreensUITests/Info.plist;
				LD_RUNPATH_SEARCH_PATHS = "$(inherited) @executable_path/Frameworks @loader_path/Frameworks";
				PRODUCT_BUNDLE_IDENTIFIER = com.SSB.SwappingScreensUITests;
				PRODUCT_NAME = "$(TARGET_NAME)";
				SWIFT_VERSION = 3.0;
				TEST_TARGET_NAME = SwappingScreens;
			};
			name = Release;
		};
/* End XCBuildConfiguration section */

/* Begin XCConfigurationList section */
		AED4804B1E2599F2004CC28C /* Build configuration list for PBXProject "SwappingScreens" */ = {
			isa = XCConfigurationList;
			buildConfigurations = (
				AED480761E2599F2004CC28C /* Debug */,
				AED480771E2599F2004CC28C /* Release */,
			);
			defaultConfigurationIsVisible = 0;
			defaultConfigurationName = Release;
		};
		AED480781E2599F2004CC28C /* Build configuration list for PBXNativeTarget "SwappingScreens" */ = {
			isa = XCConfigurationList;
			buildConfigurations = (
				AED480791E2599F2004CC28C /* Debug */,
				AED4807A1E2599F2004CC28C /* Release */,
			);
			defaultConfigurationIsVisible = 0;
		};
		AED4807B1E2599F2004CC28C /* Build configuration list for PBXNativeTarget "SwappingScreensTests" */ = {
			isa = XCConfigurationList;
			buildConfigurations = (
				AED4807C1E2599F2004CC28C /* Debug */,
				AED4807D1E2599F2004CC28C /* Release */,
			);
			defaultConfigurationIsVisible = 0;
		};
		AED4807E1E2599F2004CC28C /* Build configuration list for PBXNativeTarget "SwappingScreensUITests" */ = {
			isa = XCConfigurationList;
			buildConfigurations = (
				AED4807F1E2599F2004CC28C /* Debug */,
				AED480801E2599F2004CC28C /* Release */,
			);
			defaultConfigurationIsVisible = 0;
		};
/* End XCConfigurationList section */
	};
	rootObject = AED480481E2599F2004CC28C /* Project object */;
}
