// !$*UTF8*$!
{
	archiveVersion = 1;
	classes = {
	};
	objectVersion = 46;
	objects = {

/* Begin PBXBuildFile section */
		31249C09960CDB785626E6BA /* Pods_spaceChat.framework in Frameworks */ = {isa = PBXBuildFile; fileRef = D8B32BC734F0EBA6B395CCFF /* Pods_spaceChat.framework */; };
		AE90E40D1E367404000FD374 /* AppDelegate.swift in Sources */ = {isa = PBXBuildFile; fileRef = AE90E40C1E367404000FD374 /* AppDelegate.swift */; };
		AE90E40F1E367404000FD374 /* CameraVC.swift in Sources */ = {isa = PBXBuildFile; fileRef = AE90E40E1E367404000FD374 /* CameraVC.swift */; };
		AE90E4121E367404000FD374 /* Main.storyboard in Resources */ = {isa = PBXBuildFile; fileRef = AE90E4101E367404000FD374 /* Main.storyboard */; };
		AE90E4141E367404000FD374 /* Assets.xcassets in Resources */ = {isa = PBXBuildFile; fileRef = AE90E4131E367404000FD374 /* Assets.xcassets */; };
		AE90E4171E367404000FD374 /* LaunchScreen.storyboard in Resources */ = {isa = PBXBuildFile; fileRef = AE90E4151E367404000FD374 /* LaunchScreen.storyboard */; };
		AE90E4211E3678AA000FD374 /* CameraViewController.swift in Sources */ = {isa = PBXBuildFile; fileRef = AE90E41E1E3678AA000FD374 /* CameraViewController.swift */; };
		AE90E4221E3678AA000FD374 /* PhotoCaptureDelegate.swift in Sources */ = {isa = PBXBuildFile; fileRef = AE90E41F1E3678AA000FD374 /* PhotoCaptureDelegate.swift */; };
		AE90E4231E3678AA000FD374 /* PreviewView.swift in Sources */ = {isa = PBXBuildFile; fileRef = AE90E4201E3678AA000FD374 /* PreviewView.swift */; };
		AE90E4291E368F6E000FD374 /* AAPLCameraVCDelegate.swift in Sources */ = {isa = PBXBuildFile; fileRef = AE90E4281E368F6E000FD374 /* AAPLCameraVCDelegate.swift */; };
		AEB9CAE81E42A35B00C41F1A /* AuthService.swift in Sources */ = {isa = PBXBuildFile; fileRef = AEB9CADF1E42A35B00C41F1A /* AuthService.swift */; };
		AEB9CAE91E42A35B00C41F1A /* DataService.swift in Sources */ = {isa = PBXBuildFile; fileRef = AEB9CAE01E42A35B00C41F1A /* DataService.swift */; };
		AEB9CAEA1E42A35B00C41F1A /* LoginVC.swift in Sources */ = {isa = PBXBuildFile; fileRef = AEB9CAE11E42A35B00C41F1A /* LoginVC.swift */; };
		AEB9CAEB1E42A35B00C41F1A /* RoundedButton.swift in Sources */ = {isa = PBXBuildFile; fileRef = AEB9CAE21E42A35B00C41F1A /* RoundedButton.swift */; };
		AEB9CAEC1E42A35B00C41F1A /* RoundTextField.swift in Sources */ = {isa = PBXBuildFile; fileRef = AEB9CAE31E42A35B00C41F1A /* RoundTextField.swift */; };
		AEB9CAED1E42A35B00C41F1A /* User.swift in Sources */ = {isa = PBXBuildFile; fileRef = AEB9CAE41E42A35B00C41F1A /* User.swift */; };
		AEB9CAEE1E42A35B00C41F1A /* UserCell.swift in Sources */ = {isa = PBXBuildFile; fileRef = AEB9CAE51E42A35B00C41F1A /* UserCell.swift */; };
		AEB9CAEF1E42A35B00C41F1A /* UsersVC.swift in Sources */ = {isa = PBXBuildFile; fileRef = AEB9CAE61E42A35B00C41F1A /* UsersVC.swift */; };
		AEB9CAF01E42A35B00C41F1A /* GoogleService-Info.plist in Resources */ = {isa = PBXBuildFile; fileRef = AEB9CAE71E42A35B00C41F1A /* GoogleService-Info.plist */; };
/* End PBXBuildFile section */

/* Begin PBXFileReference section */
		AE90E4091E367404000FD374 /* spaceChat.app */ = {isa = PBXFileReference; explicitFileType = wrapper.application; includeInIndex = 0; path = spaceChat.app; sourceTree = BUILT_PRODUCTS_DIR; };
		AE90E40C1E367404000FD374 /* AppDelegate.swift */ = {isa = PBXFileReference; lastKnownFileType = sourcecode.swift; path = AppDelegate.swift; sourceTree = "<group>"; };
		AE90E40E1E367404000FD374 /* CameraVC.swift */ = {isa = PBXFileReference; lastKnownFileType = sourcecode.swift; path = CameraVC.swift; sourceTree = "<group>"; };
		AE90E4111E367404000FD374 /* Base */ = {isa = PBXFileReference; lastKnownFileType = file.storyboard; name = Base; path = Base.lproj/Main.storyboard; sourceTree = "<group>"; };
		AE90E4131E367404000FD374 /* Assets.xcassets */ = {isa = PBXFileReference; lastKnownFileType = folder.assetcatalog; path = Assets.xcassets; sourceTree = "<group>"; };
		AE90E4161E367404000FD374 /* Base */ = {isa = PBXFileReference; lastKnownFileType = file.storyboard; name = Base; path = Base.lproj/LaunchScreen.storyboard; sourceTree = "<group>"; };
		AE90E4181E367404000FD374 /* Info.plist */ = {isa = PBXFileReference; lastKnownFileType = text.plist.xml; path = Info.plist; sourceTree = "<group>"; };
		AE90E41E1E3678AA000FD374 /* CameraViewController.swift */ = {isa = PBXFileReference; fileEncoding = 4; lastKnownFileType = sourcecode.swift; path = CameraViewController.swift; sourceTree = "<group>"; };
		AE90E41F1E3678AA000FD374 /* PhotoCaptureDelegate.swift */ = {isa = PBXFileReference; fileEncoding = 4; lastKnownFileType = sourcecode.swift; path = PhotoCaptureDelegate.swift; sourceTree = "<group>"; };
		AE90E4201E3678AA000FD374 /* PreviewView.swift */ = {isa = PBXFileReference; fileEncoding = 4; lastKnownFileType = sourcecode.swift; path = PreviewView.swift; sourceTree = "<group>"; };
		AE90E4281E368F6E000FD374 /* AAPLCameraVCDelegate.swift */ = {isa = PBXFileReference; fileEncoding = 4; lastKnownFileType = sourcecode.swift; path = AAPLCameraVCDelegate.swift; sourceTree = "<group>"; };
		AEB9CADF1E42A35B00C41F1A /* AuthService.swift */ = {isa = PBXFileReference; fileEncoding = 4; lastKnownFileType = sourcecode.swift; path = AuthService.swift; sourceTree = "<group>"; };
		AEB9CAE01E42A35B00C41F1A /* DataService.swift */ = {isa = PBXFileReference; fileEncoding = 4; lastKnownFileType = sourcecode.swift; path = DataService.swift; sourceTree = "<group>"; };
		AEB9CAE11E42A35B00C41F1A /* LoginVC.swift */ = {isa = PBXFileReference; fileEncoding = 4; lastKnownFileType = sourcecode.swift; path = LoginVC.swift; sourceTree = "<group>"; };
		AEB9CAE21E42A35B00C41F1A /* RoundedButton.swift */ = {isa = PBXFileReference; fileEncoding = 4; lastKnownFileType = sourcecode.swift; path = RoundedButton.swift; sourceTree = "<group>"; };
		AEB9CAE31E42A35B00C41F1A /* RoundTextField.swift */ = {isa = PBXFileReference; fileEncoding = 4; lastKnownFileType = sourcecode.swift; path = RoundTextField.swift; sourceTree = "<group>"; };
		AEB9CAE41E42A35B00C41F1A /* User.swift */ = {isa = PBXFileReference; fileEncoding = 4; lastKnownFileType = sourcecode.swift; path = User.swift; sourceTree = "<group>"; };
		AEB9CAE51E42A35B00C41F1A /* UserCell.swift */ = {isa = PBXFileReference; fileEncoding = 4; lastKnownFileType = sourcecode.swift; path = UserCell.swift; sourceTree = "<group>"; };
		AEB9CAE61E42A35B00C41F1A /* UsersVC.swift */ = {isa = PBXFileReference; fileEncoding = 4; lastKnownFileType = sourcecode.swift; path = UsersVC.swift; sourceTree = "<group>"; };
		AEB9CAE71E42A35B00C41F1A /* GoogleService-Info.plist */ = {isa = PBXFileReference; fileEncoding = 4; lastKnownFileType = text.plist.xml; path = "GoogleService-Info.plist"; sourceTree = "<group>"; };
		D8B32BC734F0EBA6B395CCFF /* Pods_spaceChat.framework */ = {isa = PBXFileReference; explicitFileType = wrapper.framework; includeInIndex = 0; path = Pods_spaceChat.framework; sourceTree = BUILT_PRODUCTS_DIR; };
		F9098F32FA78C9301BCB0D45 /* Pods-spaceChat.debug.xcconfig */ = {isa = PBXFileReference; includeInIndex = 1; lastKnownFileType = text.xcconfig; name = "Pods-spaceChat.debug.xcconfig"; path = "Pods/Target Support Files/Pods-spaceChat/Pods-spaceChat.debug.xcconfig"; sourceTree = "<group>"; };
		FD798DE7036681E97E9BA235 /* Pods-spaceChat.release.xcconfig */ = {isa = PBXFileReference; includeInIndex = 1; lastKnownFileType = text.xcconfig; name = "Pods-spaceChat.release.xcconfig"; path = "Pods/Target Support Files/Pods-spaceChat/Pods-spaceChat.release.xcconfig"; sourceTree = "<group>"; };
/* End PBXFileReference section */

/* Begin PBXFrameworksBuildPhase section */
		AE90E4061E367404000FD374 /* Frameworks */ = {
			isa = PBXFrameworksBuildPhase;
			buildActionMask = 2147483647;
			files = (
				31249C09960CDB785626E6BA /* Pods_spaceChat.framework in Frameworks */,
			);
			runOnlyForDeploymentPostprocessing = 0;
		};
/* End PBXFrameworksBuildPhase section */

/* Begin PBXGroup section */
		74F128708280A3FA876ECEEA /* Frameworks */ = {
			isa = PBXGroup;
			children = (
				D8B32BC734F0EBA6B395CCFF /* Pods_spaceChat.framework */,
			);
			name = Frameworks;
			sourceTree = "<group>";
		};
		AE90E4001E367404000FD374 = {
			isa = PBXGroup;
			children = (
				AE90E40B1E367404000FD374 /* spaceChat */,
				AE90E40A1E367404000FD374 /* Products */,
				BF4AA3FA06A3041049B5F58E /* Pods */,
				74F128708280A3FA876ECEEA /* Frameworks */,
			);
			sourceTree = "<group>";
		};
		AE90E40A1E367404000FD374 /* Products */ = {
			isa = PBXGroup;
			children = (
				AE90E4091E367404000FD374 /* spaceChat.app */,
			);
			name = Products;
			sourceTree = "<group>";
		};
		AE90E40B1E367404000FD374 /* spaceChat */ = {
			isa = PBXGroup;
			children = (
				AEB9CAF11E42A37100C41F1A /* Services */,
				AE90E4271E368F3D000FD374 /* Protocols */,
				AE90E4261E3678B8000FD374 /* Model */,
				AE90E4251E3678B4000FD374 /* View */,
				AE90E4241E3678AD000FD374 /* Controller */,
				AE90E40C1E367404000FD374 /* AppDelegate.swift */,
				AE90E4131E367404000FD374 /* Assets.xcassets */,
				AE90E4181E367404000FD374 /* Info.plist */,
				AEB9CAE71E42A35B00C41F1A /* GoogleService-Info.plist */,
			);
			path = spaceChat;
			sourceTree = "<group>";
		};
		AE90E4241E3678AD000FD374 /* Controller */ = {
			isa = PBXGroup;
			children = (
				AEB9CAE61E42A35B00C41F1A /* UsersVC.swift */,
				AEB9CAE11E42A35B00C41F1A /* LoginVC.swift */,
				AE90E40E1E367404000FD374 /* CameraVC.swift */,
				AE90E41E1E3678AA000FD374 /* CameraViewController.swift */,
			);
			name = Controller;
			sourceTree = "<group>";
		};
		AE90E4251E3678B4000FD374 /* View */ = {
			isa = PBXGroup;
			children = (
				AE90E4201E3678AA000FD374 /* PreviewView.swift */,
				AEB9CAE51E42A35B00C41F1A /* UserCell.swift */,
				AE90E4101E367404000FD374 /* Main.storyboard */,
				AEB9CAE21E42A35B00C41F1A /* RoundedButton.swift */,
				AEB9CAE31E42A35B00C41F1A /* RoundTextField.swift */,
				AE90E4151E367404000FD374 /* LaunchScreen.storyboard */,
			);
			name = View;
			sourceTree = "<group>";
		};
		AE90E4261E3678B8000FD374 /* Model */ = {
			isa = PBXGroup;
			children = (
				AE90E41F1E3678AA000FD374 /* PhotoCaptureDelegate.swift */,
				AEB9CAE41E42A35B00C41F1A /* User.swift */,
			);
			name = Model;
			sourceTree = "<group>";
		};
		AE90E4271E368F3D000FD374 /* Protocols */ = {
			isa = PBXGroup;
			children = (
				AE90E4281E368F6E000FD374 /* AAPLCameraVCDelegate.swift */,
			);
			name = Protocols;
			sourceTree = "<group>";
		};
		AEB9CAF11E42A37100C41F1A /* Services */ = {
			isa = PBXGroup;
			children = (
				AEB9CADF1E42A35B00C41F1A /* AuthService.swift */,
				AEB9CAE01E42A35B00C41F1A /* DataService.swift */,
			);
			name = Services;
			sourceTree = "<group>";
		};
		BF4AA3FA06A3041049B5F58E /* Pods */ = {
			isa = PBXGroup;
			children = (
				F9098F32FA78C9301BCB0D45 /* Pods-spaceChat.debug.xcconfig */,
				FD798DE7036681E97E9BA235 /* Pods-spaceChat.release.xcconfig */,
			);
			name = Pods;
			sourceTree = "<group>";
		};
/* End PBXGroup section */

/* Begin PBXNativeTarget section */
		AE90E4081E367404000FD374 /* spaceChat */ = {
			isa = PBXNativeTarget;
			buildConfigurationList = AE90E41B1E367404000FD374 /* Build configuration list for PBXNativeTarget "spaceChat" */;
			buildPhases = (
				006BBF15FE491B7592DAE89B /* [CP] Check Pods Manifest.lock */,
				AE90E4051E367404000FD374 /* Sources */,
				AE90E4061E367404000FD374 /* Frameworks */,
				AE90E4071E367404000FD374 /* Resources */,
				B252178D761F5302BF02697B /* [CP] Embed Pods Frameworks */,
				F4F231B53C72B2DD5DE2107A /* [CP] Copy Pods Resources */,
			);
			buildRules = (
			);
			dependencies = (
			);
			name = spaceChat;
			productName = spaceChat;
			productReference = AE90E4091E367404000FD374 /* spaceChat.app */;
			productType = "com.apple.product-type.application";
		};
/* End PBXNativeTarget section */

/* Begin PBXProject section */
		AE90E4011E367404000FD374 /* Project object */ = {
			isa = PBXProject;
			attributes = {
				LastSwiftUpdateCheck = 0820;
				LastUpgradeCheck = 0820;
				ORGANIZATIONNAME = "Jacob Landman";
				TargetAttributes = {
					AE90E4081E367404000FD374 = {
						CreatedOnToolsVersion = 8.2.1;
						DevelopmentTeam = E294R2UKFW;
						ProvisioningStyle = Automatic;
					};
				};
			};
			buildConfigurationList = AE90E4041E367404000FD374 /* Build configuration list for PBXProject "spaceChat" */;
			compatibilityVersion = "Xcode 3.2";
			developmentRegion = English;
			hasScannedForEncodings = 0;
			knownRegions = (
				en,
				Base,
			);
			mainGroup = AE90E4001E367404000FD374;
			productRefGroup = AE90E40A1E367404000FD374 /* Products */;
			projectDirPath = "";
			projectRoot = "";
			targets = (
				AE90E4081E367404000FD374 /* spaceChat */,
			);
		};
/* End PBXProject section */

/* Begin PBXResourcesBuildPhase section */
		AE90E4071E367404000FD374 /* Resources */ = {
			isa = PBXResourcesBuildPhase;
			buildActionMask = 2147483647;
			files = (
				AE90E4171E367404000FD374 /* LaunchScreen.storyboard in Resources */,
				AEB9CAF01E42A35B00C41F1A /* GoogleService-Info.plist in Resources */,
				AE90E4141E367404000FD374 /* Assets.xcassets in Resources */,
				AE90E4121E367404000FD374 /* Main.storyboard in Resources */,
			);
			runOnlyForDeploymentPostprocessing = 0;
		};
/* End PBXResourcesBuildPhase section */

/* Begin PBXShellScriptBuildPhase section */
		006BBF15FE491B7592DAE89B /* [CP] Check Pods Manifest.lock */ = {
			isa = PBXShellScriptBuildPhase;
			buildActionMask = 2147483647;
			files = (
			);
			inputPaths = (
			);
			name = "[CP] Check Pods Manifest.lock";
			outputPaths = (
			);
			runOnlyForDeploymentPostprocessing = 0;
			shellPath = /bin/sh;
			shellScript = "diff \"${PODS_ROOT}/../Podfile.lock\" \"${PODS_ROOT}/Manifest.lock\" > /dev/null\nif [ $? != 0 ] ; then\n    # print error to STDERR\n    echo \"error: The sandbox is not in sync with the Podfile.lock. Run 'pod install' or update your CocoaPods installation.\" >&2\n    exit 1\nfi\n";
			showEnvVarsInLog = 0;
		};
		B252178D761F5302BF02697B /* [CP] Embed Pods Frameworks */ = {
			isa = PBXShellScriptBuildPhase;
			buildActionMask = 2147483647;
			files = (
			);
			inputPaths = (
			);
			name = "[CP] Embed Pods Frameworks";
			outputPaths = (
			);
			runOnlyForDeploymentPostprocessing = 0;
			shellPath = /bin/sh;
			shellScript = "\"${SRCROOT}/Pods/Target Support Files/Pods-spaceChat/Pods-spaceChat-frameworks.sh\"\n";
			showEnvVarsInLog = 0;
		};
		F4F231B53C72B2DD5DE2107A /* [CP] Copy Pods Resources */ = {
			isa = PBXShellScriptBuildPhase;
			buildActionMask = 2147483647;
			files = (
			);
			inputPaths = (
			);
			name = "[CP] Copy Pods Resources";
			outputPaths = (
			);
			runOnlyForDeploymentPostprocessing = 0;
			shellPath = /bin/sh;
			shellScript = "\"${SRCROOT}/Pods/Target Support Files/Pods-spaceChat/Pods-spaceChat-resources.sh\"\n";
			showEnvVarsInLog = 0;
		};
/* End PBXShellScriptBuildPhase section */

/* Begin PBXSourcesBuildPhase section */
		AE90E4051E367404000FD374 /* Sources */ = {
			isa = PBXSourcesBuildPhase;
			buildActionMask = 2147483647;
			files = (
				AE90E4231E3678AA000FD374 /* PreviewView.swift in Sources */,
				AEB9CAEE1E42A35B00C41F1A /* UserCell.swift in Sources */,
				AEB9CAEB1E42A35B00C41F1A /* RoundedButton.swift in Sources */,
				AEB9CAEF1E42A35B00C41F1A /* UsersVC.swift in Sources */,
				AE90E40F1E367404000FD374 /* CameraVC.swift in Sources */,
				AEB9CAEC1E42A35B00C41F1A /* RoundTextField.swift in Sources */,
				AE90E40D1E367404000FD374 /* AppDelegate.swift in Sources */,
				AE90E4221E3678AA000FD374 /* PhotoCaptureDelegate.swift in Sources */,
				AE90E4291E368F6E000FD374 /* AAPLCameraVCDelegate.swift in Sources */,
				AEB9CAEA1E42A35B00C41F1A /* LoginVC.swift in Sources */,
				AEB9CAED1E42A35B00C41F1A /* User.swift in Sources */,
				AE90E4211E3678AA000FD374 /* CameraViewController.swift in Sources */,
				AEB9CAE81E42A35B00C41F1A /* AuthService.swift in Sources */,
				AEB9CAE91E42A35B00C41F1A /* DataService.swift in Sources */,
			);
			runOnlyForDeploymentPostprocessing = 0;
		};
/* End PBXSourcesBuildPhase section */

/* Begin PBXVariantGroup section */
		AE90E4101E367404000FD374 /* Main.storyboard */ = {
			isa = PBXVariantGroup;
			children = (
				AE90E4111E367404000FD374 /* Base */,
			);
			name = Main.storyboard;
			sourceTree = "<group>";
		};
		AE90E4151E367404000FD374 /* LaunchScreen.storyboard */ = {
			isa = PBXVariantGroup;
			children = (
				AE90E4161E367404000FD374 /* Base */,
			);
			name = LaunchScreen.storyboard;
			sourceTree = "<group>";
		};
/* End PBXVariantGroup section */

/* Begin XCBuildConfiguration section */
		AE90E4191E367404000FD374 /* Debug */ = {
			isa = XCBuildConfiguration;
			buildSettings = {
				ALWAYS_SEARCH_USER_PATHS = NO;
				CLANG_ANALYZER_NONNULL = YES;
				CLANG_CXX_LANGUAGE_STANDARD = "gnu++0x";
				CLANG_CXX_LIBRARY = "libc++";
				CLANG_ENABLE_MODULES = YES;
				CLANG_ENABLE_OBJC_ARC = YES;
				CLANG_WARN_BOOL_CONVERSION = YES;
				CLANG_WARN_CONSTANT_CONVERSION = YES;
				CLANG_WARN_DIRECT_OBJC_ISA_USAGE = YES_ERROR;
				CLANG_WARN_DOCUMENTATION_COMMENTS = YES;
				CLANG_WARN_EMPTY_BODY = YES;
				CLANG_WARN_ENUM_CONVERSION = YES;
				CLANG_WARN_INFINITE_RECURSION = YES;
				CLANG_WARN_INT_CONVERSION = YES;
				CLANG_WARN_OBJC_ROOT_CLASS = YES_ERROR;
				CLANG_WARN_SUSPICIOUS_MOVE = YES;
				CLANG_WARN_UNREACHABLE_CODE = YES;
				CLANG_WARN__DUPLICATE_METHOD_MATCH = YES;
				"CODE_SIGN_IDENTITY[sdk=iphoneos*]" = "iPhone Developer";
				COPY_PHASE_STRIP = NO;
				DEBUG_INFORMATION_FORMAT = dwarf;
				ENABLE_STRICT_OBJC_MSGSEND = YES;
				ENABLE_TESTABILITY = YES;
				GCC_C_LANGUAGE_STANDARD = gnu99;
				GCC_DYNAMIC_NO_PIC = NO;
				GCC_NO_COMMON_BLOCKS = YES;
				GCC_OPTIMIZATION_LEVEL = 0;
				GCC_PREPROCESSOR_DEFINITIONS = (
					"DEBUG=1",
					"$(inherited)",
				);
				GCC_WARN_64_TO_32_BIT_CONVERSION = YES;
				GCC_WARN_ABOUT_RETURN_TYPE = YES_ERROR;
				GCC_WARN_UNDECLARED_SELECTOR = YES;
				GCC_WARN_UNINITIALIZED_AUTOS = YES_AGGRESSIVE;
				GCC_WARN_UNUSED_FUNCTION = YES;
				GCC_WARN_UNUSED_VARIABLE = YES;
				IPHONEOS_DEPLOYMENT_TARGET = 10.2;
				MTL_ENABLE_DEBUG_INFO = YES;
				ONLY_ACTIVE_ARCH = YES;
				SDKROOT = iphoneos;
				SWIFT_ACTIVE_COMPILATION_CONDITIONS = DEBUG;
				SWIFT_OPTIMIZATION_LEVEL = "-Onone";
				TARGETED_DEVICE_FAMILY = "1,2";
			};
			name = Debug;
		};
		AE90E41A1E367404000FD374 /* Release */ = {
			isa = XCBuildConfiguration;
			buildSettings = {
				ALWAYS_SEARCH_USER_PATHS = NO;
				CLANG_ANALYZER_NONNULL = YES;
				CLANG_CXX_LANGUAGE_STANDARD = "gnu++0x";
				CLANG_CXX_LIBRARY = "libc++";
				CLANG_ENABLE_MODULES = YES;
				CLANG_ENABLE_OBJC_ARC = YES;
				CLANG_WARN_BOOL_CONVERSION = YES;
				CLANG_WARN_CONSTANT_CONVERSION = YES;
				CLANG_WARN_DIRECT_OBJC_ISA_USAGE = YES_ERROR;
				CLANG_WARN_DOCUMENTATION_COMMENTS = YES;
				CLANG_WARN_EMPTY_BODY = YES;
				CLANG_WARN_ENUM_CONVERSION = YES;
				CLANG_WARN_INFINITE_RECURSION = YES;
				CLANG_WARN_INT_CONVERSION = YES;
				CLANG_WARN_OBJC_ROOT_CLASS = YES_ERROR;
				CLANG_WARN_SUSPICIOUS_MOVE = YES;
				CLANG_WARN_UNREACHABLE_CODE = YES;
				CLANG_WARN__DUPLICATE_METHOD_MATCH = YES;
				"CODE_SIGN_IDENTITY[sdk=iphoneos*]" = "iPhone Developer";
				COPY_PHASE_STRIP = NO;
				DEBUG_INFORMATION_FORMAT = "dwarf-with-dsym";
				ENABLE_NS_ASSERTIONS = NO;
				ENABLE_STRICT_OBJC_MSGSEND = YES;
				GCC_C_LANGUAGE_STANDARD = gnu99;
				GCC_NO_COMMON_BLOCKS = YES;
				GCC_WARN_64_TO_32_BIT_CONVERSION = YES;
				GCC_WARN_ABOUT_RETURN_TYPE = YES_ERROR;
				GCC_WARN_UNDECLARED_SELECTOR = YES;
				GCC_WARN_UNINITIALIZED_AUTOS = YES_AGGRESSIVE;
				GCC_WARN_UNUSED_FUNCTION = YES;
				GCC_WARN_UNUSED_VARIABLE = YES;
				IPHONEOS_DEPLOYMENT_TARGET = 10.2;
				MTL_ENABLE_DEBUG_INFO = NO;
				SDKROOT = iphoneos;
				SWIFT_OPTIMIZATION_LEVEL = "-Owholemodule";
				TARGETED_DEVICE_FAMILY = "1,2";
				VALIDATE_PRODUCT = YES;
			};
			name = Release;
		};
		AE90E41C1E367404000FD374 /* Debug */ = {
			isa = XCBuildConfiguration;
			baseConfigurationReference = F9098F32FA78C9301BCB0D45 /* Pods-spaceChat.debug.xcconfig */;
			buildSettings = {
				ASSETCATALOG_COMPILER_APPICON_NAME = AppIcon;
				DEVELOPMENT_TEAM = E294R2UKFW;
				INFOPLIST_FILE = spaceChat/Info.plist;
				LD_RUNPATH_SEARCH_PATHS = "$(inherited) @executable_path/Frameworks";
				PRODUCT_BUNDLE_IDENTIFIER = com.SSB.spaceChat;
				PRODUCT_NAME = "$(TARGET_NAME)";
				SWIFT_VERSION = 3.0;
			};
			name = Debug;
		};
		AE90E41D1E367404000FD374 /* Release */ = {
			isa = XCBuildConfiguration;
			baseConfigurationReference = FD798DE7036681E97E9BA235 /* Pods-spaceChat.release.xcconfig */;
			buildSettings = {
				ASSETCATALOG_COMPILER_APPICON_NAME = AppIcon;
				DEVELOPMENT_TEAM = E294R2UKFW;
				INFOPLIST_FILE = spaceChat/Info.plist;
				LD_RUNPATH_SEARCH_PATHS = "$(inherited) @executable_path/Frameworks";
				PRODUCT_BUNDLE_IDENTIFIER = com.SSB.spaceChat;
				PRODUCT_NAME = "$(TARGET_NAME)";
				SWIFT_VERSION = 3.0;
			};
			name = Release;
		};
/* End XCBuildConfiguration section */

/* Begin XCConfigurationList section */
		AE90E4041E367404000FD374 /* Build configuration list for PBXProject "spaceChat" */ = {
			isa = XCConfigurationList;
			buildConfigurations = (
				AE90E4191E367404000FD374 /* Debug */,
				AE90E41A1E367404000FD374 /* Release */,
			);
			defaultConfigurationIsVisible = 0;
			defaultConfigurationName = Release;
		};
		AE90E41B1E367404000FD374 /* Build configuration list for PBXNativeTarget "spaceChat" */ = {
			isa = XCConfigurationList;
			buildConfigurations = (
				AE90E41C1E367404000FD374 /* Debug */,
				AE90E41D1E367404000FD374 /* Release */,
			);
			defaultConfigurationIsVisible = 0;
			defaultConfigurationName = Release;
		};
/* End XCConfigurationList section */
	};
	rootObject = AE90E4011E367404000FD374 /* Project object */;
}
