// !$*UTF8*$!
{
	archiveVersion = 1;
	classes = {
	};
	objectVersion = 46;
	objects = {

/* Begin PBXBuildFile section */
		AE2EF7771E2EC4A7007CCB34 /* AppDelegate.swift in Sources */ = {isa = PBXBuildFile; fileRef = AE2EF7761E2EC4A7007CCB34 /* AppDelegate.swift */; };
		AE2EF7791E2EC4A7007CCB34 /* ViewController.swift in Sources */ = {isa = PBXBuildFile; fileRef = AE2EF7781E2EC4A7007CCB34 /* ViewController.swift */; };
		AE2EF77C1E2EC4A7007CCB34 /* Main.storyboard in Resources */ = {isa = PBXBuildFile; fileRef = AE2EF77A1E2EC4A7007CCB34 /* Main.storyboard */; };
		AE2EF77E1E2EC4A7007CCB34 /* Assets.xcassets in Resources */ = {isa = PBXBuildFile; fileRef = AE2EF77D1E2EC4A7007CCB34 /* Assets.xcassets */; };
		AE2EF7811E2EC4A7007CCB34 /* LaunchScreen.storyboard in Resources */ = {isa = PBXBuildFile; fileRef = AE2EF77F1E2EC4A7007CCB34 /* LaunchScreen.storyboard */; };
		AE2EF78D1E2EC6D6007CCB34 /* CircleButton.swift in Sources */ = {isa = PBXBuildFile; fileRef = AE2EF78C1E2EC6D6007CCB34 /* CircleButton.swift */; };
		AE2EF78F1E2EC9A0007CCB34 /* test.m4a in Resources */ = {isa = PBXBuildFile; fileRef = AE2EF78E1E2EC9A0007CCB34 /* test.m4a */; };
/* End PBXBuildFile section */

/* Begin PBXFileReference section */
		AE2EF7731E2EC4A7007CCB34 /* Scribe.app */ = {isa = PBXFileReference; explicitFileType = wrapper.application; includeInIndex = 0; path = Scribe.app; sourceTree = BUILT_PRODUCTS_DIR; };
		AE2EF7761E2EC4A7007CCB34 /* AppDelegate.swift */ = {isa = PBXFileReference; lastKnownFileType = sourcecode.swift; path = AppDelegate.swift; sourceTree = "<group>"; };
		AE2EF7781E2EC4A7007CCB34 /* ViewController.swift */ = {isa = PBXFileReference; lastKnownFileType = sourcecode.swift; path = ViewController.swift; sourceTree = "<group>"; };
		AE2EF77B1E2EC4A7007CCB34 /* Base */ = {isa = PBXFileReference; lastKnownFileType = file.storyboard; name = Base; path = Base.lproj/Main.storyboard; sourceTree = "<group>"; };
		AE2EF77D1E2EC4A7007CCB34 /* Assets.xcassets */ = {isa = PBXFileReference; lastKnownFileType = folder.assetcatalog; path = Assets.xcassets; sourceTree = "<group>"; };
		AE2EF7801E2EC4A7007CCB34 /* Base */ = {isa = PBXFileReference; lastKnownFileType = file.storyboard; name = Base; path = Base.lproj/LaunchScreen.storyboard; sourceTree = "<group>"; };
		AE2EF7821E2EC4A7007CCB34 /* Info.plist */ = {isa = PBXFileReference; lastKnownFileType = text.plist.xml; path = Info.plist; sourceTree = "<group>"; };
		AE2EF78C1E2EC6D6007CCB34 /* CircleButton.swift */ = {isa = PBXFileReference; fileEncoding = 4; lastKnownFileType = sourcecode.swift; path = CircleButton.swift; sourceTree = "<group>"; };
		AE2EF78E1E2EC9A0007CCB34 /* test.m4a */ = {isa = PBXFileReference; lastKnownFileType = file; path = test.m4a; sourceTree = "<group>"; };
/* End PBXFileReference section */

/* Begin PBXFrameworksBuildPhase section */
		AE2EF7701E2EC4A7007CCB34 /* Frameworks */ = {
			isa = PBXFrameworksBuildPhase;
			buildActionMask = 2147483647;
			files = (
			);
			runOnlyForDeploymentPostprocessing = 0;
		};
/* End PBXFrameworksBuildPhase section */

/* Begin PBXGroup section */
		AE2EF76A1E2EC4A7007CCB34 = {
			isa = PBXGroup;
			children = (
				AE2EF7751E2EC4A7007CCB34 /* Scribe */,
				AE2EF7741E2EC4A7007CCB34 /* Products */,
			);
			sourceTree = "<group>";
		};
		AE2EF7741E2EC4A7007CCB34 /* Products */ = {
			isa = PBXGroup;
			children = (
				AE2EF7731E2EC4A7007CCB34 /* Scribe.app */,
			);
			name = Products;
			sourceTree = "<group>";
		};
		AE2EF7751E2EC4A7007CCB34 /* Scribe */ = {
			isa = PBXGroup;
			children = (
				AE2EF78B1E2EC6BA007CCB34 /* Resources */,
				AE2EF78A1E2EC6A5007CCB34 /* Model */,
				AE2EF7881E2EC69B007CCB34 /* View */,
				AE2EF7891E2EC69F007CCB34 /* Controller */,
				AE2EF7761E2EC4A7007CCB34 /* AppDelegate.swift */,
			);
			path = Scribe;
			sourceTree = "<group>";
		};
		AE2EF7881E2EC69B007CCB34 /* View */ = {
			isa = PBXGroup;
			children = (
				AE2EF77A1E2EC4A7007CCB34 /* Main.storyboard */,
				AE2EF77F1E2EC4A7007CCB34 /* LaunchScreen.storyboard */,
				AE2EF78C1E2EC6D6007CCB34 /* CircleButton.swift */,
			);
			name = View;
			sourceTree = "<group>";
		};
		AE2EF7891E2EC69F007CCB34 /* Controller */ = {
			isa = PBXGroup;
			children = (
				AE2EF7781E2EC4A7007CCB34 /* ViewController.swift */,
			);
			name = Controller;
			sourceTree = "<group>";
		};
		AE2EF78A1E2EC6A5007CCB34 /* Model */ = {
			isa = PBXGroup;
			children = (
			);
			name = Model;
			sourceTree = "<group>";
		};
		AE2EF78B1E2EC6BA007CCB34 /* Resources */ = {
			isa = PBXGroup;
			children = (
				AE2EF7821E2EC4A7007CCB34 /* Info.plist */,
				AE2EF78E1E2EC9A0007CCB34 /* test.m4a */,
				AE2EF77D1E2EC4A7007CCB34 /* Assets.xcassets */,
			);
			name = Resources;
			sourceTree = "<group>";
		};
/* End PBXGroup section */

/* Begin PBXNativeTarget section */
		AE2EF7721E2EC4A7007CCB34 /* Scribe */ = {
			isa = PBXNativeTarget;
			buildConfigurationList = AE2EF7851E2EC4A7007CCB34 /* Build configuration list for PBXNativeTarget "Scribe" */;
			buildPhases = (
				AE2EF76F1E2EC4A7007CCB34 /* Sources */,
				AE2EF7701E2EC4A7007CCB34 /* Frameworks */,
				AE2EF7711E2EC4A7007CCB34 /* Resources */,
			);
			buildRules = (
			);
			dependencies = (
			);
			name = Scribe;
			productName = Scribe;
			productReference = AE2EF7731E2EC4A7007CCB34 /* Scribe.app */;
			productType = "com.apple.product-type.application";
		};
/* End PBXNativeTarget section */

/* Begin PBXProject section */
		AE2EF76B1E2EC4A7007CCB34 /* Project object */ = {
			isa = PBXProject;
			attributes = {
				LastSwiftUpdateCheck = 0820;
				LastUpgradeCheck = 0820;
				ORGANIZATIONNAME = "Jacob Landman";
				TargetAttributes = {
					AE2EF7721E2EC4A7007CCB34 = {
						CreatedOnToolsVersion = 8.2.1;
						DevelopmentTeam = E294R2UKFW;
						ProvisioningStyle = Automatic;
					};
				};
			};
			buildConfigurationList = AE2EF76E1E2EC4A7007CCB34 /* Build configuration list for PBXProject "Scribe" */;
			compatibilityVersion = "Xcode 3.2";
			developmentRegion = English;
			hasScannedForEncodings = 0;
			knownRegions = (
				en,
				Base,
			);
			mainGroup = AE2EF76A1E2EC4A7007CCB34;
			productRefGroup = AE2EF7741E2EC4A7007CCB34 /* Products */;
			projectDirPath = "";
			projectRoot = "";
			targets = (
				AE2EF7721E2EC4A7007CCB34 /* Scribe */,
			);
		};
/* End PBXProject section */

/* Begin PBXResourcesBuildPhase section */
		AE2EF7711E2EC4A7007CCB34 /* Resources */ = {
			isa = PBXResourcesBuildPhase;
			buildActionMask = 2147483647;
			files = (
				AE2EF78F1E2EC9A0007CCB34 /* test.m4a in Resources */,
				AE2EF7811E2EC4A7007CCB34 /* LaunchScreen.storyboard in Resources */,
				AE2EF77E1E2EC4A7007CCB34 /* Assets.xcassets in Resources */,
				AE2EF77C1E2EC4A7007CCB34 /* Main.storyboard in Resources */,
			);
			runOnlyForDeploymentPostprocessing = 0;
		};
/* End PBXResourcesBuildPhase section */

/* Begin PBXSourcesBuildPhase section */
		AE2EF76F1E2EC4A7007CCB34 /* Sources */ = {
			isa = PBXSourcesBuildPhase;
			buildActionMask = 2147483647;
			files = (
				AE2EF78D1E2EC6D6007CCB34 /* CircleButton.swift in Sources */,
				AE2EF7791E2EC4A7007CCB34 /* ViewController.swift in Sources */,
				AE2EF7771E2EC4A7007CCB34 /* AppDelegate.swift in Sources */,
			);
			runOnlyForDeploymentPostprocessing = 0;
		};
/* End PBXSourcesBuildPhase section */

/* Begin PBXVariantGroup section */
		AE2EF77A1E2EC4A7007CCB34 /* Main.storyboard */ = {
			isa = PBXVariantGroup;
			children = (
				AE2EF77B1E2EC4A7007CCB34 /* Base */,
			);
			name = Main.storyboard;
			sourceTree = "<group>";
		};
		AE2EF77F1E2EC4A7007CCB34 /* LaunchScreen.storyboard */ = {
			isa = PBXVariantGroup;
			children = (
				AE2EF7801E2EC4A7007CCB34 /* Base */,
			);
			name = LaunchScreen.storyboard;
			sourceTree = "<group>";
		};
/* End PBXVariantGroup section */

/* Begin XCBuildConfiguration section */
		AE2EF7831E2EC4A7007CCB34 /* Debug */ = {
			isa = XCBuildConfiguration;
			buildSettings = {
				ALWAYS_SEARCH_USER_PATHS = NO;
				CLANG_ANALYZER_NONNULL = YES;
				CLANG_CXX_LANGUAGE_STANDARD = "gnu++0x";
				CLANG_CXX_LIBRARY = "libc++";
				CLANG_ENABLE_MODULES = YES;
				CLANG_ENABLE_OBJC_ARC = YES;
				CLANG_WARN_BOOL_CONVERSION = YES;
				CLANG_WARN_CONSTANT_CONVERSION = YES;
				CLANG_WARN_DIRECT_OBJC_ISA_USAGE = YES_ERROR;
				CLANG_WARN_DOCUMENTATION_COMMENTS = YES;
				CLANG_WARN_EMPTY_BODY = YES;
				CLANG_WARN_ENUM_CONVERSION = YES;
				CLANG_WARN_INFINITE_RECURSION = YES;
				CLANG_WARN_INT_CONVERSION = YES;
				CLANG_WARN_OBJC_ROOT_CLASS = YES_ERROR;
				CLANG_WARN_SUSPICIOUS_MOVE = YES;
				CLANG_WARN_UNREACHABLE_CODE = YES;
				CLANG_WARN__DUPLICATE_METHOD_MATCH = YES;
				"CODE_SIGN_IDENTITY[sdk=iphoneos*]" = "iPhone Developer";
				COPY_PHASE_STRIP = NO;
				DEBUG_INFORMATION_FORMAT = dwarf;
				ENABLE_STRICT_OBJC_MSGSEND = YES;
				ENABLE_TESTABILITY = YES;
				GCC_C_LANGUAGE_STANDARD = gnu99;
				GCC_DYNAMIC_NO_PIC = NO;
				GCC_NO_COMMON_BLOCKS = YES;
				GCC_OPTIMIZATION_LEVEL = 0;
				GCC_PREPROCESSOR_DEFINITIONS = (
					"DEBUG=1",
					"$(inherited)",
				);
				GCC_WARN_64_TO_32_BIT_CONVERSION = YES;
				GCC_WARN_ABOUT_RETURN_TYPE = YES_ERROR;
				GCC_WARN_UNDECLARED_SELECTOR = YES;
				GCC_WARN_UNINITIALIZED_AUTOS = YES_AGGRESSIVE;
				GCC_WARN_UNUSED_FUNCTION = YES;
				GCC_WARN_UNUSED_VARIABLE = YES;
				IPHONEOS_DEPLOYMENT_TARGET = 10.2;
				MTL_ENABLE_DEBUG_INFO = YES;
				ONLY_ACTIVE_ARCH = YES;
				SDKROOT = iphoneos;
				SWIFT_ACTIVE_COMPILATION_CONDITIONS = DEBUG;
				SWIFT_OPTIMIZATION_LEVEL = "-Onone";
				TARGETED_DEVICE_FAMILY = "1,2";
			};
			name = Debug;
		};
		AE2EF7841E2EC4A7007CCB34 /* Release */ = {
			isa = XCBuildConfiguration;
			buildSettings = {
				ALWAYS_SEARCH_USER_PATHS = NO;
				CLANG_ANALYZER_NONNULL = YES;
				CLANG_CXX_LANGUAGE_STANDARD = "gnu++0x";
				CLANG_CXX_LIBRARY = "libc++";
				CLANG_ENABLE_MODULES = YES;
				CLANG_ENABLE_OBJC_ARC = YES;
				CLANG_WARN_BOOL_CONVERSION = YES;
				CLANG_WARN_CONSTANT_CONVERSION = YES;
				CLANG_WARN_DIRECT_OBJC_ISA_USAGE = YES_ERROR;
				CLANG_WARN_DOCUMENTATION_COMMENTS = YES;
				CLANG_WARN_EMPTY_BODY = YES;
				CLANG_WARN_ENUM_CONVERSION = YES;
				CLANG_WARN_INFINITE_RECURSION = YES;
				CLANG_WARN_INT_CONVERSION = YES;
				CLANG_WARN_OBJC_ROOT_CLASS = YES_ERROR;
				CLANG_WARN_SUSPICIOUS_MOVE = YES;
				CLANG_WARN_UNREACHABLE_CODE = YES;
				CLANG_WARN__DUPLICATE_METHOD_MATCH = YES;
				"CODE_SIGN_IDENTITY[sdk=iphoneos*]" = "iPhone Developer";
				COPY_PHASE_STRIP = NO;
				DEBUG_INFORMATION_FORMAT = "dwarf-with-dsym";
				ENABLE_NS_ASSERTIONS = NO;
				ENABLE_STRICT_OBJC_MSGSEND = YES;
				GCC_C_LANGUAGE_STANDARD = gnu99;
				GCC_NO_COMMON_BLOCKS = YES;
				GCC_WARN_64_TO_32_BIT_CONVERSION = YES;
				GCC_WARN_ABOUT_RETURN_TYPE = YES_ERROR;
				GCC_WARN_UNDECLARED_SELECTOR = YES;
				GCC_WARN_UNINITIALIZED_AUTOS = YES_AGGRESSIVE;
				GCC_WARN_UNUSED_FUNCTION = YES;
				GCC_WARN_UNUSED_VARIABLE = YES;
				IPHONEOS_DEPLOYMENT_TARGET = 10.2;
				MTL_ENABLE_DEBUG_INFO = NO;
				SDKROOT = iphoneos;
				SWIFT_OPTIMIZATION_LEVEL = "-Owholemodule";
				TARGETED_DEVICE_FAMILY = "1,2";
				VALIDATE_PRODUCT = YES;
			};
			name = Release;
		};
		AE2EF7861E2EC4A7007CCB34 /* Debug */ = {
			isa = XCBuildConfiguration;
			buildSettings = {
				ASSETCATALOG_COMPILER_APPICON_NAME = AppIcon;
				DEVELOPMENT_TEAM = E294R2UKFW;
				INFOPLIST_FILE = Scribe/Info.plist;
				LD_RUNPATH_SEARCH_PATHS = "$(inherited) @executable_path/Frameworks";
				PRODUCT_BUNDLE_IDENTIFIER = com.SSB.Scribe;
				PRODUCT_NAME = "$(TARGET_NAME)";
				SWIFT_VERSION = 3.0;
			};
			name = Debug;
		};
		AE2EF7871E2EC4A7007CCB34 /* Release */ = {
			isa = XCBuildConfiguration;
			buildSettings = {
				ASSETCATALOG_COMPILER_APPICON_NAME = AppIcon;
				DEVELOPMENT_TEAM = E294R2UKFW;
				INFOPLIST_FILE = Scribe/Info.plist;
				LD_RUNPATH_SEARCH_PATHS = "$(inherited) @executable_path/Frameworks";
				PRODUCT_BUNDLE_IDENTIFIER = com.SSB.Scribe;
				PRODUCT_NAME = "$(TARGET_NAME)";
				SWIFT_VERSION = 3.0;
			};
			name = Release;
		};
/* End XCBuildConfiguration section */

/* Begin XCConfigurationList section */
		AE2EF76E1E2EC4A7007CCB34 /* Build configuration list for PBXProject "Scribe" */ = {
			isa = XCConfigurationList;
			buildConfigurations = (
				AE2EF7831E2EC4A7007CCB34 /* Debug */,
				AE2EF7841E2EC4A7007CCB34 /* Release */,
			);
			defaultConfigurationIsVisible = 0;
			defaultConfigurationName = Release;
		};
		AE2EF7851E2EC4A7007CCB34 /* Build configuration list for PBXNativeTarget "Scribe" */ = {
			isa = XCConfigurationList;
			buildConfigurations = (
				AE2EF7861E2EC4A7007CCB34 /* Debug */,
				AE2EF7871E2EC4A7007CCB34 /* Release */,
			);
			defaultConfigurationIsVisible = 0;
		};
/* End XCConfigurationList section */
	};
	rootObject = AE2EF76B1E2EC4A7007CCB34 /* Project object */;
}
