// !$*UTF8*$!
{
	archiveVersion = 1;
	classes = {
	};
	objectVersion = 46;
	objects = {

/* Begin PBXBuildFile section */
		AE1C6F9EC82C5BDC9B1CC2EB /* Pods_pushmynotifs.framework in Frameworks */ = {isa = PBXBuildFile; fileRef = 31125C85680F593372E8C781 /* Pods_pushmynotifs.framework */; };
		AE2EF7F31E2FD27E007CCB34 /* AppDelegate.swift in Sources */ = {isa = PBXBuildFile; fileRef = AE2EF7F21E2FD27E007CCB34 /* AppDelegate.swift */; };
		AE2EF7F51E2FD27E007CCB34 /* ViewController.swift in Sources */ = {isa = PBXBuildFile; fileRef = AE2EF7F41E2FD27E007CCB34 /* ViewController.swift */; };
		AE2EF7F81E2FD27E007CCB34 /* Main.storyboard in Resources */ = {isa = PBXBuildFile; fileRef = AE2EF7F61E2FD27E007CCB34 /* Main.storyboard */; };
		AE2EF7FA1E2FD27E007CCB34 /* Assets.xcassets in Resources */ = {isa = PBXBuildFile; fileRef = AE2EF7F91E2FD27E007CCB34 /* Assets.xcassets */; };
		AE2EF7FD1E2FD27E007CCB34 /* LaunchScreen.storyboard in Resources */ = {isa = PBXBuildFile; fileRef = AE2EF7FB1E2FD27E007CCB34 /* LaunchScreen.storyboard */; };
		AE2EF8051E2FD2AE007CCB34 /* GoogleService-Info.plist in Resources */ = {isa = PBXBuildFile; fileRef = AE2EF8041E2FD2AE007CCB34 /* GoogleService-Info.plist */; };
/* End PBXBuildFile section */

/* Begin PBXFileReference section */
		31125C85680F593372E8C781 /* Pods_pushmynotifs.framework */ = {isa = PBXFileReference; explicitFileType = wrapper.framework; includeInIndex = 0; path = Pods_pushmynotifs.framework; sourceTree = BUILT_PRODUCTS_DIR; };
		3C47D5799780056FDC629405 /* Pods-pushmynotifs.release.xcconfig */ = {isa = PBXFileReference; includeInIndex = 1; lastKnownFileType = text.xcconfig; name = "Pods-pushmynotifs.release.xcconfig"; path = "Pods/Target Support Files/Pods-pushmynotifs/Pods-pushmynotifs.release.xcconfig"; sourceTree = "<group>"; };
		AE2EF7EF1E2FD27E007CCB34 /* pushmynotifs.app */ = {isa = PBXFileReference; explicitFileType = wrapper.application; includeInIndex = 0; path = pushmynotifs.app; sourceTree = BUILT_PRODUCTS_DIR; };
		AE2EF7F21E2FD27E007CCB34 /* AppDelegate.swift */ = {isa = PBXFileReference; lastKnownFileType = sourcecode.swift; path = AppDelegate.swift; sourceTree = "<group>"; };
		AE2EF7F41E2FD27E007CCB34 /* ViewController.swift */ = {isa = PBXFileReference; lastKnownFileType = sourcecode.swift; path = ViewController.swift; sourceTree = "<group>"; };
		AE2EF7F71E2FD27E007CCB34 /* Base */ = {isa = PBXFileReference; lastKnownFileType = file.storyboard; name = Base; path = Base.lproj/Main.storyboard; sourceTree = "<group>"; };
		AE2EF7F91E2FD27E007CCB34 /* Assets.xcassets */ = {isa = PBXFileReference; lastKnownFileType = folder.assetcatalog; path = Assets.xcassets; sourceTree = "<group>"; };
		AE2EF7FC1E2FD27E007CCB34 /* Base */ = {isa = PBXFileReference; lastKnownFileType = file.storyboard; name = Base; path = Base.lproj/LaunchScreen.storyboard; sourceTree = "<group>"; };
		AE2EF7FE1E2FD27E007CCB34 /* Info.plist */ = {isa = PBXFileReference; lastKnownFileType = text.plist.xml; path = Info.plist; sourceTree = "<group>"; };
		AE2EF8041E2FD2AE007CCB34 /* GoogleService-Info.plist */ = {isa = PBXFileReference; fileEncoding = 4; lastKnownFileType = text.plist.xml; path = "GoogleService-Info.plist"; sourceTree = "<group>"; };
		AE2EF8061E2FD9F3007CCB34 /* pushmynotifs.entitlements */ = {isa = PBXFileReference; lastKnownFileType = text.plist.entitlements; path = pushmynotifs.entitlements; sourceTree = "<group>"; };
		FAB79007B6FF25D30BF97240 /* Pods-pushmynotifs.debug.xcconfig */ = {isa = PBXFileReference; includeInIndex = 1; lastKnownFileType = text.xcconfig; name = "Pods-pushmynotifs.debug.xcconfig"; path = "Pods/Target Support Files/Pods-pushmynotifs/Pods-pushmynotifs.debug.xcconfig"; sourceTree = "<group>"; };
/* End PBXFileReference section */

/* Begin PBXFrameworksBuildPhase section */
		AE2EF7EC1E2FD27E007CCB34 /* Frameworks */ = {
			isa = PBXFrameworksBuildPhase;
			buildActionMask = 2147483647;
			files = (
				AE1C6F9EC82C5BDC9B1CC2EB /* Pods_pushmynotifs.framework in Frameworks */,
			);
			runOnlyForDeploymentPostprocessing = 0;
		};
/* End PBXFrameworksBuildPhase section */

/* Begin PBXGroup section */
		25B5E9269EA55B85DD587111 /* Pods */ = {
			isa = PBXGroup;
			children = (
				FAB79007B6FF25D30BF97240 /* Pods-pushmynotifs.debug.xcconfig */,
				3C47D5799780056FDC629405 /* Pods-pushmynotifs.release.xcconfig */,
			);
			name = Pods;
			sourceTree = "<group>";
		};
		AE2EF7E61E2FD27E007CCB34 = {
			isa = PBXGroup;
			children = (
				AE2EF7F11E2FD27E007CCB34 /* pushmynotifs */,
				AE2EF7F01E2FD27E007CCB34 /* Products */,
				25B5E9269EA55B85DD587111 /* Pods */,
				CECDE07B90BEEA7A6D903D18 /* Frameworks */,
			);
			sourceTree = "<group>";
		};
		AE2EF7F01E2FD27E007CCB34 /* Products */ = {
			isa = PBXGroup;
			children = (
				AE2EF7EF1E2FD27E007CCB34 /* pushmynotifs.app */,
			);
			name = Products;
			sourceTree = "<group>";
		};
		AE2EF7F11E2FD27E007CCB34 /* pushmynotifs */ = {
			isa = PBXGroup;
			children = (
				AE2EF8061E2FD9F3007CCB34 /* pushmynotifs.entitlements */,
				AE2EF7F21E2FD27E007CCB34 /* AppDelegate.swift */,
				AE2EF7F41E2FD27E007CCB34 /* ViewController.swift */,
				AE2EF7F61E2FD27E007CCB34 /* Main.storyboard */,
				AE2EF7F91E2FD27E007CCB34 /* Assets.xcassets */,
				AE2EF7FB1E2FD27E007CCB34 /* LaunchScreen.storyboard */,
				AE2EF7FE1E2FD27E007CCB34 /* Info.plist */,
				AE2EF8041E2FD2AE007CCB34 /* GoogleService-Info.plist */,
			);
			path = pushmynotifs;
			sourceTree = "<group>";
		};
		CECDE07B90BEEA7A6D903D18 /* Frameworks */ = {
			isa = PBXGroup;
			children = (
				31125C85680F593372E8C781 /* Pods_pushmynotifs.framework */,
			);
			name = Frameworks;
			sourceTree = "<group>";
		};
/* End PBXGroup section */

/* Begin PBXNativeTarget section */
		AE2EF7EE1E2FD27E007CCB34 /* pushmynotifs */ = {
			isa = PBXNativeTarget;
			buildConfigurationList = AE2EF8011E2FD27E007CCB34 /* Build configuration list for PBXNativeTarget "pushmynotifs" */;
			buildPhases = (
				4FB497BAC8FA3E48408967A2 /* [CP] Check Pods Manifest.lock */,
				AE2EF7EB1E2FD27E007CCB34 /* Sources */,
				AE2EF7EC1E2FD27E007CCB34 /* Frameworks */,
				AE2EF7ED1E2FD27E007CCB34 /* Resources */,
				8841F4661A35D111B4B6E131 /* [CP] Embed Pods Frameworks */,
				9BE3451EB384B8CE19C53F7C /* [CP] Copy Pods Resources */,
			);
			buildRules = (
			);
			dependencies = (
			);
			name = pushmynotifs;
			productName = pushmynotifs;
			productReference = AE2EF7EF1E2FD27E007CCB34 /* pushmynotifs.app */;
			productType = "com.apple.product-type.application";
		};
/* End PBXNativeTarget section */

/* Begin PBXProject section */
		AE2EF7E71E2FD27E007CCB34 /* Project object */ = {
			isa = PBXProject;
			attributes = {
				LastSwiftUpdateCheck = 0820;
				LastUpgradeCheck = 0820;
				ORGANIZATIONNAME = "Jacob Landman";
				TargetAttributes = {
					AE2EF7EE1E2FD27E007CCB34 = {
						CreatedOnToolsVersion = 8.2.1;
						DevelopmentTeam = E294R2UKFW;
						ProvisioningStyle = Automatic;
						SystemCapabilities = {
							com.apple.Push = {
								enabled = 1;
							};
						};
					};
				};
			};
			buildConfigurationList = AE2EF7EA1E2FD27E007CCB34 /* Build configuration list for PBXProject "pushmynotifs" */;
			compatibilityVersion = "Xcode 3.2";
			developmentRegion = English;
			hasScannedForEncodings = 0;
			knownRegions = (
				en,
				Base,
			);
			mainGroup = AE2EF7E61E2FD27E007CCB34;
			productRefGroup = AE2EF7F01E2FD27E007CCB34 /* Products */;
			projectDirPath = "";
			projectRoot = "";
			targets = (
				AE2EF7EE1E2FD27E007CCB34 /* pushmynotifs */,
			);
		};
/* End PBXProject section */

/* Begin PBXResourcesBuildPhase section */
		AE2EF7ED1E2FD27E007CCB34 /* Resources */ = {
			isa = PBXResourcesBuildPhase;
			buildActionMask = 2147483647;
			files = (
				AE2EF7FD1E2FD27E007CCB34 /* LaunchScreen.storyboard in Resources */,
				AE2EF8051E2FD2AE007CCB34 /* GoogleService-Info.plist in Resources */,
				AE2EF7FA1E2FD27E007CCB34 /* Assets.xcassets in Resources */,
				AE2EF7F81E2FD27E007CCB34 /* Main.storyboard in Resources */,
			);
			runOnlyForDeploymentPostprocessing = 0;
		};
/* End PBXResourcesBuildPhase section */

/* Begin PBXShellScriptBuildPhase section */
		4FB497BAC8FA3E48408967A2 /* [CP] Check Pods Manifest.lock */ = {
			isa = PBXShellScriptBuildPhase;
			buildActionMask = 2147483647;
			files = (
			);
			inputPaths = (
			);
			name = "[CP] Check Pods Manifest.lock";
			outputPaths = (
			);
			runOnlyForDeploymentPostprocessing = 0;
			shellPath = /bin/sh;
			shellScript = "diff \"${PODS_ROOT}/../Podfile.lock\" \"${PODS_ROOT}/Manifest.lock\" > /dev/null\nif [ $? != 0 ] ; then\n    # print error to STDERR\n    echo \"error: The sandbox is not in sync with the Podfile.lock. Run 'pod install' or update your CocoaPods installation.\" >&2\n    exit 1\nfi\n";
			showEnvVarsInLog = 0;
		};
		8841F4661A35D111B4B6E131 /* [CP] Embed Pods Frameworks */ = {
			isa = PBXShellScriptBuildPhase;
			buildActionMask = 2147483647;
			files = (
			);
			inputPaths = (
			);
			name = "[CP] Embed Pods Frameworks";
			outputPaths = (
			);
			runOnlyForDeploymentPostprocessing = 0;
			shellPath = /bin/sh;
			shellScript = "\"${SRCROOT}/Pods/Target Support Files/Pods-pushmynotifs/Pods-pushmynotifs-frameworks.sh\"\n";
			showEnvVarsInLog = 0;
		};
		9BE3451EB384B8CE19C53F7C /* [CP] Copy Pods Resources */ = {
			isa = PBXShellScriptBuildPhase;
			buildActionMask = 2147483647;
			files = (
			);
			inputPaths = (
			);
			name = "[CP] Copy Pods Resources";
			outputPaths = (
			);
			runOnlyForDeploymentPostprocessing = 0;
			shellPath = /bin/sh;
			shellScript = "\"${SRCROOT}/Pods/Target Support Files/Pods-pushmynotifs/Pods-pushmynotifs-resources.sh\"\n";
			showEnvVarsInLog = 0;
		};
/* End PBXShellScriptBuildPhase section */

/* Begin PBXSourcesBuildPhase section */
		AE2EF7EB1E2FD27E007CCB34 /* Sources */ = {
			isa = PBXSourcesBuildPhase;
			buildActionMask = 2147483647;
			files = (
				AE2EF7F51E2FD27E007CCB34 /* ViewController.swift in Sources */,
				AE2EF7F31E2FD27E007CCB34 /* AppDelegate.swift in Sources */,
			);
			runOnlyForDeploymentPostprocessing = 0;
		};
/* End PBXSourcesBuildPhase section */

/* Begin PBXVariantGroup section */
		AE2EF7F61E2FD27E007CCB34 /* Main.storyboard */ = {
			isa = PBXVariantGroup;
			children = (
				AE2EF7F71E2FD27E007CCB34 /* Base */,
			);
			name = Main.storyboard;
			sourceTree = "<group>";
		};
		AE2EF7FB1E2FD27E007CCB34 /* LaunchScreen.storyboard */ = {
			isa = PBXVariantGroup;
			children = (
				AE2EF7FC1E2FD27E007CCB34 /* Base */,
			);
			name = LaunchScreen.storyboard;
			sourceTree = "<group>";
		};
/* End PBXVariantGroup section */

/* Begin XCBuildConfiguration section */
		AE2EF7FF1E2FD27E007CCB34 /* Debug */ = {
			isa = XCBuildConfiguration;
			buildSettings = {
				ALWAYS_SEARCH_USER_PATHS = NO;
				CLANG_ANALYZER_NONNULL = YES;
				CLANG_CXX_LANGUAGE_STANDARD = "gnu++0x";
				CLANG_CXX_LIBRARY = "libc++";
				CLANG_ENABLE_MODULES = YES;
				CLANG_ENABLE_OBJC_ARC = YES;
				CLANG_WARN_BOOL_CONVERSION = YES;
				CLANG_WARN_CONSTANT_CONVERSION = YES;
				CLANG_WARN_DIRECT_OBJC_ISA_USAGE = YES_ERROR;
				CLANG_WARN_DOCUMENTATION_COMMENTS = YES;
				CLANG_WARN_EMPTY_BODY = YES;
				CLANG_WARN_ENUM_CONVERSION = YES;
				CLANG_WARN_INFINITE_RECURSION = YES;
				CLANG_WARN_INT_CONVERSION = YES;
				CLANG_WARN_OBJC_ROOT_CLASS = YES_ERROR;
				CLANG_WARN_SUSPICIOUS_MOVE = YES;
				CLANG_WARN_UNREACHABLE_CODE = YES;
				CLANG_WARN__DUPLICATE_METHOD_MATCH = YES;
				"CODE_SIGN_IDENTITY[sdk=iphoneos*]" = "iPhone Developer";
				COPY_PHASE_STRIP = NO;
				DEBUG_INFORMATION_FORMAT = dwarf;
				ENABLE_STRICT_OBJC_MSGSEND = YES;
				ENABLE_TESTABILITY = YES;
				GCC_C_LANGUAGE_STANDARD = gnu99;
				GCC_DYNAMIC_NO_PIC = NO;
				GCC_NO_COMMON_BLOCKS = YES;
				GCC_OPTIMIZATION_LEVEL = 0;
				GCC_PREPROCESSOR_DEFINITIONS = (
					"DEBUG=1",
					"$(inherited)",
				);
				GCC_WARN_64_TO_32_BIT_CONVERSION = YES;
				GCC_WARN_ABOUT_RETURN_TYPE = YES_ERROR;
				GCC_WARN_UNDECLARED_SELECTOR = YES;
				GCC_WARN_UNINITIALIZED_AUTOS = YES_AGGRESSIVE;
				GCC_WARN_UNUSED_FUNCTION = YES;
				GCC_WARN_UNUSED_VARIABLE = YES;
				IPHONEOS_DEPLOYMENT_TARGET = 10.2;
				MTL_ENABLE_DEBUG_INFO = YES;
				ONLY_ACTIVE_ARCH = YES;
				SDKROOT = iphoneos;
				SWIFT_ACTIVE_COMPILATION_CONDITIONS = DEBUG;
				SWIFT_OPTIMIZATION_LEVEL = "-Onone";
				TARGETED_DEVICE_FAMILY = "1,2";
			};
			name = Debug;
		};
		AE2EF8001E2FD27E007CCB34 /* Release */ = {
			isa = XCBuildConfiguration;
			buildSettings = {
				ALWAYS_SEARCH_USER_PATHS = NO;
				CLANG_ANALYZER_NONNULL = YES;
				CLANG_CXX_LANGUAGE_STANDARD = "gnu++0x";
				CLANG_CXX_LIBRARY = "libc++";
				CLANG_ENABLE_MODULES = YES;
				CLANG_ENABLE_OBJC_ARC = YES;
				CLANG_WARN_BOOL_CONVERSION = YES;
				CLANG_WARN_CONSTANT_CONVERSION = YES;
				CLANG_WARN_DIRECT_OBJC_ISA_USAGE = YES_ERROR;
				CLANG_WARN_DOCUMENTATION_COMMENTS = YES;
				CLANG_WARN_EMPTY_BODY = YES;
				CLANG_WARN_ENUM_CONVERSION = YES;
				CLANG_WARN_INFINITE_RECURSION = YES;
				CLANG_WARN_INT_CONVERSION = YES;
				CLANG_WARN_OBJC_ROOT_CLASS = YES_ERROR;
				CLANG_WARN_SUSPICIOUS_MOVE = YES;
				CLANG_WARN_UNREACHABLE_CODE = YES;
				CLANG_WARN__DUPLICATE_METHOD_MATCH = YES;
				"CODE_SIGN_IDENTITY[sdk=iphoneos*]" = "iPhone Developer";
				COPY_PHASE_STRIP = NO;
				DEBUG_INFORMATION_FORMAT = "dwarf-with-dsym";
				ENABLE_NS_ASSERTIONS = NO;
				ENABLE_STRICT_OBJC_MSGSEND = YES;
				GCC_C_LANGUAGE_STANDARD = gnu99;
				GCC_NO_COMMON_BLOCKS = YES;
				GCC_WARN_64_TO_32_BIT_CONVERSION = YES;
				GCC_WARN_ABOUT_RETURN_TYPE = YES_ERROR;
				GCC_WARN_UNDECLARED_SELECTOR = YES;
				GCC_WARN_UNINITIALIZED_AUTOS = YES_AGGRESSIVE;
				GCC_WARN_UNUSED_FUNCTION = YES;
				GCC_WARN_UNUSED_VARIABLE = YES;
				IPHONEOS_DEPLOYMENT_TARGET = 10.2;
				MTL_ENABLE_DEBUG_INFO = NO;
				SDKROOT = iphoneos;
				SWIFT_OPTIMIZATION_LEVEL = "-Owholemodule";
				TARGETED_DEVICE_FAMILY = "1,2";
				VALIDATE_PRODUCT = YES;
			};
			name = Release;
		};
		AE2EF8021E2FD27E007CCB34 /* Debug */ = {
			isa = XCBuildConfiguration;
			baseConfigurationReference = FAB79007B6FF25D30BF97240 /* Pods-pushmynotifs.debug.xcconfig */;
			buildSettings = {
				ASSETCATALOG_COMPILER_APPICON_NAME = AppIcon;
				CODE_SIGN_ENTITLEMENTS = pushmynotifs/pushmynotifs.entitlements;
				DEVELOPMENT_TEAM = E294R2UKFW;
				INFOPLIST_FILE = pushmynotifs/Info.plist;
				LD_RUNPATH_SEARCH_PATHS = "$(inherited) @executable_path/Frameworks";
				PRODUCT_BUNDLE_IDENTIFIER = com.SSB.pushmynotifs;
				PRODUCT_NAME = "$(TARGET_NAME)";
				SWIFT_VERSION = 3.0;
			};
			name = Debug;
		};
		AE2EF8031E2FD27E007CCB34 /* Release */ = {
			isa = XCBuildConfiguration;
			baseConfigurationReference = 3C47D5799780056FDC629405 /* Pods-pushmynotifs.release.xcconfig */;
			buildSettings = {
				ASSETCATALOG_COMPILER_APPICON_NAME = AppIcon;
				CODE_SIGN_ENTITLEMENTS = pushmynotifs/pushmynotifs.entitlements;
				DEVELOPMENT_TEAM = E294R2UKFW;
				INFOPLIST_FILE = pushmynotifs/Info.plist;
				LD_RUNPATH_SEARCH_PATHS = "$(inherited) @executable_path/Frameworks";
				PRODUCT_BUNDLE_IDENTIFIER = com.SSB.pushmynotifs;
				PRODUCT_NAME = "$(TARGET_NAME)";
				SWIFT_VERSION = 3.0;
			};
			name = Release;
		};
/* End XCBuildConfiguration section */

/* Begin XCConfigurationList section */
		AE2EF7EA1E2FD27E007CCB34 /* Build configuration list for PBXProject "pushmynotifs" */ = {
			isa = XCConfigurationList;
			buildConfigurations = (
				AE2EF7FF1E2FD27E007CCB34 /* Debug */,
				AE2EF8001E2FD27E007CCB34 /* Release */,
			);
			defaultConfigurationIsVisible = 0;
			defaultConfigurationName = Release;
		};
		AE2EF8011E2FD27E007CCB34 /* Build configuration list for PBXNativeTarget "pushmynotifs" */ = {
			isa = XCConfigurationList;
			buildConfigurations = (
				AE2EF8021E2FD27E007CCB34 /* Debug */,
				AE2EF8031E2FD27E007CCB34 /* Release */,
			);
			defaultConfigurationIsVisible = 0;
			defaultConfigurationName = Release;
		};
/* End XCConfigurationList section */
	};
	rootObject = AE2EF7E71E2FD27E007CCB34 /* Project object */;
}
